// !$*UTF8*$!
{
	archiveVersion = 1;
	classes = {
	};
	objectVersion = 56;
	objects = {

/* Begin PBXBuildFile section */
		4D331FF6A61C1D5A3679A247 /* Pods_ZZin.framework in Frameworks */ = {isa = PBXBuildFile; fileRef = 9C9894CB416485BD8DEDED7F /* Pods_ZZin.framework */; };
		7B1103D62AE0E868001BBEB2 /* MatchingPlaceView.swift in Sources */ = {isa = PBXBuildFile; fileRef = 7B1103D52AE0E868001BBEB2 /* MatchingPlaceView.swift */; };
		7B1103E52AE13F7A001BBEB2 /* MatchingPlacePhotoCell.swift in Sources */ = {isa = PBXBuildFile; fileRef = 7B1103E42AE13F7A001BBEB2 /* MatchingPlacePhotoCell.swift */; };
		7B3313EC2AEFC40F00BC0F11 /* MatchingLocationPickerVC.swift in Sources */ = {isa = PBXBuildFile; fileRef = 7B3313EB2AEFC40F00BC0F11 /* MatchingLocationPickerVC.swift */; };
		7B3313EE2AF1081900BC0F11 /* wrapBackground.jpeg in Resources */ = {isa = PBXBuildFile; fileRef = 7B3313ED2AF1081900BC0F11 /* wrapBackground.jpeg */; };
		7B3313F02AF11FD900BC0F11 /* MatchingKeywordView.swift in Sources */ = {isa = PBXBuildFile; fileRef = 7B3313EF2AF11FD900BC0F11 /* MatchingKeywordView.swift */; };
		7B47A54E2AE8A34600A44C2C /* MatchingLocationPickerView.swift in Sources */ = {isa = PBXBuildFile; fileRef = 7B47A54D2AE8A34600A44C2C /* MatchingLocationPickerView.swift */; };
		7B47A5562AE91CF500A44C2C /* MatchingReviewTextCell.swift in Sources */ = {isa = PBXBuildFile; fileRef = 7B47A5552AE91CF500A44C2C /* MatchingReviewTextCell.swift */; };
		7B47A5582AE935CA00A44C2C /* CustomCellView.swift in Sources */ = {isa = PBXBuildFile; fileRef = 7B47A5572AE935CA00A44C2C /* CustomCellView.swift */; };
		7B47A55A2AE9FEB600A44C2C /* MatchingPlaceVC.swift in Sources */ = {isa = PBXBuildFile; fileRef = 7B47A5592AE9FEB600A44C2C /* MatchingPlaceVC.swift */; };
		7B47A55C2AE9FEE200A44C2C /* MatchingPlacePhotoCollectionViewCell.swift in Sources */ = {isa = PBXBuildFile; fileRef = 7B47A55B2AE9FEE200A44C2C /* MatchingPlacePhotoCollectionViewCell.swift */; };
		7B47A55E2AE9FF0F00A44C2C /* MatchingThumbnailCell.swift in Sources */ = {isa = PBXBuildFile; fileRef = 7B47A55D2AE9FF0F00A44C2C /* MatchingThumbnailCell.swift */; };
		7B4B6A252ADCD94D0075BB34 /* MatchingView.swift in Sources */ = {isa = PBXBuildFile; fileRef = 7B4B6A242ADCD94D0075BB34 /* MatchingView.swift */; };
		7B5A24AF2AE7B5C800CD9227 /* MatchingKeywordCell.swift in Sources */ = {isa = PBXBuildFile; fileRef = 7B5A24AE2AE7B5C800CD9227 /* MatchingKeywordCell.swift */; };
		7B61D3902ADF733000A226EB /* MatchingResultCell.swift in Sources */ = {isa = PBXBuildFile; fileRef = 7B61D38F2ADF733000A226EB /* MatchingResultCell.swift */; };
		7B61D39B2ADFCD8000A226EB /* MatchingResultCollectionView.swift in Sources */ = {isa = PBXBuildFile; fileRef = 7B61D39A2ADFCD8000A226EB /* MatchingResultCollectionView.swift */; };
		7B9498B42AF28C5500261858 /* textMessage.png in Resources */ = {isa = PBXBuildFile; fileRef = 7B9498B22AF28C5500261858 /* textMessage.png */; };
		7B9498B52AF28C5500261858 /* photoMessage.png in Resources */ = {isa = PBXBuildFile; fileRef = 7B9498B32AF28C5500261858 /* photoMessage.png */; };
		7BFC61B92AE160A500F46544 /* MatchingPlaceInfoCell.swift in Sources */ = {isa = PBXBuildFile; fileRef = 7BFC61B82AE160A500F46544 /* MatchingPlaceInfoCell.swift */; };
		7BFC61BB2AE180DB00F46544 /* MatchingPlaceReviewCell.swift in Sources */ = {isa = PBXBuildFile; fileRef = 7BFC61BA2AE180DB00F46544 /* MatchingPlaceReviewCell.swift */; };
		7BFC61BF2AE1987C00F46544 /* MatchingKeywordVC.swift in Sources */ = {isa = PBXBuildFile; fileRef = 7BFC61BD2AE1987C00F46544 /* MatchingKeywordVC.swift */; };
		7BFC61C22AE1C8BC00F46544 /* MatchingPlaceReviewDetailView.swift in Sources */ = {isa = PBXBuildFile; fileRef = 7BFC61C12AE1C8BC00F46544 /* MatchingPlaceReviewDetailView.swift */; };
		7BFC61C42AE1C90100F46544 /* MatchingPlaceReviewDetailVC.swift in Sources */ = {isa = PBXBuildFile; fileRef = 7BFC61C32AE1C90100F46544 /* MatchingPlaceReviewDetailVC.swift */; };
		7BFC61C92AE244AB00F46544 /* MatchingPlacePhotoView.swift in Sources */ = {isa = PBXBuildFile; fileRef = 7BFC61C82AE244AB00F46544 /* MatchingPlacePhotoView.swift */; };
		7BFC61CB2AE2822E00F46544 /* KeywordData.swift in Sources */ = {isa = PBXBuildFile; fileRef = 7BFC61CA2AE2822E00F46544 /* KeywordData.swift */; };
		7BFC61D32AE2898100F46544 /* MatchingReviewPhotoCell.swift in Sources */ = {isa = PBXBuildFile; fileRef = 7BFC61D22AE2898100F46544 /* MatchingReviewPhotoCell.swift */; };
		BD0368BD2B05D10700EF2C25 /* ReviewTableview.swift in Sources */ = {isa = PBXBuildFile; fileRef = BD0368BC2B05D10700EF2C25 /* ReviewTableview.swift */; };
		BD03FD782AF32805009259DD /* CustomButton.swift in Sources */ = {isa = PBXBuildFile; fileRef = BD03FD772AF32805009259DD /* CustomButton.swift */; };
		BD1018842ADD5E61003FAA97 /* CustomTextfieldView.swift in Sources */ = {isa = PBXBuildFile; fileRef = BD1018832ADD5E61003FAA97 /* CustomTextfieldView.swift */; };
		BD167B9E2AEB216500A46A52 /* PasswordSearchController.swift in Sources */ = {isa = PBXBuildFile; fileRef = BD167B9D2AEB216500A46A52 /* PasswordSearchController.swift */; };
		BD177F512AF453B900DF2FE7 /* LocalTableViewCell.swift in Sources */ = {isa = PBXBuildFile; fileRef = BD177F502AF453B900DF2FE7 /* LocalTableViewCell.swift */; };
		BD23AD6C2B04AC79004C85A6 /* ButtonCollectionViewCell.swift in Sources */ = {isa = PBXBuildFile; fileRef = BD23AD6B2B04AC79004C85A6 /* ButtonCollectionViewCell.swift */; };
		BD3698642AED858800E4125A /* ErrorHandling.swift in Sources */ = {isa = PBXBuildFile; fileRef = BD3698632AED858800E4125A /* ErrorHandling.swift */; };
		BD3A7C202B24E1B0005A7C38 /* SecretKey.plist in Resources */ = {isa = PBXBuildFile; fileRef = BD3A7C1F2B24E1B0005A7C38 /* SecretKey.plist */; };
		BD3CB51C2ADD337800A9F4A0 /* SnapKit in Frameworks */ = {isa = PBXBuildFile; productRef = BD3CB51B2ADD337800A9F4A0 /* SnapKit */; };
		BD3CB5272ADD33D800A9F4A0 /* FirebaseAppCheck in Frameworks */ = {isa = PBXBuildFile; productRef = BD3CB5262ADD33D800A9F4A0 /* FirebaseAppCheck */; };
		BD3CB52B2ADD33D800A9F4A0 /* FirebaseAuth in Frameworks */ = {isa = PBXBuildFile; productRef = BD3CB52A2ADD33D800A9F4A0 /* FirebaseAuth */; };
		BD3CB5372ADD33D800A9F4A0 /* FirebaseFirestore in Frameworks */ = {isa = PBXBuildFile; productRef = BD3CB5362ADD33D800A9F4A0 /* FirebaseFirestore */; };
		BD3CB53B2ADD33D800A9F4A0 /* FirebaseFirestoreSwift in Frameworks */ = {isa = PBXBuildFile; productRef = BD3CB53A2ADD33D800A9F4A0 /* FirebaseFirestoreSwift */; };
		BD3CB53D2ADD33D800A9F4A0 /* FirebaseFunctions in Frameworks */ = {isa = PBXBuildFile; productRef = BD3CB53C2ADD33D800A9F4A0 /* FirebaseFunctions */; };
		BD3CB5472ADD33D800A9F4A0 /* FirebaseMLModelDownloader in Frameworks */ = {isa = PBXBuildFile; productRef = BD3CB5462ADD33D800A9F4A0 /* FirebaseMLModelDownloader */; };
		BD3CB54B2ADD33D800A9F4A0 /* FirebasePerformance in Frameworks */ = {isa = PBXBuildFile; productRef = BD3CB54A2ADD33D800A9F4A0 /* FirebasePerformance */; };
		BD3CB54D2ADD33D800A9F4A0 /* FirebaseRemoteConfig in Frameworks */ = {isa = PBXBuildFile; productRef = BD3CB54C2ADD33D800A9F4A0 /* FirebaseRemoteConfig */; };
		BD3CB54F2ADD33D800A9F4A0 /* FirebaseRemoteConfigSwift in Frameworks */ = {isa = PBXBuildFile; productRef = BD3CB54E2ADD33D800A9F4A0 /* FirebaseRemoteConfigSwift */; };
		BD3CB5512ADD33D800A9F4A0 /* FirebaseStorage in Frameworks */ = {isa = PBXBuildFile; productRef = BD3CB5502ADD33D800A9F4A0 /* FirebaseStorage */; };
		BD3CB5562ADD342000A9F4A0 /* Then in Frameworks */ = {isa = PBXBuildFile; productRef = BD3CB5552ADD342000A9F4A0 /* Then */; };
		BD4B6AEE2AF8DBAC003B6585 /* LoginModel.swift in Sources */ = {isa = PBXBuildFile; fileRef = BD4B6AED2AF8DBAC003B6585 /* LoginModel.swift */; };
		BD62B0A92ADC1EB40096BD3F /* LoginVC.swift in Sources */ = {isa = PBXBuildFile; fileRef = BD62B0A82ADC1EB40096BD3F /* LoginVC.swift */; };
		BD66B4812B1371ED007E6FC9 /* SwiftSMTP in Frameworks */ = {isa = PBXBuildFile; productRef = BD66B4802B1371ED007E6FC9 /* SwiftSMTP */; };
		BD66B4832B13722D007E6FC9 /* SMTPManager.swift in Sources */ = {isa = PBXBuildFile; fileRef = BD66B4822B13722D007E6FC9 /* SMTPManager.swift */; };
		BD69C6832AE612170042F9AF /* FoodCardModel.swift in Sources */ = {isa = PBXBuildFile; fileRef = BD69C6812AE612170042F9AF /* FoodCardModel.swift */; };
		BD8D6B002ADEE7EE00F2A8D6 /* CardController.swift in Sources */ = {isa = PBXBuildFile; fileRef = BD8D6AFF2ADEE7EE00F2A8D6 /* CardController.swift */; };
		BD8D6B022ADEE7FC00F2A8D6 /* FoodCard.swift in Sources */ = {isa = PBXBuildFile; fileRef = BD8D6B012ADEE7FC00F2A8D6 /* FoodCard.swift */; };
		BD8D6B052ADEE82000F2A8D6 /* Shuffle in Frameworks */ = {isa = PBXBuildFile; productRef = BD8D6B042ADEE82000F2A8D6 /* Shuffle */; };
		BD8D6B072ADEE85F00F2A8D6 /* FoodCardOverlay.swift in Sources */ = {isa = PBXBuildFile; fileRef = BD8D6B062ADEE85F00F2A8D6 /* FoodCardOverlay.swift */; };
		BD8D6B0B2ADEEECA00F2A8D6 /* Extension.swift in Sources */ = {isa = PBXBuildFile; fileRef = BD8D6B0A2ADEEECA00F2A8D6 /* Extension.swift */; };
		BD8D6B0D2ADFB8AC00F2A8D6 /* FoodCardContentView.swift in Sources */ = {isa = PBXBuildFile; fileRef = BD8D6B0C2ADFB8AC00F2A8D6 /* FoodCardContentView.swift */; };
		BD8D6B0F2ADFC28D00F2A8D6 /* FoodCardFooterView.swift in Sources */ = {isa = PBXBuildFile; fileRef = BD8D6B0E2ADFC28D00F2A8D6 /* FoodCardFooterView.swift */; };
		BD953A632AE1FC1700E07C36 /* DetailRegistrationViewController.swift in Sources */ = {isa = PBXBuildFile; fileRef = BD953A622AE1FC1700E07C36 /* DetailRegistrationViewController.swift */; };
		BD953A672AE203EF00E07C36 /* DetailRegistrationCell.swift in Sources */ = {isa = PBXBuildFile; fileRef = BD953A662AE203EF00E07C36 /* DetailRegistrationCell.swift */; };
		BDA431502B0309A500817477 /* Lottie in Frameworks */ = {isa = PBXBuildFile; productRef = BDA4314F2B0309A500817477 /* Lottie */; };
		BDA431522B0313CD00817477 /* lottieTest.json in Resources */ = {isa = PBXBuildFile; fileRef = BDA431512B0313CD00817477 /* lottieTest.json */; };
		BDAADE362AFF5DDE00847F37 /* RegistrationView.swift in Sources */ = {isa = PBXBuildFile; fileRef = BDAADE352AFF5DDE00847F37 /* RegistrationView.swift */; };
		BDAADE382AFFBCA800847F37 /* LocationView.swift in Sources */ = {isa = PBXBuildFile; fileRef = BDAADE372AFFBCA800847F37 /* LocationView.swift */; };
		BDBA78A52AF789F800FA186C /* authManager.swift in Sources */ = {isa = PBXBuildFile; fileRef = BDBA78A42AF789F800FA186C /* authManager.swift */; };
		BDC112712AF4A067000E4F9F /* ReviewTableViewCell.swift in Sources */ = {isa = PBXBuildFile; fileRef = BDC112702AF4A067000E4F9F /* ReviewTableViewCell.swift */; };
		BDC112732AF4A739000E4F9F /* ButtonTableViewCell.swift in Sources */ = {isa = PBXBuildFile; fileRef = BDC112722AF4A739000E4F9F /* ButtonTableViewCell.swift */; };
		BDC112782AF532C4000E4F9F /* MainHeaderView.swift in Sources */ = {isa = PBXBuildFile; fileRef = BDC112772AF532C4000E4F9F /* MainHeaderView.swift */; };
		BDD353432AFE756400D2E0F6 /* LoginView.swift in Sources */ = {isa = PBXBuildFile; fileRef = BDD353422AFE756400D2E0F6 /* LoginView.swift */; };
		BDD983722AE0C24B008168D2 /* UserSearchController.swift in Sources */ = {isa = PBXBuildFile; fileRef = BDD983712AE0C24B008168D2 /* UserSearchController.swift */; };
		BDD983742AE0D28C008168D2 /* ModalViewController.swift in Sources */ = {isa = PBXBuildFile; fileRef = BDD983732AE0D28C008168D2 /* ModalViewController.swift */; };
		BDE037C32ADC2B47003374A8 /* RegistrationVC.swift in Sources */ = {isa = PBXBuildFile; fileRef = BDE037C22ADC2B47003374A8 /* RegistrationVC.swift */; };
		C0837F852B2316BB00A19F9C /* loadingLottie.json in Resources */ = {isa = PBXBuildFile; fileRef = C0837F842B2316BB00A19F9C /* loadingLottie.json */; };
		C0A634472AEF7C8100BF6B55 /* ProfileCell.swift in Sources */ = {isa = PBXBuildFile; fileRef = C0A634462AEF7C8100BF6B55 /* ProfileCell.swift */; };
		C0A634492AEF7CAB00BF6B55 /* CustomSegmentedControl.swift in Sources */ = {isa = PBXBuildFile; fileRef = C0A634482AEF7CAB00BF6B55 /* CustomSegmentedControl.swift */; };
		C0A6344B2AEF7CC500BF6B55 /* RecommendedPlaceCell.swift in Sources */ = {isa = PBXBuildFile; fileRef = C0A6344A2AEF7CC500BF6B55 /* RecommendedPlaceCell.swift */; };
		C0A6344D2AEF7CE300BF6B55 /* ReviewCell.swift in Sources */ = {isa = PBXBuildFile; fileRef = C0A6344C2AEF7CE300BF6B55 /* ReviewCell.swift */; };
		C0A634512AEF7D1700BF6B55 /* SegmentHeader.swift in Sources */ = {isa = PBXBuildFile; fileRef = C0A634502AEF7D1700BF6B55 /* SegmentHeader.swift */; };
		C0E198B22B04151600289391 /* SettingViewControllerCell.swift in Sources */ = {isa = PBXBuildFile; fileRef = C0E198B12B04151600289391 /* SettingViewControllerCell.swift */; };
		C0E198B42B04154300289391 /* AccountSettingViewControllerCell.swift in Sources */ = {isa = PBXBuildFile; fileRef = C0E198B32B04154300289391 /* AccountSettingViewControllerCell.swift */; };
		C0E198B62B04156C00289391 /* AccountSettingViewController.swift in Sources */ = {isa = PBXBuildFile; fileRef = C0E198B52B04156C00289391 /* AccountSettingViewController.swift */; };
		C0E9AF192AF69CD100CB7211 /* CustomViewForPostPage.swift in Sources */ = {isa = PBXBuildFile; fileRef = C0E9AF182AF69CD000CB7211 /* CustomViewForPostPage.swift */; };
		C0F7F2EF2AF7BEF9005C7F65 /* EditProfileViewController.swift in Sources */ = {isa = PBXBuildFile; fileRef = C0F7F2EE2AF7BEF9005C7F65 /* EditProfileViewController.swift */; };
		DC095D142AD942610082B633 /* Model.swift in Sources */ = {isa = PBXBuildFile; fileRef = DC095D132AD942610082B633 /* Model.swift */; };
		DC0D18142AD794B400E188A1 /* GoogleService-Info.plist in Resources */ = {isa = PBXBuildFile; fileRef = DC0D18132AD794B400E188A1 /* GoogleService-Info.plist */; };
		DF1599AD2AD6C6E200AE129B /* AppDelegate.swift in Sources */ = {isa = PBXBuildFile; fileRef = DF1599AC2AD6C6E200AE129B /* AppDelegate.swift */; };
		DF1599AF2AD6C6E200AE129B /* SceneDelegate.swift in Sources */ = {isa = PBXBuildFile; fileRef = DF1599AE2AD6C6E200AE129B /* SceneDelegate.swift */; };
		DF1599B12AD6C6E200AE129B /* ViewController.swift in Sources */ = {isa = PBXBuildFile; fileRef = DF1599B02AD6C6E200AE129B /* ViewController.swift */; };
		DF1599B62AD6C6E300AE129B /* Assets.xcassets in Resources */ = {isa = PBXBuildFile; fileRef = DF1599B52AD6C6E300AE129B /* Assets.xcassets */; };
		DF1599B92AD6C6E300AE129B /* LaunchScreen.storyboard in Resources */ = {isa = PBXBuildFile; fileRef = DF1599B72AD6C6E300AE129B /* LaunchScreen.storyboard */; };
		DF1599C12AD6C7A300AE129B /* TabBarController.swift in Sources */ = {isa = PBXBuildFile; fileRef = DF1599C02AD6C7A300AE129B /* TabBarController.swift */; };
		DF1599C32AD6C86D00AE129B /* MainViewController.swift in Sources */ = {isa = PBXBuildFile; fileRef = DF1599C22AD6C86D00AE129B /* MainViewController.swift */; };
		DF1599C52AD6C89300AE129B /* MatchingVC.swift in Sources */ = {isa = PBXBuildFile; fileRef = DF1599C42AD6C89300AE129B /* MatchingVC.swift */; };
		DF1599C92AD6C8E400AE129B /* InfoViewController.swift in Sources */ = {isa = PBXBuildFile; fileRef = DF1599C82AD6C8E400AE129B /* InfoViewController.swift */; };
		DF1599CB2AD6CC3C00AE129B /* PostViewController.swift in Sources */ = {isa = PBXBuildFile; fileRef = DF1599CA2AD6CC3C00AE129B /* PostViewController.swift */; };
		DF2AEE7F2AE50AAE00834EF4 /* SearcMapUIView.swift in Sources */ = {isa = PBXBuildFile; fileRef = DF2AEE7E2AE50AAE00834EF4 /* SearcMapUIView.swift */; };
		DF3FB13C2ADD1D230002802A /* SearchMapViewController.swift in Sources */ = {isa = PBXBuildFile; fileRef = DF3FB13B2ADD1D230002802A /* SearchMapViewController.swift */; };
		DF7E12AE2ADE50F600D94AE8 /* SearchMapView.swift in Sources */ = {isa = PBXBuildFile; fileRef = DF7E12AD2ADE50F600D94AE8 /* SearchMapView.swift */; };
		DF93D3872B0490CA00A4242E /* SeoulDistrictOfficeCoordinates.swift in Sources */ = {isa = PBXBuildFile; fileRef = DF93D3862B0490CA00A4242E /* SeoulDistrictOfficeCoordinates.swift */; };
		DFCA68F22AF8E8E100DDB225 /* Geocoding.swift in Sources */ = {isa = PBXBuildFile; fileRef = DFCA68F12AF8E8E100DDB225 /* Geocoding.swift */; };
		DFCD0A8D2AEA588F0089FD49 /* InfoMarkerView.swift in Sources */ = {isa = PBXBuildFile; fileRef = DFCD0A8C2AEA588F0089FD49 /* InfoMarkerView.swift */; };
		DFE81E172AE789DA00626E3B /* CustomInfoWindowView.swift in Sources */ = {isa = PBXBuildFile; fileRef = DFE81E162AE789DA00626E3B /* CustomInfoWindowView.swift */; };
		DFEDDA462AF4E7C0003FA958 /* NaverAPIKey.swift in Sources */ = {isa = PBXBuildFile; fileRef = DFEDDA452AF4E7C0003FA958 /* NaverAPIKey.swift */; };
		DFFE276D2ADFBA5200F5970F /* StoreCardView.swift in Sources */ = {isa = PBXBuildFile; fileRef = DFFE276C2ADFBA5200F5970F /* StoreCardView.swift */; };
		DFFE276F2AE0A98F00F5970F /* LocationService.swift in Sources */ = {isa = PBXBuildFile; fileRef = DFFE276E2AE0A98F00F5970F /* LocationService.swift */; };
		FB3650502AE626B300EAEAB7 /* FireStoreManager.swift in Sources */ = {isa = PBXBuildFile; fileRef = FB36504F2AE626B300EAEAB7 /* FireStoreManager.swift */; };
		FB3650892AE8AD7600EAEAB7 /* Alamofire in Frameworks */ = {isa = PBXBuildFile; productRef = FB3650882AE8AD7600EAEAB7 /* Alamofire */; };
		FB36508C2AE8AE9500EAEAB7 /* RegionSearchResultTableViewCell.swift in Sources */ = {isa = PBXBuildFile; fileRef = FB36508B2AE8AE9500EAEAB7 /* RegionSearchResultTableViewCell.swift */; };
		FB36508E2AE8AEFF00EAEAB7 /* RegionSearchResultController.swift in Sources */ = {isa = PBXBuildFile; fileRef = FB36508D2AE8AEFF00EAEAB7 /* RegionSearchResultController.swift */; };
		FBA7B0AF2ADD742600F79031 /* CustomView.swift in Sources */ = {isa = PBXBuildFile; fileRef = FBA7B0AE2ADD742600F79031 /* CustomView.swift */; };
		FBB06AE82AE9EE3B0091D65A /* CellsForPostVC.swift in Sources */ = {isa = PBXBuildFile; fileRef = FBB06AE72AE9EE3B0091D65A /* CellsForPostVC.swift */; };
		FBB06AF02AEBAA270091D65A /* SDWebImage in Frameworks */ = {isa = PBXBuildFile; productRef = FBB06AEF2AEBAA270091D65A /* SDWebImage */; };
		FBB06AF22AEBAB990091D65A /* FireStorageManager.swift in Sources */ = {isa = PBXBuildFile; fileRef = FBB06AF12AEBAB990091D65A /* FireStorageManager.swift */; };
		FF031D602ADBBA5900206056 /* MainView.swift in Sources */ = {isa = PBXBuildFile; fileRef = FF031D5F2ADBBA5900206056 /* MainView.swift */; };
		FF031D622ADBBDC100206056 /* FontGuide.swift in Sources */ = {isa = PBXBuildFile; fileRef = FF031D612ADBBDC100206056 /* FontGuide.swift */; };
		FF031D682ADBEB1B00206056 /* LocalCollectionViewCell.swift in Sources */ = {isa = PBXBuildFile; fileRef = FF031D672ADBEB1B00206056 /* LocalCollectionViewCell.swift */; };
		FF031D6A2ADBEB5100206056 /* ReviewCollectionViewCell.swift in Sources */ = {isa = PBXBuildFile; fileRef = FF031D692ADBEB5100206056 /* ReviewCollectionViewCell.swift */; };
		FF031D6C2ADFA25000206056 /* ColorGuide.swift in Sources */ = {isa = PBXBuildFile; fileRef = FF031D6B2ADFA25000206056 /* ColorGuide.swift */; };
		FF1D8E1F2AE14567002B685B /* SearchRegionViewController.swift in Sources */ = {isa = PBXBuildFile; fileRef = FF1D8E1E2AE14567002B685B /* SearchRegionViewController.swift */; };
		FFEE93752AF3A2FF00A58010 /* SettingViewController.swift in Sources */ = {isa = PBXBuildFile; fileRef = FFEE93742AF3A2FF00A58010 /* SettingViewController.swift */; };
		FFFDEE7D2B04CD6E00B49724 /* LogoutViewController.swift in Sources */ = {isa = PBXBuildFile; fileRef = FFFDEE7C2B04CD6E00B49724 /* LogoutViewController.swift */; };
		FFFDEE7F2B04CD7900B49724 /* WithdrawalViewController.swift in Sources */ = {isa = PBXBuildFile; fileRef = FFFDEE7E2B04CD7900B49724 /* WithdrawalViewController.swift */; };
/* End PBXBuildFile section */

/* Begin PBXFileReference section */
		7AAC40E023A86C944BAF3917 /* Pods-ZZin.release.xcconfig */ = {isa = PBXFileReference; includeInIndex = 1; lastKnownFileType = text.xcconfig; name = "Pods-ZZin.release.xcconfig"; path = "Target Support Files/Pods-ZZin/Pods-ZZin.release.xcconfig"; sourceTree = "<group>"; };
		7B1103D52AE0E868001BBEB2 /* MatchingPlaceView.swift */ = {isa = PBXFileReference; lastKnownFileType = sourcecode.swift; path = MatchingPlaceView.swift; sourceTree = "<group>"; };
		7B1103E42AE13F7A001BBEB2 /* MatchingPlacePhotoCell.swift */ = {isa = PBXFileReference; lastKnownFileType = sourcecode.swift; path = MatchingPlacePhotoCell.swift; sourceTree = "<group>"; };
		7B3313EB2AEFC40F00BC0F11 /* MatchingLocationPickerVC.swift */ = {isa = PBXFileReference; lastKnownFileType = sourcecode.swift; path = MatchingLocationPickerVC.swift; sourceTree = "<group>"; };
		7B3313ED2AF1081900BC0F11 /* wrapBackground.jpeg */ = {isa = PBXFileReference; lastKnownFileType = image.jpeg; path = wrapBackground.jpeg; sourceTree = "<group>"; };
		7B3313EF2AF11FD900BC0F11 /* MatchingKeywordView.swift */ = {isa = PBXFileReference; lastKnownFileType = sourcecode.swift; path = MatchingKeywordView.swift; sourceTree = "<group>"; };
		7B47A54D2AE8A34600A44C2C /* MatchingLocationPickerView.swift */ = {isa = PBXFileReference; lastKnownFileType = sourcecode.swift; path = MatchingLocationPickerView.swift; sourceTree = "<group>"; };
		7B47A5552AE91CF500A44C2C /* MatchingReviewTextCell.swift */ = {isa = PBXFileReference; lastKnownFileType = sourcecode.swift; path = MatchingReviewTextCell.swift; sourceTree = "<group>"; };
		7B47A5572AE935CA00A44C2C /* CustomCellView.swift */ = {isa = PBXFileReference; lastKnownFileType = sourcecode.swift; path = CustomCellView.swift; sourceTree = "<group>"; };
		7B47A5592AE9FEB600A44C2C /* MatchingPlaceVC.swift */ = {isa = PBXFileReference; fileEncoding = 4; lastKnownFileType = sourcecode.swift; path = MatchingPlaceVC.swift; sourceTree = "<group>"; };
		7B47A55B2AE9FEE200A44C2C /* MatchingPlacePhotoCollectionViewCell.swift */ = {isa = PBXFileReference; fileEncoding = 4; lastKnownFileType = sourcecode.swift; path = MatchingPlacePhotoCollectionViewCell.swift; sourceTree = "<group>"; };
		7B47A55D2AE9FF0F00A44C2C /* MatchingThumbnailCell.swift */ = {isa = PBXFileReference; fileEncoding = 4; lastKnownFileType = sourcecode.swift; path = MatchingThumbnailCell.swift; sourceTree = "<group>"; };
		7B4B6A242ADCD94D0075BB34 /* MatchingView.swift */ = {isa = PBXFileReference; lastKnownFileType = sourcecode.swift; path = MatchingView.swift; sourceTree = "<group>"; };
		7B5A24AE2AE7B5C800CD9227 /* MatchingKeywordCell.swift */ = {isa = PBXFileReference; lastKnownFileType = sourcecode.swift; path = MatchingKeywordCell.swift; sourceTree = "<group>"; };
		7B61D38F2ADF733000A226EB /* MatchingResultCell.swift */ = {isa = PBXFileReference; fileEncoding = 4; lastKnownFileType = sourcecode.swift; path = MatchingResultCell.swift; sourceTree = "<group>"; };
		7B61D39A2ADFCD8000A226EB /* MatchingResultCollectionView.swift */ = {isa = PBXFileReference; lastKnownFileType = sourcecode.swift; path = MatchingResultCollectionView.swift; sourceTree = "<group>"; };
		7B9498B22AF28C5500261858 /* textMessage.png */ = {isa = PBXFileReference; lastKnownFileType = image.png; path = textMessage.png; sourceTree = "<group>"; };
		7B9498B32AF28C5500261858 /* photoMessage.png */ = {isa = PBXFileReference; lastKnownFileType = image.png; path = photoMessage.png; sourceTree = "<group>"; };
		7BFC61B82AE160A500F46544 /* MatchingPlaceInfoCell.swift */ = {isa = PBXFileReference; lastKnownFileType = sourcecode.swift; path = MatchingPlaceInfoCell.swift; sourceTree = "<group>"; };
		7BFC61BA2AE180DB00F46544 /* MatchingPlaceReviewCell.swift */ = {isa = PBXFileReference; lastKnownFileType = sourcecode.swift; path = MatchingPlaceReviewCell.swift; sourceTree = "<group>"; };
		7BFC61BD2AE1987C00F46544 /* MatchingKeywordVC.swift */ = {isa = PBXFileReference; fileEncoding = 4; lastKnownFileType = sourcecode.swift; path = MatchingKeywordVC.swift; sourceTree = "<group>"; };
		7BFC61C12AE1C8BC00F46544 /* MatchingPlaceReviewDetailView.swift */ = {isa = PBXFileReference; lastKnownFileType = sourcecode.swift; path = MatchingPlaceReviewDetailView.swift; sourceTree = "<group>"; };
		7BFC61C32AE1C90100F46544 /* MatchingPlaceReviewDetailVC.swift */ = {isa = PBXFileReference; lastKnownFileType = sourcecode.swift; path = MatchingPlaceReviewDetailVC.swift; sourceTree = "<group>"; };
		7BFC61C82AE244AB00F46544 /* MatchingPlacePhotoView.swift */ = {isa = PBXFileReference; lastKnownFileType = sourcecode.swift; path = MatchingPlacePhotoView.swift; sourceTree = "<group>"; };
		7BFC61CA2AE2822E00F46544 /* KeywordData.swift */ = {isa = PBXFileReference; lastKnownFileType = sourcecode.swift; path = KeywordData.swift; sourceTree = "<group>"; };
		7BFC61D22AE2898100F46544 /* MatchingReviewPhotoCell.swift */ = {isa = PBXFileReference; lastKnownFileType = sourcecode.swift; path = MatchingReviewPhotoCell.swift; sourceTree = "<group>"; };
		9C9894CB416485BD8DEDED7F /* Pods_ZZin.framework */ = {isa = PBXFileReference; explicitFileType = wrapper.framework; includeInIndex = 0; path = Pods_ZZin.framework; sourceTree = BUILT_PRODUCTS_DIR; };
		B6C3EDE94E208CC05D28A1EE /* Pods-ZZin.debug.xcconfig */ = {isa = PBXFileReference; includeInIndex = 1; lastKnownFileType = text.xcconfig; name = "Pods-ZZin.debug.xcconfig"; path = "Target Support Files/Pods-ZZin/Pods-ZZin.debug.xcconfig"; sourceTree = "<group>"; };
		BD0368BC2B05D10700EF2C25 /* ReviewTableview.swift */ = {isa = PBXFileReference; lastKnownFileType = sourcecode.swift; path = ReviewTableview.swift; sourceTree = "<group>"; };
		BD03FD772AF32805009259DD /* CustomButton.swift */ = {isa = PBXFileReference; lastKnownFileType = sourcecode.swift; path = CustomButton.swift; sourceTree = "<group>"; };
		BD1018832ADD5E61003FAA97 /* CustomTextfieldView.swift */ = {isa = PBXFileReference; lastKnownFileType = sourcecode.swift; path = CustomTextfieldView.swift; sourceTree = "<group>"; };
		BD167B9D2AEB216500A46A52 /* PasswordSearchController.swift */ = {isa = PBXFileReference; lastKnownFileType = sourcecode.swift; path = PasswordSearchController.swift; sourceTree = "<group>"; };
		BD177F502AF453B900DF2FE7 /* LocalTableViewCell.swift */ = {isa = PBXFileReference; lastKnownFileType = sourcecode.swift; path = LocalTableViewCell.swift; sourceTree = "<group>"; };
		BD23AD6B2B04AC79004C85A6 /* ButtonCollectionViewCell.swift */ = {isa = PBXFileReference; lastKnownFileType = sourcecode.swift; path = ButtonCollectionViewCell.swift; sourceTree = "<group>"; };
		BD3698632AED858800E4125A /* ErrorHandling.swift */ = {isa = PBXFileReference; lastKnownFileType = sourcecode.swift; path = ErrorHandling.swift; sourceTree = "<group>"; };
		BD3A7C1F2B24E1B0005A7C38 /* SecretKey.plist */ = {isa = PBXFileReference; fileEncoding = 4; lastKnownFileType = text.plist.xml; path = SecretKey.plist; sourceTree = "<group>"; };
		BD4B6AED2AF8DBAC003B6585 /* LoginModel.swift */ = {isa = PBXFileReference; lastKnownFileType = sourcecode.swift; path = LoginModel.swift; sourceTree = "<group>"; };
		BD62B0A82ADC1EB40096BD3F /* LoginVC.swift */ = {isa = PBXFileReference; lastKnownFileType = sourcecode.swift; path = LoginVC.swift; sourceTree = "<group>"; };
		BD66B4822B13722D007E6FC9 /* SMTPManager.swift */ = {isa = PBXFileReference; lastKnownFileType = sourcecode.swift; path = SMTPManager.swift; sourceTree = "<group>"; };
		BD69C6812AE612170042F9AF /* FoodCardModel.swift */ = {isa = PBXFileReference; fileEncoding = 4; lastKnownFileType = sourcecode.swift; path = FoodCardModel.swift; sourceTree = "<group>"; };
		BD8D6AFF2ADEE7EE00F2A8D6 /* CardController.swift */ = {isa = PBXFileReference; lastKnownFileType = sourcecode.swift; path = CardController.swift; sourceTree = "<group>"; };
		BD8D6B012ADEE7FC00F2A8D6 /* FoodCard.swift */ = {isa = PBXFileReference; lastKnownFileType = sourcecode.swift; path = FoodCard.swift; sourceTree = "<group>"; };
		BD8D6B062ADEE85F00F2A8D6 /* FoodCardOverlay.swift */ = {isa = PBXFileReference; lastKnownFileType = sourcecode.swift; path = FoodCardOverlay.swift; sourceTree = "<group>"; };
		BD8D6B0A2ADEEECA00F2A8D6 /* Extension.swift */ = {isa = PBXFileReference; lastKnownFileType = sourcecode.swift; path = Extension.swift; sourceTree = "<group>"; };
		BD8D6B0C2ADFB8AC00F2A8D6 /* FoodCardContentView.swift */ = {isa = PBXFileReference; lastKnownFileType = sourcecode.swift; path = FoodCardContentView.swift; sourceTree = "<group>"; };
		BD8D6B0E2ADFC28D00F2A8D6 /* FoodCardFooterView.swift */ = {isa = PBXFileReference; lastKnownFileType = sourcecode.swift; path = FoodCardFooterView.swift; sourceTree = "<group>"; };
		BD953A622AE1FC1700E07C36 /* DetailRegistrationViewController.swift */ = {isa = PBXFileReference; lastKnownFileType = sourcecode.swift; path = DetailRegistrationViewController.swift; sourceTree = "<group>"; };
		BD953A662AE203EF00E07C36 /* DetailRegistrationCell.swift */ = {isa = PBXFileReference; lastKnownFileType = sourcecode.swift; path = DetailRegistrationCell.swift; sourceTree = "<group>"; };
		BDA431512B0313CD00817477 /* lottieTest.json */ = {isa = PBXFileReference; fileEncoding = 4; lastKnownFileType = text.json; path = lottieTest.json; sourceTree = "<group>"; };
		BDAADE352AFF5DDE00847F37 /* RegistrationView.swift */ = {isa = PBXFileReference; lastKnownFileType = sourcecode.swift; path = RegistrationView.swift; sourceTree = "<group>"; };
		BDAADE372AFFBCA800847F37 /* LocationView.swift */ = {isa = PBXFileReference; lastKnownFileType = sourcecode.swift; path = LocationView.swift; sourceTree = "<group>"; };
		BDBA78A42AF789F800FA186C /* authManager.swift */ = {isa = PBXFileReference; lastKnownFileType = sourcecode.swift; path = authManager.swift; sourceTree = "<group>"; };
		BDC112702AF4A067000E4F9F /* ReviewTableViewCell.swift */ = {isa = PBXFileReference; lastKnownFileType = sourcecode.swift; path = ReviewTableViewCell.swift; sourceTree = "<group>"; };
		BDC112722AF4A739000E4F9F /* ButtonTableViewCell.swift */ = {isa = PBXFileReference; lastKnownFileType = sourcecode.swift; path = ButtonTableViewCell.swift; sourceTree = "<group>"; };
		BDC112772AF532C4000E4F9F /* MainHeaderView.swift */ = {isa = PBXFileReference; lastKnownFileType = sourcecode.swift; path = MainHeaderView.swift; sourceTree = "<group>"; };
		BDD353422AFE756400D2E0F6 /* LoginView.swift */ = {isa = PBXFileReference; lastKnownFileType = sourcecode.swift; path = LoginView.swift; sourceTree = "<group>"; };
		BDD983712AE0C24B008168D2 /* UserSearchController.swift */ = {isa = PBXFileReference; lastKnownFileType = sourcecode.swift; path = UserSearchController.swift; sourceTree = "<group>"; };
		BDD983732AE0D28C008168D2 /* ModalViewController.swift */ = {isa = PBXFileReference; lastKnownFileType = sourcecode.swift; path = ModalViewController.swift; sourceTree = "<group>"; };
		BDE037C22ADC2B47003374A8 /* RegistrationVC.swift */ = {isa = PBXFileReference; lastKnownFileType = sourcecode.swift; path = RegistrationVC.swift; sourceTree = "<group>"; };
		C0837F842B2316BB00A19F9C /* loadingLottie.json */ = {isa = PBXFileReference; fileEncoding = 4; lastKnownFileType = text.json; path = loadingLottie.json; sourceTree = "<group>"; };
		C0A634462AEF7C8100BF6B55 /* ProfileCell.swift */ = {isa = PBXFileReference; lastKnownFileType = sourcecode.swift; path = ProfileCell.swift; sourceTree = "<group>"; };
		C0A634482AEF7CAB00BF6B55 /* CustomSegmentedControl.swift */ = {isa = PBXFileReference; lastKnownFileType = sourcecode.swift; path = CustomSegmentedControl.swift; sourceTree = "<group>"; };
		C0A6344A2AEF7CC500BF6B55 /* RecommendedPlaceCell.swift */ = {isa = PBXFileReference; lastKnownFileType = sourcecode.swift; path = RecommendedPlaceCell.swift; sourceTree = "<group>"; };
		C0A6344C2AEF7CE300BF6B55 /* ReviewCell.swift */ = {isa = PBXFileReference; lastKnownFileType = sourcecode.swift; path = ReviewCell.swift; sourceTree = "<group>"; };
		C0A634502AEF7D1700BF6B55 /* SegmentHeader.swift */ = {isa = PBXFileReference; lastKnownFileType = sourcecode.swift; path = SegmentHeader.swift; sourceTree = "<group>"; };
		C0E198B12B04151600289391 /* SettingViewControllerCell.swift */ = {isa = PBXFileReference; lastKnownFileType = sourcecode.swift; path = SettingViewControllerCell.swift; sourceTree = "<group>"; };
		C0E198B32B04154300289391 /* AccountSettingViewControllerCell.swift */ = {isa = PBXFileReference; lastKnownFileType = sourcecode.swift; path = AccountSettingViewControllerCell.swift; sourceTree = "<group>"; };
		C0E198B52B04156C00289391 /* AccountSettingViewController.swift */ = {isa = PBXFileReference; lastKnownFileType = sourcecode.swift; path = AccountSettingViewController.swift; sourceTree = "<group>"; };
		C0E9AF182AF69CD000CB7211 /* CustomViewForPostPage.swift */ = {isa = PBXFileReference; lastKnownFileType = sourcecode.swift; path = CustomViewForPostPage.swift; sourceTree = "<group>"; };
		C0F7F2EE2AF7BEF9005C7F65 /* EditProfileViewController.swift */ = {isa = PBXFileReference; lastKnownFileType = sourcecode.swift; path = EditProfileViewController.swift; sourceTree = "<group>"; };
		DC095D132AD942610082B633 /* Model.swift */ = {isa = PBXFileReference; lastKnownFileType = sourcecode.swift; path = Model.swift; sourceTree = "<group>"; };
		DC0D18132AD794B400E188A1 /* GoogleService-Info.plist */ = {isa = PBXFileReference; fileEncoding = 4; lastKnownFileType = text.plist.xml; path = "GoogleService-Info.plist"; sourceTree = "<group>"; };
		DF1599A92AD6C6E200AE129B /* ZZin.app */ = {isa = PBXFileReference; explicitFileType = wrapper.application; includeInIndex = 0; path = ZZin.app; sourceTree = BUILT_PRODUCTS_DIR; };
		DF1599AC2AD6C6E200AE129B /* AppDelegate.swift */ = {isa = PBXFileReference; lastKnownFileType = sourcecode.swift; path = AppDelegate.swift; sourceTree = "<group>"; };
		DF1599AE2AD6C6E200AE129B /* SceneDelegate.swift */ = {isa = PBXFileReference; lastKnownFileType = sourcecode.swift; path = SceneDelegate.swift; sourceTree = "<group>"; };
		DF1599B02AD6C6E200AE129B /* ViewController.swift */ = {isa = PBXFileReference; lastKnownFileType = sourcecode.swift; path = ViewController.swift; sourceTree = "<group>"; };
		DF1599B52AD6C6E300AE129B /* Assets.xcassets */ = {isa = PBXFileReference; lastKnownFileType = folder.assetcatalog; path = Assets.xcassets; sourceTree = "<group>"; };
		DF1599B82AD6C6E300AE129B /* Base */ = {isa = PBXFileReference; lastKnownFileType = file.storyboard; name = Base; path = Base.lproj/LaunchScreen.storyboard; sourceTree = "<group>"; };
		DF1599BA2AD6C6E300AE129B /* Info.plist */ = {isa = PBXFileReference; lastKnownFileType = text.plist.xml; path = Info.plist; sourceTree = "<group>"; };
		DF1599C02AD6C7A300AE129B /* TabBarController.swift */ = {isa = PBXFileReference; lastKnownFileType = sourcecode.swift; path = TabBarController.swift; sourceTree = "<group>"; };
		DF1599C22AD6C86D00AE129B /* MainViewController.swift */ = {isa = PBXFileReference; lastKnownFileType = sourcecode.swift; path = MainViewController.swift; sourceTree = "<group>"; };
		DF1599C42AD6C89300AE129B /* MatchingVC.swift */ = {isa = PBXFileReference; lastKnownFileType = sourcecode.swift; path = MatchingVC.swift; sourceTree = "<group>"; };
		DF1599C82AD6C8E400AE129B /* InfoViewController.swift */ = {isa = PBXFileReference; lastKnownFileType = sourcecode.swift; path = InfoViewController.swift; sourceTree = "<group>"; };
		DF1599CA2AD6CC3C00AE129B /* PostViewController.swift */ = {isa = PBXFileReference; lastKnownFileType = sourcecode.swift; path = PostViewController.swift; sourceTree = "<group>"; };
		DF2AEE7E2AE50AAE00834EF4 /* SearcMapUIView.swift */ = {isa = PBXFileReference; lastKnownFileType = sourcecode.swift; path = SearcMapUIView.swift; sourceTree = "<group>"; };
		DF3FB13B2ADD1D230002802A /* SearchMapViewController.swift */ = {isa = PBXFileReference; lastKnownFileType = sourcecode.swift; path = SearchMapViewController.swift; sourceTree = "<group>"; };
		DF7E12AD2ADE50F600D94AE8 /* SearchMapView.swift */ = {isa = PBXFileReference; lastKnownFileType = sourcecode.swift; path = SearchMapView.swift; sourceTree = "<group>"; };
		DF93D3862B0490CA00A4242E /* SeoulDistrictOfficeCoordinates.swift */ = {isa = PBXFileReference; lastKnownFileType = sourcecode.swift; path = SeoulDistrictOfficeCoordinates.swift; sourceTree = "<group>"; };
		DFCA68F12AF8E8E100DDB225 /* Geocoding.swift */ = {isa = PBXFileReference; lastKnownFileType = sourcecode.swift; path = Geocoding.swift; sourceTree = "<group>"; };
		DFCD0A8C2AEA588F0089FD49 /* InfoMarkerView.swift */ = {isa = PBXFileReference; lastKnownFileType = sourcecode.swift; path = InfoMarkerView.swift; sourceTree = "<group>"; };
		DFE81E162AE789DA00626E3B /* CustomInfoWindowView.swift */ = {isa = PBXFileReference; lastKnownFileType = sourcecode.swift; path = CustomInfoWindowView.swift; sourceTree = "<group>"; };
		DFEDDA452AF4E7C0003FA958 /* NaverAPIKey.swift */ = {isa = PBXFileReference; lastKnownFileType = sourcecode.swift; path = NaverAPIKey.swift; sourceTree = "<group>"; };
		DFFE276C2ADFBA5200F5970F /* StoreCardView.swift */ = {isa = PBXFileReference; lastKnownFileType = sourcecode.swift; path = StoreCardView.swift; sourceTree = "<group>"; };
		DFFE276E2AE0A98F00F5970F /* LocationService.swift */ = {isa = PBXFileReference; lastKnownFileType = sourcecode.swift; path = LocationService.swift; sourceTree = "<group>"; };
		FB36504F2AE626B300EAEAB7 /* FireStoreManager.swift */ = {isa = PBXFileReference; lastKnownFileType = sourcecode.swift; path = FireStoreManager.swift; sourceTree = "<group>"; };
		FB36508B2AE8AE9500EAEAB7 /* RegionSearchResultTableViewCell.swift */ = {isa = PBXFileReference; lastKnownFileType = sourcecode.swift; path = RegionSearchResultTableViewCell.swift; sourceTree = "<group>"; };
		FB36508D2AE8AEFF00EAEAB7 /* RegionSearchResultController.swift */ = {isa = PBXFileReference; lastKnownFileType = sourcecode.swift; path = RegionSearchResultController.swift; sourceTree = "<group>"; };
		FBA7B0AE2ADD742600F79031 /* CustomView.swift */ = {isa = PBXFileReference; lastKnownFileType = sourcecode.swift; path = CustomView.swift; sourceTree = "<group>"; };
		FBB06AE72AE9EE3B0091D65A /* CellsForPostVC.swift */ = {isa = PBXFileReference; lastKnownFileType = sourcecode.swift; path = CellsForPostVC.swift; sourceTree = "<group>"; };
		FBB06AF12AEBAB990091D65A /* FireStorageManager.swift */ = {isa = PBXFileReference; lastKnownFileType = sourcecode.swift; path = FireStorageManager.swift; sourceTree = "<group>"; };
		FF031D5F2ADBBA5900206056 /* MainView.swift */ = {isa = PBXFileReference; lastKnownFileType = sourcecode.swift; path = MainView.swift; sourceTree = "<group>"; };
		FF031D612ADBBDC100206056 /* FontGuide.swift */ = {isa = PBXFileReference; lastKnownFileType = sourcecode.swift; path = FontGuide.swift; sourceTree = "<group>"; };
		FF031D672ADBEB1B00206056 /* LocalCollectionViewCell.swift */ = {isa = PBXFileReference; lastKnownFileType = sourcecode.swift; path = LocalCollectionViewCell.swift; sourceTree = "<group>"; };
		FF031D692ADBEB5100206056 /* ReviewCollectionViewCell.swift */ = {isa = PBXFileReference; lastKnownFileType = sourcecode.swift; path = ReviewCollectionViewCell.swift; sourceTree = "<group>"; };
		FF031D6B2ADFA25000206056 /* ColorGuide.swift */ = {isa = PBXFileReference; lastKnownFileType = sourcecode.swift; path = ColorGuide.swift; sourceTree = "<group>"; };
		FF1D8E1E2AE14567002B685B /* SearchRegionViewController.swift */ = {isa = PBXFileReference; lastKnownFileType = sourcecode.swift; path = SearchRegionViewController.swift; sourceTree = "<group>"; };
		FFEE93742AF3A2FF00A58010 /* SettingViewController.swift */ = {isa = PBXFileReference; lastKnownFileType = sourcecode.swift; path = SettingViewController.swift; sourceTree = "<group>"; };
		FFFDEE7C2B04CD6E00B49724 /* LogoutViewController.swift */ = {isa = PBXFileReference; fileEncoding = 4; lastKnownFileType = sourcecode.swift; path = LogoutViewController.swift; sourceTree = "<group>"; };
		FFFDEE7E2B04CD7900B49724 /* WithdrawalViewController.swift */ = {isa = PBXFileReference; fileEncoding = 4; lastKnownFileType = sourcecode.swift; path = WithdrawalViewController.swift; sourceTree = "<group>"; };
/* End PBXFileReference section */

/* Begin PBXFrameworksBuildPhase section */
		DF1599A62AD6C6E200AE129B /* Frameworks */ = {
			isa = PBXFrameworksBuildPhase;
			buildActionMask = 2147483647;
			files = (
				4D331FF6A61C1D5A3679A247 /* Pods_ZZin.framework in Frameworks */,
				BD3CB53D2ADD33D800A9F4A0 /* FirebaseFunctions in Frameworks */,
				BD3CB5472ADD33D800A9F4A0 /* FirebaseMLModelDownloader in Frameworks */,
				BD3CB53B2ADD33D800A9F4A0 /* FirebaseFirestoreSwift in Frameworks */,
				BD3CB5562ADD342000A9F4A0 /* Then in Frameworks */,
				BD3CB5272ADD33D800A9F4A0 /* FirebaseAppCheck in Frameworks */,
				BD3CB54B2ADD33D800A9F4A0 /* FirebasePerformance in Frameworks */,
				BD3CB54D2ADD33D800A9F4A0 /* FirebaseRemoteConfig in Frameworks */,
				BD66B4812B1371ED007E6FC9 /* SwiftSMTP in Frameworks */,
				BD3CB5512ADD33D800A9F4A0 /* FirebaseStorage in Frameworks */,
				BDA431502B0309A500817477 /* Lottie in Frameworks */,
				BD8D6B052ADEE82000F2A8D6 /* Shuffle in Frameworks */,
				FB3650892AE8AD7600EAEAB7 /* Alamofire in Frameworks */,
				BD3CB51C2ADD337800A9F4A0 /* SnapKit in Frameworks */,
				BD3CB52B2ADD33D800A9F4A0 /* FirebaseAuth in Frameworks */,
				FBB06AF02AEBAA270091D65A /* SDWebImage in Frameworks */,
				BD3CB5372ADD33D800A9F4A0 /* FirebaseFirestore in Frameworks */,
				BD3CB54F2ADD33D800A9F4A0 /* FirebaseRemoteConfigSwift in Frameworks */,
			);
			runOnlyForDeploymentPostprocessing = 0;
		};
/* End PBXFrameworksBuildPhase section */

/* Begin PBXGroup section */
		6C11A880CA6BCBA3A7CA7624 /* Pods */ = {
			isa = PBXGroup;
			children = (
				B6C3EDE94E208CC05D28A1EE /* Pods-ZZin.debug.xcconfig */,
				7AAC40E023A86C944BAF3917 /* Pods-ZZin.release.xcconfig */,
			);
			path = Pods;
			sourceTree = "<group>";
		};
		72EE7BACFA22F9C7FC4E0CDC /* Frameworks */ = {
			isa = PBXGroup;
			children = (
				9C9894CB416485BD8DEDED7F /* Pods_ZZin.framework */,
			);
			name = Frameworks;
			sourceTree = "<group>";
		};
		7B1103D72AE0E876001BBEB2 /* MatchingPlaceView */ = {
			isa = PBXGroup;
			children = (
				7B1103D52AE0E868001BBEB2 /* MatchingPlaceView.swift */,
				7B47A5592AE9FEB600A44C2C /* MatchingPlaceVC.swift */,
				7BFC61D02AE2888900F46544 /* Cell */,
			);
			path = MatchingPlaceView;
			sourceTree = "<group>";
		};
		7B47A5522AE8B0C700A44C2C /* Source */ = {
			isa = PBXGroup;
			children = (
				7B47A5542AE8B1EE00A44C2C /* Model */,
				DF1599B02AD6C6E200AE129B /* ViewController.swift */,
				DF1599C02AD6C7A300AE129B /* TabBarController.swift */,
				DF1599AC2AD6C6E200AE129B /* AppDelegate.swift */,
				DF1599AE2AD6C6E200AE129B /* SceneDelegate.swift */,
				DF1599B52AD6C6E300AE129B /* Assets.xcassets */,
				DF1599B72AD6C6E300AE129B /* LaunchScreen.storyboard */,
				DFEDDA452AF4E7C0003FA958 /* NaverAPIKey.swift */,
			);
			path = Source;
			sourceTree = "<group>";
		};
		7B47A5532AE8B1B800A44C2C /* Utility */ = {
			isa = PBXGroup;
			children = (
				FB36504F2AE626B300EAEAB7 /* FireStoreManager.swift */,
				BDBA78A42AF789F800FA186C /* authManager.swift */,
				FBB06AF12AEBAB990091D65A /* FireStorageManager.swift */,
			);
			path = Utility;
			sourceTree = "<group>";
		};
		7B47A5542AE8B1EE00A44C2C /* Model */ = {
			isa = PBXGroup;
			children = (
				7B9498B22AF28C5500261858 /* textMessage.png */,
				7B9498B32AF28C5500261858 /* photoMessage.png */,
				7B3313ED2AF1081900BC0F11 /* wrapBackground.jpeg */,
				DC095D132AD942610082B633 /* Model.swift */,
				7BFC61CA2AE2822E00F46544 /* KeywordData.swift */,
				FBA7B0AE2ADD742600F79031 /* CustomView.swift */,
				7B47A5572AE935CA00A44C2C /* CustomCellView.swift */,
				FF031D6B2ADFA25000206056 /* ColorGuide.swift */,
				FF031D612ADBBDC100206056 /* FontGuide.swift */,
			);
			path = Model;
			sourceTree = "<group>";
		};
		7B4B6A232ADCD9290075BB34 /* MatchingPage */ = {
			isa = PBXGroup;
			children = (
				7BFC61C02AE1A66A00F46544 /* KeywordView */,
				7B61D3982ADFAA5600A226EB /* MatchingView */,
				7B1103D72AE0E876001BBEB2 /* MatchingPlaceView */,
				7BFC61C52AE1C92600F46544 /* MatchingPlaceReviewDetailView */,
			);
			path = MatchingPage;
			sourceTree = "<group>";
		};
		7B5A24AD2AE7682600CD9227 /* PickerView */ = {
			isa = PBXGroup;
			children = (
				7B47A54D2AE8A34600A44C2C /* MatchingLocationPickerView.swift */,
				7B3313EB2AEFC40F00BC0F11 /* MatchingLocationPickerVC.swift */,
			);
			path = PickerView;
			sourceTree = "<group>";
		};
		7B61D3982ADFAA5600A226EB /* MatchingView */ = {
			isa = PBXGroup;
			children = (
				7B4B6A242ADCD94D0075BB34 /* MatchingView.swift */,
				DF1599C42AD6C89300AE129B /* MatchingVC.swift */,
				7B5A24AD2AE7682600CD9227 /* PickerView */,
				7BFC61D12AE288D800F46544 /* Cell */,
			);
			path = MatchingView;
			sourceTree = "<group>";
		};
		7BFC61C02AE1A66A00F46544 /* KeywordView */ = {
			isa = PBXGroup;
			children = (
				7B3313EF2AF11FD900BC0F11 /* MatchingKeywordView.swift */,
				7BFC61BD2AE1987C00F46544 /* MatchingKeywordVC.swift */,
				7B5A24AE2AE7B5C800CD9227 /* MatchingKeywordCell.swift */,
			);
			path = KeywordView;
			sourceTree = "<group>";
		};
		7BFC61C52AE1C92600F46544 /* MatchingPlaceReviewDetailView */ = {
			isa = PBXGroup;
			children = (
				7BFC61C12AE1C8BC00F46544 /* MatchingPlaceReviewDetailView.swift */,
				7BFC61C32AE1C90100F46544 /* MatchingPlaceReviewDetailVC.swift */,
				7BFC61CF2AE2887800F46544 /* Cell */,
			);
			path = MatchingPlaceReviewDetailView;
			sourceTree = "<group>";
		};
		7BFC61CF2AE2887800F46544 /* Cell */ = {
			isa = PBXGroup;
			children = (
				7B47A55D2AE9FF0F00A44C2C /* MatchingThumbnailCell.swift */,
				7BFC61D22AE2898100F46544 /* MatchingReviewPhotoCell.swift */,
				7B47A5552AE91CF500A44C2C /* MatchingReviewTextCell.swift */,
			);
			name = Cell;
			sourceTree = "<group>";
		};
		7BFC61D02AE2888900F46544 /* Cell */ = {
			isa = PBXGroup;
			children = (
				7B1103E42AE13F7A001BBEB2 /* MatchingPlacePhotoCell.swift */,
				7BFC61B82AE160A500F46544 /* MatchingPlaceInfoCell.swift */,
				7BFC61BA2AE180DB00F46544 /* MatchingPlaceReviewCell.swift */,
				7BFC61C82AE244AB00F46544 /* MatchingPlacePhotoView.swift */,
				7B47A55B2AE9FEE200A44C2C /* MatchingPlacePhotoCollectionViewCell.swift */,
			);
			path = Cell;
			sourceTree = "<group>";
		};
		7BFC61D12AE288D800F46544 /* Cell */ = {
			isa = PBXGroup;
			children = (
				7B61D39A2ADFCD8000A226EB /* MatchingResultCollectionView.swift */,
				7B61D38F2ADF733000A226EB /* MatchingResultCell.swift */,
			);
			path = Cell;
			sourceTree = "<group>";
		};
		BD1018822ADD589D003FAA97 /* Login */ = {
			isa = PBXGroup;
			children = (
				BDAADE332AFF5DC000847F37 /* LoginView */,
				BDAADE342AFF5DCD00847F37 /* RegistrationView */,
				BD953A622AE1FC1700E07C36 /* DetailRegistrationViewController.swift */,
				BDD983712AE0C24B008168D2 /* UserSearchController.swift */,
				BD167B9D2AEB216500A46A52 /* PasswordSearchController.swift */,
				BDD983732AE0D28C008168D2 /* ModalViewController.swift */,
				BD8D6AFF2ADEE7EE00F2A8D6 /* CardController.swift */,
				BD1018832ADD5E61003FAA97 /* CustomTextfieldView.swift */,
				BD03FD772AF32805009259DD /* CustomButton.swift */,
				BD69C6802AE611F80042F9AF /* Model */,
				BD8D6AFE2ADEE7D700F2A8D6 /* CardViews */,
				BD953A652AE1FC5800E07C36 /* Utility */,
			);
			path = Login;
			sourceTree = "<group>";
		};
		BD69C6802AE611F80042F9AF /* Model */ = {
			isa = PBXGroup;
			children = (
				BD69C6812AE612170042F9AF /* FoodCardModel.swift */,
				BD4B6AED2AF8DBAC003B6585 /* LoginModel.swift */,
			);
			path = Model;
			sourceTree = "<group>";
		};
		BD8D6AFE2ADEE7D700F2A8D6 /* CardViews */ = {
			isa = PBXGroup;
			children = (
				BD953A662AE203EF00E07C36 /* DetailRegistrationCell.swift */,
				BD8D6B012ADEE7FC00F2A8D6 /* FoodCard.swift */,
				BD8D6B062ADEE85F00F2A8D6 /* FoodCardOverlay.swift */,
				BD8D6B0C2ADFB8AC00F2A8D6 /* FoodCardContentView.swift */,
				BD8D6B0E2ADFC28D00F2A8D6 /* FoodCardFooterView.swift */,
			);
			path = CardViews;
			sourceTree = "<group>";
		};
		BD953A652AE1FC5800E07C36 /* Utility */ = {
			isa = PBXGroup;
			children = (
				BD8D6B0A2ADEEECA00F2A8D6 /* Extension.swift */,
				BD3698632AED858800E4125A /* ErrorHandling.swift */,
				BD66B4822B13722D007E6FC9 /* SMTPManager.swift */,
			);
			path = Utility;
			sourceTree = "<group>";
		};
		BDAADE332AFF5DC000847F37 /* LoginView */ = {
			isa = PBXGroup;
			children = (
				BDD353422AFE756400D2E0F6 /* LoginView.swift */,
				BD62B0A82ADC1EB40096BD3F /* LoginVC.swift */,
			);
			path = LoginView;
			sourceTree = "<group>";
		};
		BDAADE342AFF5DCD00847F37 /* RegistrationView */ = {
			isa = PBXGroup;
			children = (
				BDA431512B0313CD00817477 /* lottieTest.json */,
				BDAADE352AFF5DDE00847F37 /* RegistrationView.swift */,
				BDE037C22ADC2B47003374A8 /* RegistrationVC.swift */,
				BDAADE372AFFBCA800847F37 /* LocationView.swift */,
			);
			path = RegistrationView;
			sourceTree = "<group>";
		};
		BDC112742AF52EC9000E4F9F /* TableViewCell */ = {
			isa = PBXGroup;
			children = (
				BD177F502AF453B900DF2FE7 /* LocalTableViewCell.swift */,
				BDC112722AF4A739000E4F9F /* ButtonTableViewCell.swift */,
				BDC112702AF4A067000E4F9F /* ReviewTableViewCell.swift */,
				BD0368BC2B05D10700EF2C25 /* ReviewTableview.swift */,
			);
			path = TableViewCell;
			sourceTree = "<group>";
		};
		BDC112752AF53162000E4F9F /* CollectionViewCell */ = {
			isa = PBXGroup;
			children = (
				FF031D672ADBEB1B00206056 /* LocalCollectionViewCell.swift */,
				BD23AD6B2B04AC79004C85A6 /* ButtonCollectionViewCell.swift */,
				FF031D692ADBEB5100206056 /* ReviewCollectionViewCell.swift */,
			);
			path = CollectionViewCell;
			sourceTree = "<group>";
		};
		BDC112762AF531D9000E4F9F /* View */ = {
			isa = PBXGroup;
			children = (
				FF031D5F2ADBBA5900206056 /* MainView.swift */,
				BDC112772AF532C4000E4F9F /* MainHeaderView.swift */,
				DF1599C22AD6C86D00AE129B /* MainViewController.swift */,
				BDC112742AF52EC9000E4F9F /* TableViewCell */,
				BDC112752AF53162000E4F9F /* CollectionViewCell */,
			);
			path = View;
			sourceTree = "<group>";
		};
		DF1599A02AD6C6E200AE129B = {
			isa = PBXGroup;
			children = (
				DF1599AB2AD6C6E200AE129B /* ZZin */,
				DF1599AA2AD6C6E200AE129B /* Products */,
				6C11A880CA6BCBA3A7CA7624 /* Pods */,
				72EE7BACFA22F9C7FC4E0CDC /* Frameworks */,
			);
			sourceTree = "<group>";
		};
		DF1599AA2AD6C6E200AE129B /* Products */ = {
			isa = PBXGroup;
			children = (
				DF1599A92AD6C6E200AE129B /* ZZin.app */,
			);
			name = Products;
			sourceTree = "<group>";
		};
		DF1599AB2AD6C6E200AE129B /* ZZin */ = {
			isa = PBXGroup;
			children = (
				BD3A7C1F2B24E1B0005A7C38 /* SecretKey.plist */,
				FB36508A2AE8AE0B00EAEAB7 /* Post */,
				FF031D5E2ADBBA1500206056 /* MainPage */,
				BD1018822ADD589D003FAA97 /* Login */,
				7B4B6A232ADCD9290075BB34 /* MatchingPage */,
				DF2A2CBB2ADE116B00BA5CE9 /* SearchMapPage */,
				FBA7B0C02AE0C0B800F79031 /* Profile */,
				FFEE93732AF3A2A400A58010 /* Setting */,
				7B47A5522AE8B0C700A44C2C /* Source */,
				7B47A5532AE8B1B800A44C2C /* Utility */,
				DF1599BA2AD6C6E300AE129B /* Info.plist */,
				DC0D18132AD794B400E188A1 /* GoogleService-Info.plist */,
			);
			path = ZZin;
			sourceTree = "<group>";
		};
		DF2A2CBB2ADE116B00BA5CE9 /* SearchMapPage */ = {
			isa = PBXGroup;
			children = (
				DF3FB13B2ADD1D230002802A /* SearchMapViewController.swift */,
				DF7E12AD2ADE50F600D94AE8 /* SearchMapView.swift */,
				DFFE276C2ADFBA5200F5970F /* StoreCardView.swift */,
				DF2AEE7E2AE50AAE00834EF4 /* SearcMapUIView.swift */,
				DFE81E162AE789DA00626E3B /* CustomInfoWindowView.swift */,
				DFFE276E2AE0A98F00F5970F /* LocationService.swift */,
				DFCD0A8C2AEA588F0089FD49 /* InfoMarkerView.swift */,
				DFCA68F12AF8E8E100DDB225 /* Geocoding.swift */,
				DF93D3862B0490CA00A4242E /* SeoulDistrictOfficeCoordinates.swift */,
			);
			path = SearchMapPage;
			sourceTree = "<group>";
		};
		FB36508A2AE8AE0B00EAEAB7 /* Post */ = {
			isa = PBXGroup;
			children = (
				DF1599CA2AD6CC3C00AE129B /* PostViewController.swift */,
				FB36508B2AE8AE9500EAEAB7 /* RegionSearchResultTableViewCell.swift */,
				FB36508D2AE8AEFF00EAEAB7 /* RegionSearchResultController.swift */,
				FBB06AE72AE9EE3B0091D65A /* CellsForPostVC.swift */,
				C0E9AF182AF69CD000CB7211 /* CustomViewForPostPage.swift */,
			);
			path = Post;
			sourceTree = "<group>";
		};
		FBA7B0C02AE0C0B800F79031 /* Profile */ = {
			isa = PBXGroup;
			children = (
				DF1599C82AD6C8E400AE129B /* InfoViewController.swift */,
				C0A634462AEF7C8100BF6B55 /* ProfileCell.swift */,
				C0A634482AEF7CAB00BF6B55 /* CustomSegmentedControl.swift */,
				C0A6344A2AEF7CC500BF6B55 /* RecommendedPlaceCell.swift */,
				C0A6344C2AEF7CE300BF6B55 /* ReviewCell.swift */,
				C0A634502AEF7D1700BF6B55 /* SegmentHeader.swift */,
				C0F7F2EE2AF7BEF9005C7F65 /* EditProfileViewController.swift */,
				C0837F842B2316BB00A19F9C /* loadingLottie.json */,
			);
			path = Profile;
			sourceTree = "<group>";
		};
		FF031D5E2ADBBA1500206056 /* MainPage */ = {
			isa = PBXGroup;
			children = (
				BDC112762AF531D9000E4F9F /* View */,
				FF1D8E1D2AE14515002B685B /* SearchRegionPage */,
			);
			path = MainPage;
			sourceTree = "<group>";
		};
		FF1D8E1D2AE14515002B685B /* SearchRegionPage */ = {
			isa = PBXGroup;
			children = (
				FF1D8E1E2AE14567002B685B /* SearchRegionViewController.swift */,
			);
			path = SearchRegionPage;
			sourceTree = "<group>";
		};
		FFEE93732AF3A2A400A58010 /* Setting */ = {
			isa = PBXGroup;
			children = (
				FFEE93742AF3A2FF00A58010 /* SettingViewController.swift */,
				C0E198B12B04151600289391 /* SettingViewControllerCell.swift */,
				C0E198B32B04154300289391 /* AccountSettingViewControllerCell.swift */,
				C0E198B52B04156C00289391 /* AccountSettingViewController.swift */,
				FFFDEE7C2B04CD6E00B49724 /* LogoutViewController.swift */,
				FFFDEE7E2B04CD7900B49724 /* WithdrawalViewController.swift */,
			);
			path = Setting;
			sourceTree = "<group>";
		};
/* End PBXGroup section */

/* Begin PBXNativeTarget section */
		DF1599A82AD6C6E200AE129B /* ZZin */ = {
			isa = PBXNativeTarget;
			buildConfigurationList = DF1599BD2AD6C6E300AE129B /* Build configuration list for PBXNativeTarget "ZZin" */;
			buildPhases = (
				0EB56EEC2E6D166A459A16C2 /* [CP] Check Pods Manifest.lock */,
				DF1599A52AD6C6E200AE129B /* Sources */,
				DF1599A62AD6C6E200AE129B /* Frameworks */,
				DF1599A72AD6C6E200AE129B /* Resources */,
				1556192474056A9CEBD03B8B /* [CP] Embed Pods Frameworks */,
			);
			buildRules = (
			);
			dependencies = (
			);
			name = ZZin;
			packageProductDependencies = (
				BD3CB51B2ADD337800A9F4A0 /* SnapKit */,
				BD3CB5262ADD33D800A9F4A0 /* FirebaseAppCheck */,
				BD3CB52A2ADD33D800A9F4A0 /* FirebaseAuth */,
				BD3CB5362ADD33D800A9F4A0 /* FirebaseFirestore */,
				BD3CB53A2ADD33D800A9F4A0 /* FirebaseFirestoreSwift */,
				BD3CB53C2ADD33D800A9F4A0 /* FirebaseFunctions */,
				BD3CB5462ADD33D800A9F4A0 /* FirebaseMLModelDownloader */,
				BD3CB54A2ADD33D800A9F4A0 /* FirebasePerformance */,
				BD3CB54C2ADD33D800A9F4A0 /* FirebaseRemoteConfig */,
				BD3CB54E2ADD33D800A9F4A0 /* FirebaseRemoteConfigSwift */,
				BD3CB5502ADD33D800A9F4A0 /* FirebaseStorage */,
				BD3CB5552ADD342000A9F4A0 /* Then */,
				BD8D6B042ADEE82000F2A8D6 /* Shuffle */,
				FB3650882AE8AD7600EAEAB7 /* Alamofire */,
				FBB06AEF2AEBAA270091D65A /* SDWebImage */,
				BDA4314F2B0309A500817477 /* Lottie */,
				BD66B4802B1371ED007E6FC9 /* SwiftSMTP */,
			);
			productName = ZZin;
			productReference = DF1599A92AD6C6E200AE129B /* ZZin.app */;
			productType = "com.apple.product-type.application";
		};
/* End PBXNativeTarget section */

/* Begin PBXProject section */
		DF1599A12AD6C6E200AE129B /* Project object */ = {
			isa = PBXProject;
			attributes = {
				BuildIndependentTargetsInParallel = 1;
				LastSwiftUpdateCheck = 1500;
				LastUpgradeCheck = 1500;
				TargetAttributes = {
					DF1599A82AD6C6E200AE129B = {
						CreatedOnToolsVersion = 15.0;
					};
				};
			};
			buildConfigurationList = DF1599A42AD6C6E200AE129B /* Build configuration list for PBXProject "ZZin" */;
			compatibilityVersion = "Xcode 14.0";
			developmentRegion = en;
			hasScannedForEncodings = 0;
			knownRegions = (
				en,
				Base,
			);
			mainGroup = DF1599A02AD6C6E200AE129B;
			packageReferences = (
				BD3CB51A2ADD337800A9F4A0 /* XCRemoteSwiftPackageReference "SnapKit" */,
				BD3CB51D2ADD33D800A9F4A0 /* XCRemoteSwiftPackageReference "firebase-ios-sdk" */,
				BD3CB5542ADD341F00A9F4A0 /* XCRemoteSwiftPackageReference "Then" */,
				BD8D6B032ADEE82000F2A8D6 /* XCRemoteSwiftPackageReference "Shuffle" */,
				FB3650872AE8AD7600EAEAB7 /* XCRemoteSwiftPackageReference "Alamofire" */,
				FBB06AEE2AEBAA270091D65A /* XCRemoteSwiftPackageReference "SDWebImage" */,
				BDA4314E2B0309A500817477 /* XCRemoteSwiftPackageReference "lottie-ios" */,
				BD66B47F2B1371ED007E6FC9 /* XCRemoteSwiftPackageReference "Swift-SMTP" */,
			);
			productRefGroup = DF1599AA2AD6C6E200AE129B /* Products */;
			projectDirPath = "";
			projectRoot = "";
			targets = (
				DF1599A82AD6C6E200AE129B /* ZZin */,
			);
		};
/* End PBXProject section */

/* Begin PBXResourcesBuildPhase section */
		DF1599A72AD6C6E200AE129B /* Resources */ = {
			isa = PBXResourcesBuildPhase;
			buildActionMask = 2147483647;
			files = (
				C0837F852B2316BB00A19F9C /* loadingLottie.json in Resources */,
				BDA431522B0313CD00817477 /* lottieTest.json in Resources */,
				7B9498B52AF28C5500261858 /* photoMessage.png in Resources */,
				DF1599B92AD6C6E300AE129B /* LaunchScreen.storyboard in Resources */,
				BD3A7C202B24E1B0005A7C38 /* SecretKey.plist in Resources */,
				7B3313EE2AF1081900BC0F11 /* wrapBackground.jpeg in Resources */,
				DF1599B62AD6C6E300AE129B /* Assets.xcassets in Resources */,
				DC0D18142AD794B400E188A1 /* GoogleService-Info.plist in Resources */,
				7B9498B42AF28C5500261858 /* textMessage.png in Resources */,
			);
			runOnlyForDeploymentPostprocessing = 0;
		};
/* End PBXResourcesBuildPhase section */

/* Begin PBXShellScriptBuildPhase section */
		0EB56EEC2E6D166A459A16C2 /* [CP] Check Pods Manifest.lock */ = {
			isa = PBXShellScriptBuildPhase;
			buildActionMask = 2147483647;
			files = (
			);
			inputFileListPaths = (
			);
			inputPaths = (
				"${PODS_PODFILE_DIR_PATH}/Podfile.lock",
				"${PODS_ROOT}/Manifest.lock",
			);
			name = "[CP] Check Pods Manifest.lock";
			outputFileListPaths = (
			);
			outputPaths = (
				"$(DERIVED_FILE_DIR)/Pods-ZZin-checkManifestLockResult.txt",
			);
			runOnlyForDeploymentPostprocessing = 0;
			shellPath = /bin/sh;
			shellScript = "diff \"${PODS_PODFILE_DIR_PATH}/Podfile.lock\" \"${PODS_ROOT}/Manifest.lock\" > /dev/null\nif [ $? != 0 ] ; then\n    # print error to STDERR\n    echo \"error: The sandbox is not in sync with the Podfile.lock. Run 'pod install' or update your CocoaPods installation.\" >&2\n    exit 1\nfi\n# This output is used by Xcode 'outputs' to avoid re-running this script phase.\necho \"SUCCESS\" > \"${SCRIPT_OUTPUT_FILE_0}\"\n";
			showEnvVarsInLog = 0;
		};
		1556192474056A9CEBD03B8B /* [CP] Embed Pods Frameworks */ = {
			isa = PBXShellScriptBuildPhase;
			buildActionMask = 2147483647;
			files = (
			);
			inputFileListPaths = (
				"${PODS_ROOT}/Target Support Files/Pods-ZZin/Pods-ZZin-frameworks-${CONFIGURATION}-input-files.xcfilelist",
			);
			name = "[CP] Embed Pods Frameworks";
			outputFileListPaths = (
				"${PODS_ROOT}/Target Support Files/Pods-ZZin/Pods-ZZin-frameworks-${CONFIGURATION}-output-files.xcfilelist",
			);
			runOnlyForDeploymentPostprocessing = 0;
			shellPath = /bin/sh;
			shellScript = "\"${PODS_ROOT}/Target Support Files/Pods-ZZin/Pods-ZZin-frameworks.sh\"\n";
			showEnvVarsInLog = 0;
		};
/* End PBXShellScriptBuildPhase section */

/* Begin PBXSourcesBuildPhase section */
		DF1599A52AD6C6E200AE129B /* Sources */ = {
			isa = PBXSourcesBuildPhase;
			buildActionMask = 2147483647;
			files = (
				7B4B6A252ADCD94D0075BB34 /* MatchingView.swift in Sources */,
				BD953A672AE203EF00E07C36 /* DetailRegistrationCell.swift in Sources */,
				BD1018842ADD5E61003FAA97 /* CustomTextfieldView.swift in Sources */,
				BDAADE362AFF5DDE00847F37 /* RegistrationView.swift in Sources */,
				DF93D3872B0490CA00A4242E /* SeoulDistrictOfficeCoordinates.swift in Sources */,
				DF1599CB2AD6CC3C00AE129B /* PostViewController.swift in Sources */,
				FB36508C2AE8AE9500EAEAB7 /* RegionSearchResultTableViewCell.swift in Sources */,
				DF1599C52AD6C89300AE129B /* MatchingVC.swift in Sources */,
				7BFC61B92AE160A500F46544 /* MatchingPlaceInfoCell.swift in Sources */,
				DF1599B12AD6C6E200AE129B /* ViewController.swift in Sources */,
				7B1103D62AE0E868001BBEB2 /* MatchingPlaceView.swift in Sources */,
				BD3698642AED858800E4125A /* ErrorHandling.swift in Sources */,
				BD8D6B072ADEE85F00F2A8D6 /* FoodCardOverlay.swift in Sources */,
				7B61D3902ADF733000A226EB /* MatchingResultCell.swift in Sources */,
				7B47A55E2AE9FF0F00A44C2C /* MatchingThumbnailCell.swift in Sources */,
				7BFC61BB2AE180DB00F46544 /* MatchingPlaceReviewCell.swift in Sources */,
				FF031D602ADBBA5900206056 /* MainView.swift in Sources */,
				DF1599C12AD6C7A300AE129B /* TabBarController.swift in Sources */,
				DF1599AD2AD6C6E200AE129B /* AppDelegate.swift in Sources */,
				7BFC61D32AE2898100F46544 /* MatchingReviewPhotoCell.swift in Sources */,
				FB36508E2AE8AEFF00EAEAB7 /* RegionSearchResultController.swift in Sources */,
				DFE81E172AE789DA00626E3B /* CustomInfoWindowView.swift in Sources */,
				C0A6344B2AEF7CC500BF6B55 /* RecommendedPlaceCell.swift in Sources */,
				BD167B9E2AEB216500A46A52 /* PasswordSearchController.swift in Sources */,
				DC095D142AD942610082B633 /* Model.swift in Sources */,
				BDE037C32ADC2B47003374A8 /* RegistrationVC.swift in Sources */,
				DF1599AF2AD6C6E200AE129B /* SceneDelegate.swift in Sources */,
				C0A634512AEF7D1700BF6B55 /* SegmentHeader.swift in Sources */,
				DF2AEE7F2AE50AAE00834EF4 /* SearcMapUIView.swift in Sources */,
				7B47A5582AE935CA00A44C2C /* CustomCellView.swift in Sources */,
				C0F7F2EF2AF7BEF9005C7F65 /* EditProfileViewController.swift in Sources */,
				BD03FD782AF32805009259DD /* CustomButton.swift in Sources */,
				7B1103E52AE13F7A001BBEB2 /* MatchingPlacePhotoCell.swift in Sources */,
				7BFC61C22AE1C8BC00F46544 /* MatchingPlaceReviewDetailView.swift in Sources */,
				BD23AD6C2B04AC79004C85A6 /* ButtonCollectionViewCell.swift in Sources */,
				DF7E12AE2ADE50F600D94AE8 /* SearchMapView.swift in Sources */,
				7B47A5562AE91CF500A44C2C /* MatchingReviewTextCell.swift in Sources */,
				BD8D6B022ADEE7FC00F2A8D6 /* FoodCard.swift in Sources */,
				BDAADE382AFFBCA800847F37 /* LocationView.swift in Sources */,
				7B3313EC2AEFC40F00BC0F11 /* MatchingLocationPickerVC.swift in Sources */,
				BD0368BD2B05D10700EF2C25 /* ReviewTableview.swift in Sources */,
				BDC112712AF4A067000E4F9F /* ReviewTableViewCell.swift in Sources */,
				DF1599C92AD6C8E400AE129B /* InfoViewController.swift in Sources */,
				BD4B6AEE2AF8DBAC003B6585 /* LoginModel.swift in Sources */,
				7BFC61BF2AE1987C00F46544 /* MatchingKeywordVC.swift in Sources */,
				BDC112782AF532C4000E4F9F /* MainHeaderView.swift in Sources */,
				DF3FB13C2ADD1D230002802A /* SearchMapViewController.swift in Sources */,
				BD69C6832AE612170042F9AF /* FoodCardModel.swift in Sources */,
				BD177F512AF453B900DF2FE7 /* LocalTableViewCell.swift in Sources */,
				FF031D682ADBEB1B00206056 /* LocalCollectionViewCell.swift in Sources */,
				C0A634492AEF7CAB00BF6B55 /* CustomSegmentedControl.swift in Sources */,
				7BFC61C92AE244AB00F46544 /* MatchingPlacePhotoView.swift in Sources */,
				BDD353432AFE756400D2E0F6 /* LoginView.swift in Sources */,
				7B5A24AF2AE7B5C800CD9227 /* MatchingKeywordCell.swift in Sources */,
				FF031D682ADBEB1B00206056 /* LocalCollectionViewCell.swift in Sources */,
				DF1599C92AD6C8E400AE129B /* InfoViewController.swift in Sources */,
				FF031D6C2ADFA25000206056 /* ColorGuide.swift in Sources */,
				7B47A54E2AE8A34600A44C2C /* MatchingLocationPickerView.swift in Sources */,
				C0A6344D2AEF7CE300BF6B55 /* ReviewCell.swift in Sources */,
				FF031D622ADBBDC100206056 /* FontGuide.swift in Sources */,
				FFFDEE7D2B04CD6E00B49724 /* LogoutViewController.swift in Sources */,
				FF031D6A2ADBEB5100206056 /* ReviewCollectionViewCell.swift in Sources */,
				BD8D6B002ADEE7EE00F2A8D6 /* CardController.swift in Sources */,
				BDD983722AE0C24B008168D2 /* UserSearchController.swift in Sources */,
				7B47A55C2AE9FEE200A44C2C /* MatchingPlacePhotoCollectionViewCell.swift in Sources */,
				BD953A632AE1FC1700E07C36 /* DetailRegistrationViewController.swift in Sources */,
				DFCD0A8D2AEA588F0089FD49 /* InfoMarkerView.swift in Sources */,
				FFFDEE7F2B04CD7900B49724 /* WithdrawalViewController.swift in Sources */,
				BD66B4832B13722D007E6FC9 /* SMTPManager.swift in Sources */,
				BD8D6B002ADEE7EE00F2A8D6 /* CardController.swift in Sources */,
				BDD983742AE0D28C008168D2 /* ModalViewController.swift in Sources */,
				7BFC61CB2AE2822E00F46544 /* KeywordData.swift in Sources */,
				7B61D39B2ADFCD8000A226EB /* MatchingResultCollectionView.swift in Sources */,
				C0E198B22B04151600289391 /* SettingViewControllerCell.swift in Sources */,
				DFCA68F22AF8E8E100DDB225 /* Geocoding.swift in Sources */,
				DFEDDA462AF4E7C0003FA958 /* NaverAPIKey.swift in Sources */,
				FBB06AE82AE9EE3B0091D65A /* CellsForPostVC.swift in Sources */,
				BD8D6B002ADEE7EE00F2A8D6 /* CardController.swift in Sources */,
				DFFE276F2AE0A98F00F5970F /* LocationService.swift in Sources */,
				C0E9AF192AF69CD100CB7211 /* CustomViewForPostPage.swift in Sources */,
				7B47A55A2AE9FEB600A44C2C /* MatchingPlaceVC.swift in Sources */,
				C0E198B42B04154300289391 /* AccountSettingViewControllerCell.swift in Sources */,
				7BFC61C42AE1C90100F46544 /* MatchingPlaceReviewDetailVC.swift in Sources */,
				C0E198B62B04156C00289391 /* AccountSettingViewController.swift in Sources */,
				BDBA78A52AF789F800FA186C /* authManager.swift in Sources */,
				FBB06AF22AEBAB990091D65A /* FireStorageManager.swift in Sources */,
				FBA7B0AF2ADD742600F79031 /* CustomView.swift in Sources */,
				DF1599C32AD6C86D00AE129B /* MainViewController.swift in Sources */,
				DFFE276D2ADFBA5200F5970F /* StoreCardView.swift in Sources */,
				BDC112732AF4A739000E4F9F /* ButtonTableViewCell.swift in Sources */,
				BD8D6B0B2ADEEECA00F2A8D6 /* Extension.swift in Sources */,
				BD8D6B0D2ADFB8AC00F2A8D6 /* FoodCardContentView.swift in Sources */,
				C0A634472AEF7C8100BF6B55 /* ProfileCell.swift in Sources */,
				BD62B0A92ADC1EB40096BD3F /* LoginVC.swift in Sources */,
				7B3313F02AF11FD900BC0F11 /* MatchingKeywordView.swift in Sources */,
				BD8D6B0F2ADFC28D00F2A8D6 /* FoodCardFooterView.swift in Sources */,
				FFEE93752AF3A2FF00A58010 /* SettingViewController.swift in Sources */,
				FF1D8E1F2AE14567002B685B /* SearchRegionViewController.swift in Sources */,
				FB3650502AE626B300EAEAB7 /* FireStoreManager.swift in Sources */,
			);
			runOnlyForDeploymentPostprocessing = 0;
		};
/* End PBXSourcesBuildPhase section */

/* Begin PBXVariantGroup section */
		DF1599B72AD6C6E300AE129B /* LaunchScreen.storyboard */ = {
			isa = PBXVariantGroup;
			children = (
				DF1599B82AD6C6E300AE129B /* Base */,
			);
			name = LaunchScreen.storyboard;
			sourceTree = "<group>";
		};
/* End PBXVariantGroup section */

/* Begin XCBuildConfiguration section */
		DF1599BB2AD6C6E300AE129B /* Debug */ = {
			isa = XCBuildConfiguration;
			buildSettings = {
				ALWAYS_SEARCH_USER_PATHS = NO;
				ASSETCATALOG_COMPILER_GENERATE_SWIFT_ASSET_SYMBOL_EXTENSIONS = YES;
				CLANG_ANALYZER_NONNULL = YES;
				CLANG_ANALYZER_NUMBER_OBJECT_CONVERSION = YES_AGGRESSIVE;
				CLANG_CXX_LANGUAGE_STANDARD = "gnu++20";
				CLANG_ENABLE_MODULES = YES;
				CLANG_ENABLE_OBJC_ARC = YES;
				CLANG_ENABLE_OBJC_WEAK = YES;
				CLANG_WARN_BLOCK_CAPTURE_AUTORELEASING = YES;
				CLANG_WARN_BOOL_CONVERSION = YES;
				CLANG_WARN_COMMA = YES;
				CLANG_WARN_CONSTANT_CONVERSION = YES;
				CLANG_WARN_DEPRECATED_OBJC_IMPLEMENTATIONS = YES;
				CLANG_WARN_DIRECT_OBJC_ISA_USAGE = YES_ERROR;
				CLANG_WARN_DOCUMENTATION_COMMENTS = YES;
				CLANG_WARN_EMPTY_BODY = YES;
				CLANG_WARN_ENUM_CONVERSION = YES;
				CLANG_WARN_INFINITE_RECURSION = YES;
				CLANG_WARN_INT_CONVERSION = YES;
				CLANG_WARN_NON_LITERAL_NULL_CONVERSION = YES;
				CLANG_WARN_OBJC_IMPLICIT_RETAIN_SELF = YES;
				CLANG_WARN_OBJC_LITERAL_CONVERSION = YES;
				CLANG_WARN_OBJC_ROOT_CLASS = YES_ERROR;
				CLANG_WARN_QUOTED_INCLUDE_IN_FRAMEWORK_HEADER = YES;
				CLANG_WARN_RANGE_LOOP_ANALYSIS = YES;
				CLANG_WARN_STRICT_PROTOTYPES = YES;
				CLANG_WARN_SUSPICIOUS_MOVE = YES;
				CLANG_WARN_UNGUARDED_AVAILABILITY = YES_AGGRESSIVE;
				CLANG_WARN_UNREACHABLE_CODE = YES;
				CLANG_WARN__DUPLICATE_METHOD_MATCH = YES;
				COPY_PHASE_STRIP = NO;
				DEBUG_INFORMATION_FORMAT = dwarf;
				ENABLE_STRICT_OBJC_MSGSEND = YES;
				ENABLE_TESTABILITY = YES;
				ENABLE_USER_SCRIPT_SANDBOXING = YES;
				GCC_C_LANGUAGE_STANDARD = gnu17;
				GCC_DYNAMIC_NO_PIC = NO;
				GCC_NO_COMMON_BLOCKS = YES;
				GCC_OPTIMIZATION_LEVEL = 0;
				GCC_PREPROCESSOR_DEFINITIONS = (
					"DEBUG=1",
					"$(inherited)",
				);
				GCC_WARN_64_TO_32_BIT_CONVERSION = YES;
				GCC_WARN_ABOUT_RETURN_TYPE = YES_ERROR;
				GCC_WARN_UNDECLARED_SELECTOR = YES;
				GCC_WARN_UNINITIALIZED_AUTOS = YES_AGGRESSIVE;
				GCC_WARN_UNUSED_FUNCTION = YES;
				GCC_WARN_UNUSED_VARIABLE = YES;
				IPHONEOS_DEPLOYMENT_TARGET = 15.0;
				LOCALIZATION_PREFERS_STRING_CATALOGS = YES;
				MTL_ENABLE_DEBUG_INFO = INCLUDE_SOURCE;
				MTL_FAST_MATH = YES;
				ONLY_ACTIVE_ARCH = YES;
				SDKROOT = iphoneos;
				SWIFT_ACTIVE_COMPILATION_CONDITIONS = "DEBUG $(inherited)";
				SWIFT_OPTIMIZATION_LEVEL = "-Onone";
			};
			name = Debug;
		};
		DF1599BC2AD6C6E300AE129B /* Release */ = {
			isa = XCBuildConfiguration;
			buildSettings = {
				ALWAYS_SEARCH_USER_PATHS = NO;
				ASSETCATALOG_COMPILER_GENERATE_SWIFT_ASSET_SYMBOL_EXTENSIONS = YES;
				CLANG_ANALYZER_NONNULL = YES;
				CLANG_ANALYZER_NUMBER_OBJECT_CONVERSION = YES_AGGRESSIVE;
				CLANG_CXX_LANGUAGE_STANDARD = "gnu++20";
				CLANG_ENABLE_MODULES = YES;
				CLANG_ENABLE_OBJC_ARC = YES;
				CLANG_ENABLE_OBJC_WEAK = YES;
				CLANG_WARN_BLOCK_CAPTURE_AUTORELEASING = YES;
				CLANG_WARN_BOOL_CONVERSION = YES;
				CLANG_WARN_COMMA = YES;
				CLANG_WARN_CONSTANT_CONVERSION = YES;
				CLANG_WARN_DEPRECATED_OBJC_IMPLEMENTATIONS = YES;
				CLANG_WARN_DIRECT_OBJC_ISA_USAGE = YES_ERROR;
				CLANG_WARN_DOCUMENTATION_COMMENTS = YES;
				CLANG_WARN_EMPTY_BODY = YES;
				CLANG_WARN_ENUM_CONVERSION = YES;
				CLANG_WARN_INFINITE_RECURSION = YES;
				CLANG_WARN_INT_CONVERSION = YES;
				CLANG_WARN_NON_LITERAL_NULL_CONVERSION = YES;
				CLANG_WARN_OBJC_IMPLICIT_RETAIN_SELF = YES;
				CLANG_WARN_OBJC_LITERAL_CONVERSION = YES;
				CLANG_WARN_OBJC_ROOT_CLASS = YES_ERROR;
				CLANG_WARN_QUOTED_INCLUDE_IN_FRAMEWORK_HEADER = YES;
				CLANG_WARN_RANGE_LOOP_ANALYSIS = YES;
				CLANG_WARN_STRICT_PROTOTYPES = YES;
				CLANG_WARN_SUSPICIOUS_MOVE = YES;
				CLANG_WARN_UNGUARDED_AVAILABILITY = YES_AGGRESSIVE;
				CLANG_WARN_UNREACHABLE_CODE = YES;
				CLANG_WARN__DUPLICATE_METHOD_MATCH = YES;
				COPY_PHASE_STRIP = NO;
				DEBUG_INFORMATION_FORMAT = "dwarf-with-dsym";
				ENABLE_NS_ASSERTIONS = NO;
				ENABLE_STRICT_OBJC_MSGSEND = YES;
				ENABLE_USER_SCRIPT_SANDBOXING = YES;
				GCC_C_LANGUAGE_STANDARD = gnu17;
				GCC_NO_COMMON_BLOCKS = YES;
				GCC_WARN_64_TO_32_BIT_CONVERSION = YES;
				GCC_WARN_ABOUT_RETURN_TYPE = YES_ERROR;
				GCC_WARN_UNDECLARED_SELECTOR = YES;
				GCC_WARN_UNINITIALIZED_AUTOS = YES_AGGRESSIVE;
				GCC_WARN_UNUSED_FUNCTION = YES;
				GCC_WARN_UNUSED_VARIABLE = YES;
				IPHONEOS_DEPLOYMENT_TARGET = 15.0;
				LOCALIZATION_PREFERS_STRING_CATALOGS = YES;
				MTL_ENABLE_DEBUG_INFO = NO;
				MTL_FAST_MATH = YES;
				SDKROOT = iphoneos;
				SWIFT_COMPILATION_MODE = wholemodule;
				VALIDATE_PRODUCT = YES;
			};
			name = Release;
		};
		DF1599BE2AD6C6E300AE129B /* Debug */ = {
			isa = XCBuildConfiguration;
			baseConfigurationReference = B6C3EDE94E208CC05D28A1EE /* Pods-ZZin.debug.xcconfig */;
			buildSettings = {
				ASSETCATALOG_COMPILER_APPICON_NAME = AppIcon;
				ASSETCATALOG_COMPILER_GLOBAL_ACCENT_COLOR_NAME = AccentColor;
				CODE_SIGN_STYLE = Automatic;
				CURRENT_PROJECT_VERSION = 1;
				DEVELOPMENT_TEAM = Q7MUQ2984B;
				ENABLE_USER_SCRIPT_SANDBOXING = NO;
				GENERATE_INFOPLIST_FILE = YES;
				INFOPLIST_FILE = ZZin/Info.plist;
				INFOPLIST_KEY_CFBundleDisplayName = "찐 - 로컷 추천 맛집앱";
				INFOPLIST_KEY_LSApplicationCategoryType = "public.app-category.food-and-drink";
				INFOPLIST_KEY_NSLocationAlwaysUsageDescription = "사용자의 위치를 받습니다.";
				INFOPLIST_KEY_NSLocationWhenInUseUsageDescription = "이 앱은 사용자의 주변 매장을 표시하기 위해 사용자의 위치 정보가 필요합니다.";
				INFOPLIST_KEY_NSPhotoLibraryUsageDescription = "사진 업로드를 위해 앨범 접근을 허용 하시겠습니까?";
				INFOPLIST_KEY_UIApplicationSupportsIndirectInputEvents = YES;
				INFOPLIST_KEY_UILaunchStoryboardName = LaunchScreen;
				INFOPLIST_KEY_UISupportedInterfaceOrientations = "UIInterfaceOrientationLandscapeLeft UIInterfaceOrientationLandscapeRight UIInterfaceOrientationPortrait UIInterfaceOrientationPortraitUpsideDown";
				IPHONEOS_DEPLOYMENT_TARGET = 15.0;
				LD_RUNPATH_SEARCH_PATHS = (
					"$(inherited)",
					"@executable_path/Frameworks",
				);
				MARKETING_VERSION = 1.0.1;
				PRODUCT_BUNDLE_IDENTIFIER = com.ddobaegi.ZZin;
				PRODUCT_NAME = "$(TARGET_NAME)";
				SUPPORTED_PLATFORMS = "iphoneos iphonesimulator";
				SUPPORTS_MACCATALYST = NO;
				SUPPORTS_MAC_DESIGNED_FOR_IPHONE_IPAD = NO;
				SWIFT_EMIT_LOC_STRINGS = YES;
				SWIFT_VERSION = 5.0;
				TARGETED_DEVICE_FAMILY = 1;
			};
			name = Debug;
		};
		DF1599BF2AD6C6E300AE129B /* Release */ = {
			isa = XCBuildConfiguration;
			baseConfigurationReference = 7AAC40E023A86C944BAF3917 /* Pods-ZZin.release.xcconfig */;
			buildSettings = {
				ASSETCATALOG_COMPILER_APPICON_NAME = AppIcon;
				ASSETCATALOG_COMPILER_GLOBAL_ACCENT_COLOR_NAME = AccentColor;
				CODE_SIGN_STYLE = Automatic;
				CURRENT_PROJECT_VERSION = 1;
				DEVELOPMENT_TEAM = Q7MUQ2984B;
				ENABLE_USER_SCRIPT_SANDBOXING = NO;
				GENERATE_INFOPLIST_FILE = YES;
				INFOPLIST_FILE = ZZin/Info.plist;
				INFOPLIST_KEY_CFBundleDisplayName = "찐 - 로컷 추천 맛집앱";
				INFOPLIST_KEY_LSApplicationCategoryType = "public.app-category.food-and-drink";
				INFOPLIST_KEY_NSLocationAlwaysUsageDescription = "사용자의 위치를 받습니다.";
				INFOPLIST_KEY_NSLocationWhenInUseUsageDescription = "이 앱은 사용자의 주변 매장을 표시하기 위해 사용자의 위치 정보가 필요합니다.";
				INFOPLIST_KEY_NSPhotoLibraryUsageDescription = "사진 업로드를 위해 앨범 접근을 허용 하시겠습니까?";
				INFOPLIST_KEY_UIApplicationSupportsIndirectInputEvents = YES;
				INFOPLIST_KEY_UILaunchStoryboardName = LaunchScreen;
				INFOPLIST_KEY_UISupportedInterfaceOrientations = "UIInterfaceOrientationLandscapeLeft UIInterfaceOrientationLandscapeRight UIInterfaceOrientationPortrait UIInterfaceOrientationPortraitUpsideDown";
				IPHONEOS_DEPLOYMENT_TARGET = 15.0;
				LD_RUNPATH_SEARCH_PATHS = (
					"$(inherited)",
					"@executable_path/Frameworks",
				);
				MARKETING_VERSION = 1.0.1;
				PRODUCT_BUNDLE_IDENTIFIER = com.ddobaegi.ZZin;
				PRODUCT_NAME = "$(TARGET_NAME)";
				SUPPORTED_PLATFORMS = "iphoneos iphonesimulator";
				SUPPORTS_MACCATALYST = NO;
				SUPPORTS_MAC_DESIGNED_FOR_IPHONE_IPAD = NO;
				SWIFT_EMIT_LOC_STRINGS = YES;
				SWIFT_VERSION = 5.0;
				TARGETED_DEVICE_FAMILY = 1;
			};
			name = Release;
		};
/* End XCBuildConfiguration section */

/* Begin XCConfigurationList section */
		DF1599A42AD6C6E200AE129B /* Build configuration list for PBXProject "ZZin" */ = {
			isa = XCConfigurationList;
			buildConfigurations = (
				DF1599BB2AD6C6E300AE129B /* Debug */,
				DF1599BC2AD6C6E300AE129B /* Release */,
			);
			defaultConfigurationIsVisible = 0;
			defaultConfigurationName = Release;
		};
		DF1599BD2AD6C6E300AE129B /* Build configuration list for PBXNativeTarget "ZZin" */ = {
			isa = XCConfigurationList;
			buildConfigurations = (
				DF1599BE2AD6C6E300AE129B /* Debug */,
				DF1599BF2AD6C6E300AE129B /* Release */,
			);
			defaultConfigurationIsVisible = 0;
			defaultConfigurationName = Release;
		};
/* End XCConfigurationList section */

/* Begin XCRemoteSwiftPackageReference section */
		BD3CB51A2ADD337800A9F4A0 /* XCRemoteSwiftPackageReference "SnapKit" */ = {
			isa = XCRemoteSwiftPackageReference;
			repositoryURL = "https://github.com/SnapKit/SnapKit.git";
			requirement = {
				kind = upToNextMajorVersion;
				minimumVersion = 5.6.0;
			};
		};
		BD3CB51D2ADD33D800A9F4A0 /* XCRemoteSwiftPackageReference "firebase-ios-sdk" */ = {
			isa = XCRemoteSwiftPackageReference;
			repositoryURL = "https://github.com/firebase/firebase-ios-sdk";
			requirement = {
				kind = upToNextMajorVersion;
				minimumVersion = 10.16.0;
			};
		};
		BD3CB5542ADD341F00A9F4A0 /* XCRemoteSwiftPackageReference "Then" */ = {
			isa = XCRemoteSwiftPackageReference;
			repositoryURL = "https://github.com/devxoul/Then.git";
			requirement = {
				kind = upToNextMajorVersion;
				minimumVersion = 3.0.0;
			};
		};
		BD66B47F2B1371ED007E6FC9 /* XCRemoteSwiftPackageReference "Swift-SMTP" */ = {
			isa = XCRemoteSwiftPackageReference;
			repositoryURL = "https://github.com/IBM-Swift/Swift-SMTP";
			requirement = {
				kind = upToNextMajorVersion;
				minimumVersion = 6.0.0;
			};
		};
		BD8D6B032ADEE82000F2A8D6 /* XCRemoteSwiftPackageReference "Shuffle" */ = {
			isa = XCRemoteSwiftPackageReference;
			repositoryURL = "https://github.com/mac-gallagher/Shuffle";
			requirement = {
				branch = master;
				kind = branch;
			};
		};
		BDA4314E2B0309A500817477 /* XCRemoteSwiftPackageReference "lottie-ios" */ = {
			isa = XCRemoteSwiftPackageReference;
			repositoryURL = "https://github.com/airbnb/lottie-ios.git";
			requirement = {
				kind = upToNextMajorVersion;
				minimumVersion = 4.3.3;
			};
		};
		FB3650872AE8AD7600EAEAB7 /* XCRemoteSwiftPackageReference "Alamofire" */ = {
			isa = XCRemoteSwiftPackageReference;
			repositoryURL = "https://github.com/Alamofire/Alamofire.git";
			requirement = {
				kind = upToNextMajorVersion;
				minimumVersion = 5.0.0;
			};
		};
		FBB06AEE2AEBAA270091D65A /* XCRemoteSwiftPackageReference "SDWebImage" */ = {
			isa = XCRemoteSwiftPackageReference;
			repositoryURL = "https://github.com/SDWebImage/SDWebImage.git";
			requirement = {
				kind = upToNextMajorVersion;
				minimumVersion = 5.0.0;
			};
		};
/* End XCRemoteSwiftPackageReference section */

/* Begin XCSwiftPackageProductDependency section */
		BD3CB51B2ADD337800A9F4A0 /* SnapKit */ = {
			isa = XCSwiftPackageProductDependency;
			package = BD3CB51A2ADD337800A9F4A0 /* XCRemoteSwiftPackageReference "SnapKit" */;
			productName = SnapKit;
		};
		BD3CB5262ADD33D800A9F4A0 /* FirebaseAppCheck */ = {
			isa = XCSwiftPackageProductDependency;
			package = BD3CB51D2ADD33D800A9F4A0 /* XCRemoteSwiftPackageReference "firebase-ios-sdk" */;
			productName = FirebaseAppCheck;
		};
		BD3CB52A2ADD33D800A9F4A0 /* FirebaseAuth */ = {
			isa = XCSwiftPackageProductDependency;
			package = BD3CB51D2ADD33D800A9F4A0 /* XCRemoteSwiftPackageReference "firebase-ios-sdk" */;
			productName = FirebaseAuth;
		};
		BD3CB5362ADD33D800A9F4A0 /* FirebaseFirestore */ = {
			isa = XCSwiftPackageProductDependency;
			package = BD3CB51D2ADD33D800A9F4A0 /* XCRemoteSwiftPackageReference "firebase-ios-sdk" */;
			productName = FirebaseFirestore;
		};
		BD3CB53A2ADD33D800A9F4A0 /* FirebaseFirestoreSwift */ = {
			isa = XCSwiftPackageProductDependency;
			package = BD3CB51D2ADD33D800A9F4A0 /* XCRemoteSwiftPackageReference "firebase-ios-sdk" */;
			productName = FirebaseFirestoreSwift;
		};
		BD3CB53C2ADD33D800A9F4A0 /* FirebaseFunctions */ = {
			isa = XCSwiftPackageProductDependency;
			package = BD3CB51D2ADD33D800A9F4A0 /* XCRemoteSwiftPackageReference "firebase-ios-sdk" */;
			productName = FirebaseFunctions;
		};
		BD3CB5462ADD33D800A9F4A0 /* FirebaseMLModelDownloader */ = {
			isa = XCSwiftPackageProductDependency;
			package = BD3CB51D2ADD33D800A9F4A0 /* XCRemoteSwiftPackageReference "firebase-ios-sdk" */;
			productName = FirebaseMLModelDownloader;
		};
		BD3CB54A2ADD33D800A9F4A0 /* FirebasePerformance */ = {
			isa = XCSwiftPackageProductDependency;
			package = BD3CB51D2ADD33D800A9F4A0 /* XCRemoteSwiftPackageReference "firebase-ios-sdk" */;
			productName = FirebasePerformance;
		};
		BD3CB54C2ADD33D800A9F4A0 /* FirebaseRemoteConfig */ = {
			isa = XCSwiftPackageProductDependency;
			package = BD3CB51D2ADD33D800A9F4A0 /* XCRemoteSwiftPackageReference "firebase-ios-sdk" */;
			productName = FirebaseRemoteConfig;
		};
		BD3CB54E2ADD33D800A9F4A0 /* FirebaseRemoteConfigSwift */ = {
			isa = XCSwiftPackageProductDependency;
			package = BD3CB51D2ADD33D800A9F4A0 /* XCRemoteSwiftPackageReference "firebase-ios-sdk" */;
			productName = FirebaseRemoteConfigSwift;
		};
		BD3CB5502ADD33D800A9F4A0 /* FirebaseStorage */ = {
			isa = XCSwiftPackageProductDependency;
			package = BD3CB51D2ADD33D800A9F4A0 /* XCRemoteSwiftPackageReference "firebase-ios-sdk" */;
			productName = FirebaseStorage;
		};
		BD3CB5552ADD342000A9F4A0 /* Then */ = {
			isa = XCSwiftPackageProductDependency;
			package = BD3CB5542ADD341F00A9F4A0 /* XCRemoteSwiftPackageReference "Then" */;
			productName = Then;
		};
		BD66B4802B1371ED007E6FC9 /* SwiftSMTP */ = {
			isa = XCSwiftPackageProductDependency;
			package = BD66B47F2B1371ED007E6FC9 /* XCRemoteSwiftPackageReference "Swift-SMTP" */;
			productName = SwiftSMTP;
		};
		BD8D6B042ADEE82000F2A8D6 /* Shuffle */ = {
			isa = XCSwiftPackageProductDependency;
			package = BD8D6B032ADEE82000F2A8D6 /* XCRemoteSwiftPackageReference "Shuffle" */;
			productName = Shuffle;
		};
		BDA4314F2B0309A500817477 /* Lottie */ = {
			isa = XCSwiftPackageProductDependency;
			package = BDA4314E2B0309A500817477 /* XCRemoteSwiftPackageReference "lottie-ios" */;
			productName = Lottie;
		};
		FB3650882AE8AD7600EAEAB7 /* Alamofire */ = {
			isa = XCSwiftPackageProductDependency;
			package = FB3650872AE8AD7600EAEAB7 /* XCRemoteSwiftPackageReference "Alamofire" */;
			productName = Alamofire;
		};
		FBB06AEF2AEBAA270091D65A /* SDWebImage */ = {
			isa = XCSwiftPackageProductDependency;
			package = FBB06AEE2AEBAA270091D65A /* XCRemoteSwiftPackageReference "SDWebImage" */;
			productName = SDWebImage;
		};
/* End XCSwiftPackageProductDependency section */
	};
	rootObject = DF1599A12AD6C6E200AE129B /* Project object */;
}
