// !$*UTF8*$!
{
	archiveVersion = 1;
	classes = {
	};
	objectVersion = 56;
	objects = {

/* Begin PBXBuildFile section */
		BD1018842ADD5E61003FAA97 /* CustomTextField.swift in Sources */ = {isa = PBXBuildFile; fileRef = BD1018832ADD5E61003FAA97 /* CustomTextField.swift */; };
		BD3CB51C2ADD337800A9F4A0 /* SnapKit in Frameworks */ = {isa = PBXBuildFile; productRef = BD3CB51B2ADD337800A9F4A0 /* SnapKit */; };
		BD3CB51F2ADD33D800A9F4A0 /* FirebaseAnalytics in Frameworks */ = {isa = PBXBuildFile; productRef = BD3CB51E2ADD33D800A9F4A0 /* FirebaseAnalytics */; };
		BD3CB5212ADD33D800A9F4A0 /* FirebaseAnalyticsOnDeviceConversion in Frameworks */ = {isa = PBXBuildFile; productRef = BD3CB5202ADD33D800A9F4A0 /* FirebaseAnalyticsOnDeviceConversion */; };
		BD3CB5232ADD33D800A9F4A0 /* FirebaseAnalyticsSwift in Frameworks */ = {isa = PBXBuildFile; productRef = BD3CB5222ADD33D800A9F4A0 /* FirebaseAnalyticsSwift */; };
		BD3CB5252ADD33D800A9F4A0 /* FirebaseAnalyticsWithoutAdIdSupport in Frameworks */ = {isa = PBXBuildFile; productRef = BD3CB5242ADD33D800A9F4A0 /* FirebaseAnalyticsWithoutAdIdSupport */; };
		BD3CB5272ADD33D800A9F4A0 /* FirebaseAppCheck in Frameworks */ = {isa = PBXBuildFile; productRef = BD3CB5262ADD33D800A9F4A0 /* FirebaseAppCheck */; };
		BD3CB5292ADD33D800A9F4A0 /* FirebaseAppDistribution-Beta in Frameworks */ = {isa = PBXBuildFile; productRef = BD3CB5282ADD33D800A9F4A0 /* FirebaseAppDistribution-Beta */; };
		BD3CB52B2ADD33D800A9F4A0 /* FirebaseAuth in Frameworks */ = {isa = PBXBuildFile; productRef = BD3CB52A2ADD33D800A9F4A0 /* FirebaseAuth */; };
		BD3CB52D2ADD33D800A9F4A0 /* FirebaseAuthCombine-Community in Frameworks */ = {isa = PBXBuildFile; productRef = BD3CB52C2ADD33D800A9F4A0 /* FirebaseAuthCombine-Community */; };
		BD3CB52F2ADD33D800A9F4A0 /* FirebaseCrashlytics in Frameworks */ = {isa = PBXBuildFile; productRef = BD3CB52E2ADD33D800A9F4A0 /* FirebaseCrashlytics */; };
		BD3CB5312ADD33D800A9F4A0 /* FirebaseDatabase in Frameworks */ = {isa = PBXBuildFile; productRef = BD3CB5302ADD33D800A9F4A0 /* FirebaseDatabase */; };
		BD3CB5332ADD33D800A9F4A0 /* FirebaseDatabaseSwift in Frameworks */ = {isa = PBXBuildFile; productRef = BD3CB5322ADD33D800A9F4A0 /* FirebaseDatabaseSwift */; };
		BD3CB5352ADD33D800A9F4A0 /* FirebaseDynamicLinks in Frameworks */ = {isa = PBXBuildFile; productRef = BD3CB5342ADD33D800A9F4A0 /* FirebaseDynamicLinks */; };
		BD3CB5372ADD33D800A9F4A0 /* FirebaseFirestore in Frameworks */ = {isa = PBXBuildFile; productRef = BD3CB5362ADD33D800A9F4A0 /* FirebaseFirestore */; };
		BD3CB5392ADD33D800A9F4A0 /* FirebaseFirestoreCombine-Community in Frameworks */ = {isa = PBXBuildFile; productRef = BD3CB5382ADD33D800A9F4A0 /* FirebaseFirestoreCombine-Community */; };
		BD3CB53B2ADD33D800A9F4A0 /* FirebaseFirestoreSwift in Frameworks */ = {isa = PBXBuildFile; productRef = BD3CB53A2ADD33D800A9F4A0 /* FirebaseFirestoreSwift */; };
		BD3CB53D2ADD33D800A9F4A0 /* FirebaseFunctions in Frameworks */ = {isa = PBXBuildFile; productRef = BD3CB53C2ADD33D800A9F4A0 /* FirebaseFunctions */; };
		BD3CB53F2ADD33D800A9F4A0 /* FirebaseFunctionsCombine-Community in Frameworks */ = {isa = PBXBuildFile; productRef = BD3CB53E2ADD33D800A9F4A0 /* FirebaseFunctionsCombine-Community */; };
		BD3CB5412ADD33D800A9F4A0 /* FirebaseInAppMessaging-Beta in Frameworks */ = {isa = PBXBuildFile; productRef = BD3CB5402ADD33D800A9F4A0 /* FirebaseInAppMessaging-Beta */; };
		BD3CB5432ADD33D800A9F4A0 /* FirebaseInAppMessagingSwift-Beta in Frameworks */ = {isa = PBXBuildFile; productRef = BD3CB5422ADD33D800A9F4A0 /* FirebaseInAppMessagingSwift-Beta */; };
		BD3CB5452ADD33D800A9F4A0 /* FirebaseInstallations in Frameworks */ = {isa = PBXBuildFile; productRef = BD3CB5442ADD33D800A9F4A0 /* FirebaseInstallations */; };
		BD3CB5472ADD33D800A9F4A0 /* FirebaseMLModelDownloader in Frameworks */ = {isa = PBXBuildFile; productRef = BD3CB5462ADD33D800A9F4A0 /* FirebaseMLModelDownloader */; };
		BD3CB5492ADD33D800A9F4A0 /* FirebaseMessaging in Frameworks */ = {isa = PBXBuildFile; productRef = BD3CB5482ADD33D800A9F4A0 /* FirebaseMessaging */; };
		BD3CB54B2ADD33D800A9F4A0 /* FirebasePerformance in Frameworks */ = {isa = PBXBuildFile; productRef = BD3CB54A2ADD33D800A9F4A0 /* FirebasePerformance */; };
		BD3CB54D2ADD33D800A9F4A0 /* FirebaseRemoteConfig in Frameworks */ = {isa = PBXBuildFile; productRef = BD3CB54C2ADD33D800A9F4A0 /* FirebaseRemoteConfig */; };
		BD3CB54F2ADD33D800A9F4A0 /* FirebaseRemoteConfigSwift in Frameworks */ = {isa = PBXBuildFile; productRef = BD3CB54E2ADD33D800A9F4A0 /* FirebaseRemoteConfigSwift */; };
		BD3CB5512ADD33D800A9F4A0 /* FirebaseStorage in Frameworks */ = {isa = PBXBuildFile; productRef = BD3CB5502ADD33D800A9F4A0 /* FirebaseStorage */; };
		BD3CB5532ADD33D800A9F4A0 /* FirebaseStorageCombine-Community in Frameworks */ = {isa = PBXBuildFile; productRef = BD3CB5522ADD33D800A9F4A0 /* FirebaseStorageCombine-Community */; };
		BD3CB5562ADD342000A9F4A0 /* Then in Frameworks */ = {isa = PBXBuildFile; productRef = BD3CB5552ADD342000A9F4A0 /* Then */; };
		BD62B0A92ADC1EB40096BD3F /* LoginViewController.swift in Sources */ = {isa = PBXBuildFile; fileRef = BD62B0A82ADC1EB40096BD3F /* LoginViewController.swift */; };
		BDE037C32ADC2B47003374A8 /* RegistrationViewController.swift in Sources */ = {isa = PBXBuildFile; fileRef = BDE037C22ADC2B47003374A8 /* RegistrationViewController.swift */; };
		DC095D142AD942610082B633 /* Model.swift in Sources */ = {isa = PBXBuildFile; fileRef = DC095D132AD942610082B633 /* Model.swift */; };
		DC095D162AD944B50082B633 /* ogudangdang.jpeg in Resources */ = {isa = PBXBuildFile; fileRef = DC095D152AD944B50082B633 /* ogudangdang.jpeg */; };
		DC095D182AD945C50082B633 /* ogudangdang_review.jpeg in Resources */ = {isa = PBXBuildFile; fileRef = DC095D172AD945C50082B633 /* ogudangdang_review.jpeg */; };
		DC0D18142AD794B400E188A1 /* GoogleService-Info.plist in Resources */ = {isa = PBXBuildFile; fileRef = DC0D18132AD794B400E188A1 /* GoogleService-Info.plist */; };
		DF1599AD2AD6C6E200AE129B /* AppDelegate.swift in Sources */ = {isa = PBXBuildFile; fileRef = DF1599AC2AD6C6E200AE129B /* AppDelegate.swift */; };
		DF1599AF2AD6C6E200AE129B /* SceneDelegate.swift in Sources */ = {isa = PBXBuildFile; fileRef = DF1599AE2AD6C6E200AE129B /* SceneDelegate.swift */; };
		DF1599B12AD6C6E200AE129B /* ViewController.swift in Sources */ = {isa = PBXBuildFile; fileRef = DF1599B02AD6C6E200AE129B /* ViewController.swift */; };
		DF1599B62AD6C6E300AE129B /* Assets.xcassets in Resources */ = {isa = PBXBuildFile; fileRef = DF1599B52AD6C6E300AE129B /* Assets.xcassets */; };
		DF1599B92AD6C6E300AE129B /* LaunchScreen.storyboard in Resources */ = {isa = PBXBuildFile; fileRef = DF1599B72AD6C6E300AE129B /* LaunchScreen.storyboard */; };
		DF1599C12AD6C7A300AE129B /* TabBarController.swift in Sources */ = {isa = PBXBuildFile; fileRef = DF1599C02AD6C7A300AE129B /* TabBarController.swift */; };
		DF1599C32AD6C86D00AE129B /* MainViewController.swift in Sources */ = {isa = PBXBuildFile; fileRef = DF1599C22AD6C86D00AE129B /* MainViewController.swift */; };
		DF1599C52AD6C89300AE129B /* SearchViewController.swift in Sources */ = {isa = PBXBuildFile; fileRef = DF1599C42AD6C89300AE129B /* SearchViewController.swift */; };
		DF1599C72AD6C8D600AE129B /* StoryViewController.swift in Sources */ = {isa = PBXBuildFile; fileRef = DF1599C62AD6C8D600AE129B /* StoryViewController.swift */; };
		DF1599C92AD6C8E400AE129B /* InfoViewController.swift in Sources */ = {isa = PBXBuildFile; fileRef = DF1599C82AD6C8E400AE129B /* InfoViewController.swift */; };
		DF1599CB2AD6CC3C00AE129B /* PostViewController.swift in Sources */ = {isa = PBXBuildFile; fileRef = DF1599CA2AD6CC3C00AE129B /* PostViewController.swift */; };
/* End PBXBuildFile section */

/* Begin PBXFileReference section */
		BD1018832ADD5E61003FAA97 /* CustomTextField.swift */ = {isa = PBXFileReference; lastKnownFileType = sourcecode.swift; path = CustomTextField.swift; sourceTree = "<group>"; };
		BD62B0A82ADC1EB40096BD3F /* LoginViewController.swift */ = {isa = PBXFileReference; lastKnownFileType = sourcecode.swift; path = LoginViewController.swift; sourceTree = "<group>"; };
		BDE037C22ADC2B47003374A8 /* RegistrationViewController.swift */ = {isa = PBXFileReference; lastKnownFileType = sourcecode.swift; path = RegistrationViewController.swift; sourceTree = "<group>"; };
		DC095D132AD942610082B633 /* Model.swift */ = {isa = PBXFileReference; lastKnownFileType = sourcecode.swift; path = Model.swift; sourceTree = "<group>"; };
		DC095D152AD944B50082B633 /* ogudangdang.jpeg */ = {isa = PBXFileReference; lastKnownFileType = image.jpeg; path = ogudangdang.jpeg; sourceTree = "<group>"; };
		DC095D172AD945C50082B633 /* ogudangdang_review.jpeg */ = {isa = PBXFileReference; lastKnownFileType = image.jpeg; path = ogudangdang_review.jpeg; sourceTree = "<group>"; };
		DC0D18132AD794B400E188A1 /* GoogleService-Info.plist */ = {isa = PBXFileReference; fileEncoding = 4; lastKnownFileType = text.plist.xml; path = "GoogleService-Info.plist"; sourceTree = "<group>"; };
		DF1599A92AD6C6E200AE129B /* ZZin.app */ = {isa = PBXFileReference; explicitFileType = wrapper.application; includeInIndex = 0; path = ZZin.app; sourceTree = BUILT_PRODUCTS_DIR; };
		DF1599AC2AD6C6E200AE129B /* AppDelegate.swift */ = {isa = PBXFileReference; lastKnownFileType = sourcecode.swift; path = AppDelegate.swift; sourceTree = "<group>"; };
		DF1599AE2AD6C6E200AE129B /* SceneDelegate.swift */ = {isa = PBXFileReference; lastKnownFileType = sourcecode.swift; path = SceneDelegate.swift; sourceTree = "<group>"; };
		DF1599B02AD6C6E200AE129B /* ViewController.swift */ = {isa = PBXFileReference; lastKnownFileType = sourcecode.swift; path = ViewController.swift; sourceTree = "<group>"; };
		DF1599B52AD6C6E300AE129B /* Assets.xcassets */ = {isa = PBXFileReference; lastKnownFileType = folder.assetcatalog; path = Assets.xcassets; sourceTree = "<group>"; };
		DF1599B82AD6C6E300AE129B /* Base */ = {isa = PBXFileReference; lastKnownFileType = file.storyboard; name = Base; path = Base.lproj/LaunchScreen.storyboard; sourceTree = "<group>"; };
		DF1599BA2AD6C6E300AE129B /* Info.plist */ = {isa = PBXFileReference; lastKnownFileType = text.plist.xml; path = Info.plist; sourceTree = "<group>"; };
		DF1599C02AD6C7A300AE129B /* TabBarController.swift */ = {isa = PBXFileReference; lastKnownFileType = sourcecode.swift; path = TabBarController.swift; sourceTree = "<group>"; };
		DF1599C22AD6C86D00AE129B /* MainViewController.swift */ = {isa = PBXFileReference; lastKnownFileType = sourcecode.swift; path = MainViewController.swift; sourceTree = "<group>"; };
		DF1599C42AD6C89300AE129B /* SearchViewController.swift */ = {isa = PBXFileReference; lastKnownFileType = sourcecode.swift; path = SearchViewController.swift; sourceTree = "<group>"; };
		DF1599C62AD6C8D600AE129B /* StoryViewController.swift */ = {isa = PBXFileReference; lastKnownFileType = sourcecode.swift; path = StoryViewController.swift; sourceTree = "<group>"; };
		DF1599C82AD6C8E400AE129B /* InfoViewController.swift */ = {isa = PBXFileReference; lastKnownFileType = sourcecode.swift; path = InfoViewController.swift; sourceTree = "<group>"; };
		DF1599CA2AD6CC3C00AE129B /* PostViewController.swift */ = {isa = PBXFileReference; lastKnownFileType = sourcecode.swift; path = PostViewController.swift; sourceTree = "<group>"; };
/* End PBXFileReference section */

/* Begin PBXFrameworksBuildPhase section */
		DF1599A62AD6C6E200AE129B /* Frameworks */ = {
			isa = PBXFrameworksBuildPhase;
			buildActionMask = 2147483647;
			files = (
				BD3CB53D2ADD33D800A9F4A0 /* FirebaseFunctions in Frameworks */,
				BD3CB5332ADD33D800A9F4A0 /* FirebaseDatabaseSwift in Frameworks */,
				BD3CB5432ADD33D800A9F4A0 /* FirebaseInAppMessagingSwift-Beta in Frameworks */,
				BD3CB5492ADD33D800A9F4A0 /* FirebaseMessaging in Frameworks */,
				BD3CB5292ADD33D800A9F4A0 /* FirebaseAppDistribution-Beta in Frameworks */,
				BD3CB52D2ADD33D800A9F4A0 /* FirebaseAuthCombine-Community in Frameworks */,
				BD3CB5392ADD33D800A9F4A0 /* FirebaseFirestoreCombine-Community in Frameworks */,
				BD3CB5232ADD33D800A9F4A0 /* FirebaseAnalyticsSwift in Frameworks */,
				BD3CB5472ADD33D800A9F4A0 /* FirebaseMLModelDownloader in Frameworks */,
				BD3CB5252ADD33D800A9F4A0 /* FirebaseAnalyticsWithoutAdIdSupport in Frameworks */,
				BD3CB51F2ADD33D800A9F4A0 /* FirebaseAnalytics in Frameworks */,
				BD3CB53B2ADD33D800A9F4A0 /* FirebaseFirestoreSwift in Frameworks */,
				BD3CB5562ADD342000A9F4A0 /* Then in Frameworks */,
				BD3CB5212ADD33D800A9F4A0 /* FirebaseAnalyticsOnDeviceConversion in Frameworks */,
				BD3CB5272ADD33D800A9F4A0 /* FirebaseAppCheck in Frameworks */,
				BD3CB54B2ADD33D800A9F4A0 /* FirebasePerformance in Frameworks */,
				BD3CB5412ADD33D800A9F4A0 /* FirebaseInAppMessaging-Beta in Frameworks */,
				BD3CB53F2ADD33D800A9F4A0 /* FirebaseFunctionsCombine-Community in Frameworks */,
				BD3CB52F2ADD33D800A9F4A0 /* FirebaseCrashlytics in Frameworks */,
				BD3CB5452ADD33D800A9F4A0 /* FirebaseInstallations in Frameworks */,
				BD3CB54D2ADD33D800A9F4A0 /* FirebaseRemoteConfig in Frameworks */,
				BD3CB5512ADD33D800A9F4A0 /* FirebaseStorage in Frameworks */,
				BD3CB5312ADD33D800A9F4A0 /* FirebaseDatabase in Frameworks */,
				BD3CB5532ADD33D800A9F4A0 /* FirebaseStorageCombine-Community in Frameworks */,
				BD3CB51C2ADD337800A9F4A0 /* SnapKit in Frameworks */,
				BD3CB52B2ADD33D800A9F4A0 /* FirebaseAuth in Frameworks */,
				BD3CB5352ADD33D800A9F4A0 /* FirebaseDynamicLinks in Frameworks */,
				BD3CB5372ADD33D800A9F4A0 /* FirebaseFirestore in Frameworks */,
				BD3CB54F2ADD33D800A9F4A0 /* FirebaseRemoteConfigSwift in Frameworks */,
			);
			runOnlyForDeploymentPostprocessing = 0;
		};
/* End PBXFrameworksBuildPhase section */

/* Begin PBXGroup section */
		BD1018822ADD589D003FAA97 /* Login */ = {
			isa = PBXGroup;
			children = (
				BD62B0A82ADC1EB40096BD3F /* LoginViewController.swift */,
				BDE037C22ADC2B47003374A8 /* RegistrationViewController.swift */,
				BD1018832ADD5E61003FAA97 /* CustomTextField.swift */,
			);
			path = Login;
			sourceTree = "<group>";
		};
		DF1599A02AD6C6E200AE129B = {
			isa = PBXGroup;
			children = (
				DF1599AB2AD6C6E200AE129B /* ZZin */,
				DF1599AA2AD6C6E200AE129B /* Products */,
			);
			sourceTree = "<group>";
		};
		DF1599AA2AD6C6E200AE129B /* Products */ = {
			isa = PBXGroup;
			children = (
				DF1599A92AD6C6E200AE129B /* ZZin.app */,
			);
			name = Products;
			sourceTree = "<group>";
		};
		DF1599AB2AD6C6E200AE129B /* ZZin */ = {
			isa = PBXGroup;
			children = (
				DF1599AC2AD6C6E200AE129B /* AppDelegate.swift */,
				DF1599AE2AD6C6E200AE129B /* SceneDelegate.swift */,
				DF1599B02AD6C6E200AE129B /* ViewController.swift */,
				DF1599C02AD6C7A300AE129B /* TabBarController.swift */,
				DF1599B52AD6C6E300AE129B /* Assets.xcassets */,
				DF1599B72AD6C6E300AE129B /* LaunchScreen.storyboard */,
				DF1599BA2AD6C6E300AE129B /* Info.plist */,
				DF1599C22AD6C86D00AE129B /* MainViewController.swift */,
				DF1599C42AD6C89300AE129B /* SearchViewController.swift */,
				DF1599C62AD6C8D600AE129B /* StoryViewController.swift */,
				DF1599C82AD6C8E400AE129B /* InfoViewController.swift */,
				DF1599CA2AD6CC3C00AE129B /* PostViewController.swift */,
				BD1018822ADD589D003FAA97 /* Login */,
				DC095D152AD944B50082B633 /* ogudangdang.jpeg */,
				DC095D172AD945C50082B633 /* ogudangdang_review.jpeg */,
				DC0D18132AD794B400E188A1 /* GoogleService-Info.plist */,
				DC095D132AD942610082B633 /* Model.swift */,
			);
			path = ZZin;
			sourceTree = "<group>";
		};
/* End PBXGroup section */

/* Begin PBXNativeTarget section */
		DF1599A82AD6C6E200AE129B /* ZZin */ = {
			isa = PBXNativeTarget;
			buildConfigurationList = DF1599BD2AD6C6E300AE129B /* Build configuration list for PBXNativeTarget "ZZin" */;
			buildPhases = (
				DF1599A52AD6C6E200AE129B /* Sources */,
				DF1599A62AD6C6E200AE129B /* Frameworks */,
				DF1599A72AD6C6E200AE129B /* Resources */,
			);
			buildRules = (
			);
			dependencies = (
			);
			name = ZZin;
			packageProductDependencies = (
				BD3CB51B2ADD337800A9F4A0 /* SnapKit */,
				BD3CB51E2ADD33D800A9F4A0 /* FirebaseAnalytics */,
				BD3CB5202ADD33D800A9F4A0 /* FirebaseAnalyticsOnDeviceConversion */,
				BD3CB5222ADD33D800A9F4A0 /* FirebaseAnalyticsSwift */,
				BD3CB5242ADD33D800A9F4A0 /* FirebaseAnalyticsWithoutAdIdSupport */,
				BD3CB5262ADD33D800A9F4A0 /* FirebaseAppCheck */,
				BD3CB5282ADD33D800A9F4A0 /* FirebaseAppDistribution-Beta */,
				BD3CB52A2ADD33D800A9F4A0 /* FirebaseAuth */,
				BD3CB52C2ADD33D800A9F4A0 /* FirebaseAuthCombine-Community */,
				BD3CB52E2ADD33D800A9F4A0 /* FirebaseCrashlytics */,
				BD3CB5302ADD33D800A9F4A0 /* FirebaseDatabase */,
				BD3CB5322ADD33D800A9F4A0 /* FirebaseDatabaseSwift */,
				BD3CB5342ADD33D800A9F4A0 /* FirebaseDynamicLinks */,
				BD3CB5362ADD33D800A9F4A0 /* FirebaseFirestore */,
				BD3CB5382ADD33D800A9F4A0 /* FirebaseFirestoreCombine-Community */,
				BD3CB53A2ADD33D800A9F4A0 /* FirebaseFirestoreSwift */,
				BD3CB53C2ADD33D800A9F4A0 /* FirebaseFunctions */,
				BD3CB53E2ADD33D800A9F4A0 /* FirebaseFunctionsCombine-Community */,
				BD3CB5402ADD33D800A9F4A0 /* FirebaseInAppMessaging-Beta */,
				BD3CB5422ADD33D800A9F4A0 /* FirebaseInAppMessagingSwift-Beta */,
				BD3CB5442ADD33D800A9F4A0 /* FirebaseInstallations */,
				BD3CB5462ADD33D800A9F4A0 /* FirebaseMLModelDownloader */,
				BD3CB5482ADD33D800A9F4A0 /* FirebaseMessaging */,
				BD3CB54A2ADD33D800A9F4A0 /* FirebasePerformance */,
				BD3CB54C2ADD33D800A9F4A0 /* FirebaseRemoteConfig */,
				BD3CB54E2ADD33D800A9F4A0 /* FirebaseRemoteConfigSwift */,
				BD3CB5502ADD33D800A9F4A0 /* FirebaseStorage */,
				BD3CB5522ADD33D800A9F4A0 /* FirebaseStorageCombine-Community */,
				BD3CB5552ADD342000A9F4A0 /* Then */,
			);
			productName = ZZin;
			productReference = DF1599A92AD6C6E200AE129B /* ZZin.app */;
			productType = "com.apple.product-type.application";
		};
/* End PBXNativeTarget section */

/* Begin PBXProject section */
		DF1599A12AD6C6E200AE129B /* Project object */ = {
			isa = PBXProject;
			attributes = {
				BuildIndependentTargetsInParallel = 1;
				LastSwiftUpdateCheck = 1500;
				LastUpgradeCheck = 1500;
				TargetAttributes = {
					DF1599A82AD6C6E200AE129B = {
						CreatedOnToolsVersion = 15.0;
					};
				};
			};
			buildConfigurationList = DF1599A42AD6C6E200AE129B /* Build configuration list for PBXProject "ZZin" */;
			compatibilityVersion = "Xcode 14.0";
			developmentRegion = en;
			hasScannedForEncodings = 0;
			knownRegions = (
				en,
				Base,
			);
			mainGroup = DF1599A02AD6C6E200AE129B;
			packageReferences = (
				BD3CB51A2ADD337800A9F4A0 /* XCRemoteSwiftPackageReference "SnapKit" */,
				BD3CB51D2ADD33D800A9F4A0 /* XCRemoteSwiftPackageReference "firebase-ios-sdk" */,
				BD3CB5542ADD341F00A9F4A0 /* XCRemoteSwiftPackageReference "Then" */,
			);
			productRefGroup = DF1599AA2AD6C6E200AE129B /* Products */;
			projectDirPath = "";
			projectRoot = "";
			targets = (
				DF1599A82AD6C6E200AE129B /* ZZin */,
			);
		};
/* End PBXProject section */

/* Begin PBXResourcesBuildPhase section */
		DF1599A72AD6C6E200AE129B /* Resources */ = {
			isa = PBXResourcesBuildPhase;
			buildActionMask = 2147483647;
			files = (
				DF1599B92AD6C6E300AE129B /* LaunchScreen.storyboard in Resources */,
				DC095D182AD945C50082B633 /* ogudangdang_review.jpeg in Resources */,
				DF1599B62AD6C6E300AE129B /* Assets.xcassets in Resources */,
				DC0D18142AD794B400E188A1 /* GoogleService-Info.plist in Resources */,
				DC095D162AD944B50082B633 /* ogudangdang.jpeg in Resources */,
			);
			runOnlyForDeploymentPostprocessing = 0;
		};
/* End PBXResourcesBuildPhase section */

/* Begin PBXSourcesBuildPhase section */
		DF1599A52AD6C6E200AE129B /* Sources */ = {
			isa = PBXSourcesBuildPhase;
			buildActionMask = 2147483647;
			files = (
				BD1018842ADD5E61003FAA97 /* CustomTextField.swift in Sources */,
				DF1599CB2AD6CC3C00AE129B /* PostViewController.swift in Sources */,
				DF1599C52AD6C89300AE129B /* SearchViewController.swift in Sources */,
				DF1599B12AD6C6E200AE129B /* ViewController.swift in Sources */,
				DF1599C12AD6C7A300AE129B /* TabBarController.swift in Sources */,
				DF1599AD2AD6C6E200AE129B /* AppDelegate.swift in Sources */,
				DC095D142AD942610082B633 /* Model.swift in Sources */,
				BDE037C32ADC2B47003374A8 /* RegistrationViewController.swift in Sources */,
				DF1599AF2AD6C6E200AE129B /* SceneDelegate.swift in Sources */,
				DF1599C72AD6C8D600AE129B /* StoryViewController.swift in Sources */,
				DF1599C92AD6C8E400AE129B /* InfoViewController.swift in Sources */,
				DF1599C32AD6C86D00AE129B /* MainViewController.swift in Sources */,
				BD62B0A92ADC1EB40096BD3F /* LoginViewController.swift in Sources */,
			);
			runOnlyForDeploymentPostprocessing = 0;
		};
/* End PBXSourcesBuildPhase section */

/* Begin PBXVariantGroup section */
		DF1599B72AD6C6E300AE129B /* LaunchScreen.storyboard */ = {
			isa = PBXVariantGroup;
			children = (
				DF1599B82AD6C6E300AE129B /* Base */,
			);
			name = LaunchScreen.storyboard;
			sourceTree = "<group>";
		};
/* End PBXVariantGroup section */

/* Begin XCBuildConfiguration section */
		DF1599BB2AD6C6E300AE129B /* Debug */ = {
			isa = XCBuildConfiguration;
			buildSettings = {
				ALWAYS_SEARCH_USER_PATHS = NO;
				ASSETCATALOG_COMPILER_GENERATE_SWIFT_ASSET_SYMBOL_EXTENSIONS = YES;
				CLANG_ANALYZER_NONNULL = YES;
				CLANG_ANALYZER_NUMBER_OBJECT_CONVERSION = YES_AGGRESSIVE;
				CLANG_CXX_LANGUAGE_STANDARD = "gnu++20";
				CLANG_ENABLE_MODULES = YES;
				CLANG_ENABLE_OBJC_ARC = YES;
				CLANG_ENABLE_OBJC_WEAK = YES;
				CLANG_WARN_BLOCK_CAPTURE_AUTORELEASING = YES;
				CLANG_WARN_BOOL_CONVERSION = YES;
				CLANG_WARN_COMMA = YES;
				CLANG_WARN_CONSTANT_CONVERSION = YES;
				CLANG_WARN_DEPRECATED_OBJC_IMPLEMENTATIONS = YES;
				CLANG_WARN_DIRECT_OBJC_ISA_USAGE = YES_ERROR;
				CLANG_WARN_DOCUMENTATION_COMMENTS = YES;
				CLANG_WARN_EMPTY_BODY = YES;
				CLANG_WARN_ENUM_CONVERSION = YES;
				CLANG_WARN_INFINITE_RECURSION = YES;
				CLANG_WARN_INT_CONVERSION = YES;
				CLANG_WARN_NON_LITERAL_NULL_CONVERSION = YES;
				CLANG_WARN_OBJC_IMPLICIT_RETAIN_SELF = YES;
				CLANG_WARN_OBJC_LITERAL_CONVERSION = YES;
				CLANG_WARN_OBJC_ROOT_CLASS = YES_ERROR;
				CLANG_WARN_QUOTED_INCLUDE_IN_FRAMEWORK_HEADER = YES;
				CLANG_WARN_RANGE_LOOP_ANALYSIS = YES;
				CLANG_WARN_STRICT_PROTOTYPES = YES;
				CLANG_WARN_SUSPICIOUS_MOVE = YES;
				CLANG_WARN_UNGUARDED_AVAILABILITY = YES_AGGRESSIVE;
				CLANG_WARN_UNREACHABLE_CODE = YES;
				CLANG_WARN__DUPLICATE_METHOD_MATCH = YES;
				COPY_PHASE_STRIP = NO;
				DEBUG_INFORMATION_FORMAT = dwarf;
				ENABLE_STRICT_OBJC_MSGSEND = YES;
				ENABLE_TESTABILITY = YES;
				ENABLE_USER_SCRIPT_SANDBOXING = YES;
				GCC_C_LANGUAGE_STANDARD = gnu17;
				GCC_DYNAMIC_NO_PIC = NO;
				GCC_NO_COMMON_BLOCKS = YES;
				GCC_OPTIMIZATION_LEVEL = 0;
				GCC_PREPROCESSOR_DEFINITIONS = (
					"DEBUG=1",
					"$(inherited)",
				);
				GCC_WARN_64_TO_32_BIT_CONVERSION = YES;
				GCC_WARN_ABOUT_RETURN_TYPE = YES_ERROR;
				GCC_WARN_UNDECLARED_SELECTOR = YES;
				GCC_WARN_UNINITIALIZED_AUTOS = YES_AGGRESSIVE;
				GCC_WARN_UNUSED_FUNCTION = YES;
				GCC_WARN_UNUSED_VARIABLE = YES;
				IPHONEOS_DEPLOYMENT_TARGET = 15.0;
				LOCALIZATION_PREFERS_STRING_CATALOGS = YES;
				MTL_ENABLE_DEBUG_INFO = INCLUDE_SOURCE;
				MTL_FAST_MATH = YES;
				ONLY_ACTIVE_ARCH = YES;
				SDKROOT = iphoneos;
				SWIFT_ACTIVE_COMPILATION_CONDITIONS = "DEBUG $(inherited)";
				SWIFT_OPTIMIZATION_LEVEL = "-Onone";
			};
			name = Debug;
		};
		DF1599BC2AD6C6E300AE129B /* Release */ = {
			isa = XCBuildConfiguration;
			buildSettings = {
				ALWAYS_SEARCH_USER_PATHS = NO;
				ASSETCATALOG_COMPILER_GENERATE_SWIFT_ASSET_SYMBOL_EXTENSIONS = YES;
				CLANG_ANALYZER_NONNULL = YES;
				CLANG_ANALYZER_NUMBER_OBJECT_CONVERSION = YES_AGGRESSIVE;
				CLANG_CXX_LANGUAGE_STANDARD = "gnu++20";
				CLANG_ENABLE_MODULES = YES;
				CLANG_ENABLE_OBJC_ARC = YES;
				CLANG_ENABLE_OBJC_WEAK = YES;
				CLANG_WARN_BLOCK_CAPTURE_AUTORELEASING = YES;
				CLANG_WARN_BOOL_CONVERSION = YES;
				CLANG_WARN_COMMA = YES;
				CLANG_WARN_CONSTANT_CONVERSION = YES;
				CLANG_WARN_DEPRECATED_OBJC_IMPLEMENTATIONS = YES;
				CLANG_WARN_DIRECT_OBJC_ISA_USAGE = YES_ERROR;
				CLANG_WARN_DOCUMENTATION_COMMENTS = YES;
				CLANG_WARN_EMPTY_BODY = YES;
				CLANG_WARN_ENUM_CONVERSION = YES;
				CLANG_WARN_INFINITE_RECURSION = YES;
				CLANG_WARN_INT_CONVERSION = YES;
				CLANG_WARN_NON_LITERAL_NULL_CONVERSION = YES;
				CLANG_WARN_OBJC_IMPLICIT_RETAIN_SELF = YES;
				CLANG_WARN_OBJC_LITERAL_CONVERSION = YES;
				CLANG_WARN_OBJC_ROOT_CLASS = YES_ERROR;
				CLANG_WARN_QUOTED_INCLUDE_IN_FRAMEWORK_HEADER = YES;
				CLANG_WARN_RANGE_LOOP_ANALYSIS = YES;
				CLANG_WARN_STRICT_PROTOTYPES = YES;
				CLANG_WARN_SUSPICIOUS_MOVE = YES;
				CLANG_WARN_UNGUARDED_AVAILABILITY = YES_AGGRESSIVE;
				CLANG_WARN_UNREACHABLE_CODE = YES;
				CLANG_WARN__DUPLICATE_METHOD_MATCH = YES;
				COPY_PHASE_STRIP = NO;
				DEBUG_INFORMATION_FORMAT = "dwarf-with-dsym";
				ENABLE_NS_ASSERTIONS = NO;
				ENABLE_STRICT_OBJC_MSGSEND = YES;
				ENABLE_USER_SCRIPT_SANDBOXING = YES;
				GCC_C_LANGUAGE_STANDARD = gnu17;
				GCC_NO_COMMON_BLOCKS = YES;
				GCC_WARN_64_TO_32_BIT_CONVERSION = YES;
				GCC_WARN_ABOUT_RETURN_TYPE = YES_ERROR;
				GCC_WARN_UNDECLARED_SELECTOR = YES;
				GCC_WARN_UNINITIALIZED_AUTOS = YES_AGGRESSIVE;
				GCC_WARN_UNUSED_FUNCTION = YES;
				GCC_WARN_UNUSED_VARIABLE = YES;
				IPHONEOS_DEPLOYMENT_TARGET = 15.0;
				LOCALIZATION_PREFERS_STRING_CATALOGS = YES;
				MTL_ENABLE_DEBUG_INFO = NO;
				MTL_FAST_MATH = YES;
				SDKROOT = iphoneos;
				SWIFT_COMPILATION_MODE = wholemodule;
				VALIDATE_PRODUCT = YES;
			};
			name = Release;
		};
		DF1599BE2AD6C6E300AE129B /* Debug */ = {
			isa = XCBuildConfiguration;
			buildSettings = {
				ASSETCATALOG_COMPILER_APPICON_NAME = AppIcon;
				ASSETCATALOG_COMPILER_GLOBAL_ACCENT_COLOR_NAME = AccentColor;
				CODE_SIGN_STYLE = Automatic;
				CURRENT_PROJECT_VERSION = 1;
				DEVELOPMENT_TEAM = 2W6JX5D446;
				GENERATE_INFOPLIST_FILE = YES;
				INFOPLIST_FILE = ZZin/Info.plist;
				INFOPLIST_KEY_UIApplicationSupportsIndirectInputEvents = YES;
				INFOPLIST_KEY_UILaunchStoryboardName = LaunchScreen;
				INFOPLIST_KEY_UISupportedInterfaceOrientations = UIInterfaceOrientationPortrait;
				IPHONEOS_DEPLOYMENT_TARGET = 15.0;
				LD_RUNPATH_SEARCH_PATHS = (
					"$(inherited)",
					"@executable_path/Frameworks",
				);
				MARKETING_VERSION = 1.0;
				PRODUCT_BUNDLE_IDENTIFIER = com.ddobaegi.ZZin;
				PRODUCT_NAME = "$(TARGET_NAME)";
				SWIFT_EMIT_LOC_STRINGS = YES;
				SWIFT_VERSION = 5.0;
				TARGETED_DEVICE_FAMILY = "1,2";
			};
			name = Debug;
		};
		DF1599BF2AD6C6E300AE129B /* Release */ = {
			isa = XCBuildConfiguration;
			buildSettings = {
				ASSETCATALOG_COMPILER_APPICON_NAME = AppIcon;
				ASSETCATALOG_COMPILER_GLOBAL_ACCENT_COLOR_NAME = AccentColor;
				CODE_SIGN_STYLE = Automatic;
				CURRENT_PROJECT_VERSION = 1;
				DEVELOPMENT_TEAM = 2W6JX5D446;
				GENERATE_INFOPLIST_FILE = YES;
				INFOPLIST_FILE = ZZin/Info.plist;
				INFOPLIST_KEY_UIApplicationSupportsIndirectInputEvents = YES;
				INFOPLIST_KEY_UILaunchStoryboardName = LaunchScreen;
				INFOPLIST_KEY_UISupportedInterfaceOrientations = UIInterfaceOrientationPortrait;
				IPHONEOS_DEPLOYMENT_TARGET = 15.0;
				LD_RUNPATH_SEARCH_PATHS = (
					"$(inherited)",
					"@executable_path/Frameworks",
				);
				MARKETING_VERSION = 1.0;
				PRODUCT_BUNDLE_IDENTIFIER = com.ddobaegi.ZZin;
				PRODUCT_NAME = "$(TARGET_NAME)";
				SWIFT_EMIT_LOC_STRINGS = YES;
				SWIFT_VERSION = 5.0;
				TARGETED_DEVICE_FAMILY = "1,2";
			};
			name = Release;
		};
/* End XCBuildConfiguration section */

/* Begin XCConfigurationList section */
		DF1599A42AD6C6E200AE129B /* Build configuration list for PBXProject "ZZin" */ = {
			isa = XCConfigurationList;
			buildConfigurations = (
				DF1599BB2AD6C6E300AE129B /* Debug */,
				DF1599BC2AD6C6E300AE129B /* Release */,
			);
			defaultConfigurationIsVisible = 0;
			defaultConfigurationName = Release;
		};
		DF1599BD2AD6C6E300AE129B /* Build configuration list for PBXNativeTarget "ZZin" */ = {
			isa = XCConfigurationList;
			buildConfigurations = (
				DF1599BE2AD6C6E300AE129B /* Debug */,
				DF1599BF2AD6C6E300AE129B /* Release */,
			);
			defaultConfigurationIsVisible = 0;
			defaultConfigurationName = Release;
		};
/* End XCConfigurationList section */

/* Begin XCRemoteSwiftPackageReference section */
		BD3CB51A2ADD337800A9F4A0 /* XCRemoteSwiftPackageReference "SnapKit" */ = {
			isa = XCRemoteSwiftPackageReference;
			repositoryURL = "https://github.com/SnapKit/SnapKit.git";
			requirement = {
				kind = upToNextMajorVersion;
				minimumVersion = 5.6.0;
			};
		};
		BD3CB51D2ADD33D800A9F4A0 /* XCRemoteSwiftPackageReference "firebase-ios-sdk" */ = {
			isa = XCRemoteSwiftPackageReference;
			repositoryURL = "https://github.com/firebase/firebase-ios-sdk";
			requirement = {
				kind = upToNextMajorVersion;
				minimumVersion = 10.16.0;
			};
		};
		BD3CB5542ADD341F00A9F4A0 /* XCRemoteSwiftPackageReference "Then" */ = {
			isa = XCRemoteSwiftPackageReference;
			repositoryURL = "https://github.com/devxoul/Then.git";
			requirement = {
				kind = upToNextMajorVersion;
				minimumVersion = 3.0.0;
			};
		};
/* End XCRemoteSwiftPackageReference section */

/* Begin XCSwiftPackageProductDependency section */
		BD3CB51B2ADD337800A9F4A0 /* SnapKit */ = {
			isa = XCSwiftPackageProductDependency;
			package = BD3CB51A2ADD337800A9F4A0 /* XCRemoteSwiftPackageReference "SnapKit" */;
			productName = SnapKit;
		};
		BD3CB51E2ADD33D800A9F4A0 /* FirebaseAnalytics */ = {
			isa = XCSwiftPackageProductDependency;
			package = BD3CB51D2ADD33D800A9F4A0 /* XCRemoteSwiftPackageReference "firebase-ios-sdk" */;
			productName = FirebaseAnalytics;
		};
		BD3CB5202ADD33D800A9F4A0 /* FirebaseAnalyticsOnDeviceConversion */ = {
			isa = XCSwiftPackageProductDependency;
			package = BD3CB51D2ADD33D800A9F4A0 /* XCRemoteSwiftPackageReference "firebase-ios-sdk" */;
			productName = FirebaseAnalyticsOnDeviceConversion;
		};
		BD3CB5222ADD33D800A9F4A0 /* FirebaseAnalyticsSwift */ = {
			isa = XCSwiftPackageProductDependency;
			package = BD3CB51D2ADD33D800A9F4A0 /* XCRemoteSwiftPackageReference "firebase-ios-sdk" */;
			productName = FirebaseAnalyticsSwift;
		};
		BD3CB5242ADD33D800A9F4A0 /* FirebaseAnalyticsWithoutAdIdSupport */ = {
			isa = XCSwiftPackageProductDependency;
			package = BD3CB51D2ADD33D800A9F4A0 /* XCRemoteSwiftPackageReference "firebase-ios-sdk" */;
			productName = FirebaseAnalyticsWithoutAdIdSupport;
		};
		BD3CB5262ADD33D800A9F4A0 /* FirebaseAppCheck */ = {
			isa = XCSwiftPackageProductDependency;
			package = BD3CB51D2ADD33D800A9F4A0 /* XCRemoteSwiftPackageReference "firebase-ios-sdk" */;
			productName = FirebaseAppCheck;
		};
		BD3CB5282ADD33D800A9F4A0 /* FirebaseAppDistribution-Beta */ = {
			isa = XCSwiftPackageProductDependency;
			package = BD3CB51D2ADD33D800A9F4A0 /* XCRemoteSwiftPackageReference "firebase-ios-sdk" */;
			productName = "FirebaseAppDistribution-Beta";
		};
		BD3CB52A2ADD33D800A9F4A0 /* FirebaseAuth */ = {
			isa = XCSwiftPackageProductDependency;
			package = BD3CB51D2ADD33D800A9F4A0 /* XCRemoteSwiftPackageReference "firebase-ios-sdk" */;
			productName = FirebaseAuth;
		};
		BD3CB52C2ADD33D800A9F4A0 /* FirebaseAuthCombine-Community */ = {
			isa = XCSwiftPackageProductDependency;
			package = BD3CB51D2ADD33D800A9F4A0 /* XCRemoteSwiftPackageReference "firebase-ios-sdk" */;
			productName = "FirebaseAuthCombine-Community";
		};
		BD3CB52E2ADD33D800A9F4A0 /* FirebaseCrashlytics */ = {
			isa = XCSwiftPackageProductDependency;
			package = BD3CB51D2ADD33D800A9F4A0 /* XCRemoteSwiftPackageReference "firebase-ios-sdk" */;
			productName = FirebaseCrashlytics;
		};
		BD3CB5302ADD33D800A9F4A0 /* FirebaseDatabase */ = {
			isa = XCSwiftPackageProductDependency;
			package = BD3CB51D2ADD33D800A9F4A0 /* XCRemoteSwiftPackageReference "firebase-ios-sdk" */;
			productName = FirebaseDatabase;
		};
		BD3CB5322ADD33D800A9F4A0 /* FirebaseDatabaseSwift */ = {
			isa = XCSwiftPackageProductDependency;
			package = BD3CB51D2ADD33D800A9F4A0 /* XCRemoteSwiftPackageReference "firebase-ios-sdk" */;
			productName = FirebaseDatabaseSwift;
		};
		BD3CB5342ADD33D800A9F4A0 /* FirebaseDynamicLinks */ = {
			isa = XCSwiftPackageProductDependency;
			package = BD3CB51D2ADD33D800A9F4A0 /* XCRemoteSwiftPackageReference "firebase-ios-sdk" */;
			productName = FirebaseDynamicLinks;
		};
		BD3CB5362ADD33D800A9F4A0 /* FirebaseFirestore */ = {
			isa = XCSwiftPackageProductDependency;
			package = BD3CB51D2ADD33D800A9F4A0 /* XCRemoteSwiftPackageReference "firebase-ios-sdk" */;
			productName = FirebaseFirestore;
		};
		BD3CB5382ADD33D800A9F4A0 /* FirebaseFirestoreCombine-Community */ = {
			isa = XCSwiftPackageProductDependency;
			package = BD3CB51D2ADD33D800A9F4A0 /* XCRemoteSwiftPackageReference "firebase-ios-sdk" */;
			productName = "FirebaseFirestoreCombine-Community";
		};
		BD3CB53A2ADD33D800A9F4A0 /* FirebaseFirestoreSwift */ = {
			isa = XCSwiftPackageProductDependency;
			package = BD3CB51D2ADD33D800A9F4A0 /* XCRemoteSwiftPackageReference "firebase-ios-sdk" */;
			productName = FirebaseFirestoreSwift;
		};
		BD3CB53C2ADD33D800A9F4A0 /* FirebaseFunctions */ = {
			isa = XCSwiftPackageProductDependency;
			package = BD3CB51D2ADD33D800A9F4A0 /* XCRemoteSwiftPackageReference "firebase-ios-sdk" */;
			productName = FirebaseFunctions;
		};
		BD3CB53E2ADD33D800A9F4A0 /* FirebaseFunctionsCombine-Community */ = {
			isa = XCSwiftPackageProductDependency;
			package = BD3CB51D2ADD33D800A9F4A0 /* XCRemoteSwiftPackageReference "firebase-ios-sdk" */;
			productName = "FirebaseFunctionsCombine-Community";
		};
		BD3CB5402ADD33D800A9F4A0 /* FirebaseInAppMessaging-Beta */ = {
			isa = XCSwiftPackageProductDependency;
			package = BD3CB51D2ADD33D800A9F4A0 /* XCRemoteSwiftPackageReference "firebase-ios-sdk" */;
			productName = "FirebaseInAppMessaging-Beta";
		};
		BD3CB5422ADD33D800A9F4A0 /* FirebaseInAppMessagingSwift-Beta */ = {
			isa = XCSwiftPackageProductDependency;
			package = BD3CB51D2ADD33D800A9F4A0 /* XCRemoteSwiftPackageReference "firebase-ios-sdk" */;
			productName = "FirebaseInAppMessagingSwift-Beta";
		};
		BD3CB5442ADD33D800A9F4A0 /* FirebaseInstallations */ = {
			isa = XCSwiftPackageProductDependency;
			package = BD3CB51D2ADD33D800A9F4A0 /* XCRemoteSwiftPackageReference "firebase-ios-sdk" */;
			productName = FirebaseInstallations;
		};
		BD3CB5462ADD33D800A9F4A0 /* FirebaseMLModelDownloader */ = {
			isa = XCSwiftPackageProductDependency;
			package = BD3CB51D2ADD33D800A9F4A0 /* XCRemoteSwiftPackageReference "firebase-ios-sdk" */;
			productName = FirebaseMLModelDownloader;
		};
		BD3CB5482ADD33D800A9F4A0 /* FirebaseMessaging */ = {
			isa = XCSwiftPackageProductDependency;
			package = BD3CB51D2ADD33D800A9F4A0 /* XCRemoteSwiftPackageReference "firebase-ios-sdk" */;
			productName = FirebaseMessaging;
		};
		BD3CB54A2ADD33D800A9F4A0 /* FirebasePerformance */ = {
			isa = XCSwiftPackageProductDependency;
			package = BD3CB51D2ADD33D800A9F4A0 /* XCRemoteSwiftPackageReference "firebase-ios-sdk" */;
			productName = FirebasePerformance;
		};
		BD3CB54C2ADD33D800A9F4A0 /* FirebaseRemoteConfig */ = {
			isa = XCSwiftPackageProductDependency;
			package = BD3CB51D2ADD33D800A9F4A0 /* XCRemoteSwiftPackageReference "firebase-ios-sdk" */;
			productName = FirebaseRemoteConfig;
		};
		BD3CB54E2ADD33D800A9F4A0 /* FirebaseRemoteConfigSwift */ = {
			isa = XCSwiftPackageProductDependency;
			package = BD3CB51D2ADD33D800A9F4A0 /* XCRemoteSwiftPackageReference "firebase-ios-sdk" */;
			productName = FirebaseRemoteConfigSwift;
		};
		BD3CB5502ADD33D800A9F4A0 /* FirebaseStorage */ = {
			isa = XCSwiftPackageProductDependency;
			package = BD3CB51D2ADD33D800A9F4A0 /* XCRemoteSwiftPackageReference "firebase-ios-sdk" */;
			productName = FirebaseStorage;
		};
		BD3CB5522ADD33D800A9F4A0 /* FirebaseStorageCombine-Community */ = {
			isa = XCSwiftPackageProductDependency;
			package = BD3CB51D2ADD33D800A9F4A0 /* XCRemoteSwiftPackageReference "firebase-ios-sdk" */;
			productName = "FirebaseStorageCombine-Community";
		};
		BD3CB5552ADD342000A9F4A0 /* Then */ = {
			isa = XCSwiftPackageProductDependency;
			package = BD3CB5542ADD341F00A9F4A0 /* XCRemoteSwiftPackageReference "Then" */;
			productName = Then;
		};
/* End XCSwiftPackageProductDependency section */
	};
	rootObject = DF1599A12AD6C6E200AE129B /* Project object */;
}
