// !$*UTF8*$!
{
	archiveVersion = 1;
	classes = {
	};
	objectVersion = 56;
	objects = {

/* Begin PBXBuildFile section */
		DC095D142AD942610082B633 /* Model.swift in Sources */ = {isa = PBXBuildFile; fileRef = DC095D132AD942610082B633 /* Model.swift */; };
		DC095D162AD944B50082B633 /* ogudangdang.jpeg in Resources */ = {isa = PBXBuildFile; fileRef = DC095D152AD944B50082B633 /* ogudangdang.jpeg */; };
		DC095D182AD945C50082B633 /* ogudangdang_review.jpeg in Resources */ = {isa = PBXBuildFile; fileRef = DC095D172AD945C50082B633 /* ogudangdang_review.jpeg */; };
		DC0D18142AD794B400E188A1 /* GoogleService-Info.plist in Resources */ = {isa = PBXBuildFile; fileRef = DC0D18132AD794B400E188A1 /* GoogleService-Info.plist */; };
		DC0D18172AD796F100E188A1 /* FirebaseAnalytics in Frameworks */ = {isa = PBXBuildFile; productRef = DC0D18162AD796F100E188A1 /* FirebaseAnalytics */; };
		DC0D18192AD796F100E188A1 /* FirebaseAnalyticsOnDeviceConversion in Frameworks */ = {isa = PBXBuildFile; productRef = DC0D18182AD796F100E188A1 /* FirebaseAnalyticsOnDeviceConversion */; };
		DC0D181B2AD796F100E188A1 /* FirebaseAnalyticsSwift in Frameworks */ = {isa = PBXBuildFile; productRef = DC0D181A2AD796F100E188A1 /* FirebaseAnalyticsSwift */; };
		DC0D181D2AD796F100E188A1 /* FirebaseAnalyticsWithoutAdIdSupport in Frameworks */ = {isa = PBXBuildFile; productRef = DC0D181C2AD796F100E188A1 /* FirebaseAnalyticsWithoutAdIdSupport */; };
		DC0D181F2AD796F100E188A1 /* FirebaseAppCheck in Frameworks */ = {isa = PBXBuildFile; productRef = DC0D181E2AD796F100E188A1 /* FirebaseAppCheck */; };
		DC0D18212AD796F100E188A1 /* FirebaseAppDistribution-Beta in Frameworks */ = {isa = PBXBuildFile; productRef = DC0D18202AD796F100E188A1 /* FirebaseAppDistribution-Beta */; };
		DC0D18232AD796F100E188A1 /* FirebaseAuth in Frameworks */ = {isa = PBXBuildFile; productRef = DC0D18222AD796F100E188A1 /* FirebaseAuth */; };
		DC0D18252AD796F100E188A1 /* FirebaseAuthCombine-Community in Frameworks */ = {isa = PBXBuildFile; productRef = DC0D18242AD796F100E188A1 /* FirebaseAuthCombine-Community */; };
		DC0D18272AD796F100E188A1 /* FirebaseCrashlytics in Frameworks */ = {isa = PBXBuildFile; productRef = DC0D18262AD796F100E188A1 /* FirebaseCrashlytics */; };
		DC0D18292AD796F100E188A1 /* FirebaseDatabase in Frameworks */ = {isa = PBXBuildFile; productRef = DC0D18282AD796F100E188A1 /* FirebaseDatabase */; };
		DC0D182B2AD796F100E188A1 /* FirebaseDatabaseSwift in Frameworks */ = {isa = PBXBuildFile; productRef = DC0D182A2AD796F100E188A1 /* FirebaseDatabaseSwift */; };
		DC0D182D2AD796F100E188A1 /* FirebaseDynamicLinks in Frameworks */ = {isa = PBXBuildFile; productRef = DC0D182C2AD796F100E188A1 /* FirebaseDynamicLinks */; };
		DC0D182F2AD796F100E188A1 /* FirebaseFirestore in Frameworks */ = {isa = PBXBuildFile; productRef = DC0D182E2AD796F100E188A1 /* FirebaseFirestore */; };
		DC0D18312AD796F100E188A1 /* FirebaseFirestoreCombine-Community in Frameworks */ = {isa = PBXBuildFile; productRef = DC0D18302AD796F100E188A1 /* FirebaseFirestoreCombine-Community */; };
		DC0D18332AD796F100E188A1 /* FirebaseFirestoreSwift in Frameworks */ = {isa = PBXBuildFile; productRef = DC0D18322AD796F100E188A1 /* FirebaseFirestoreSwift */; };
		DC0D18352AD796F100E188A1 /* FirebaseFunctions in Frameworks */ = {isa = PBXBuildFile; productRef = DC0D18342AD796F100E188A1 /* FirebaseFunctions */; };
		DC0D18372AD796F100E188A1 /* FirebaseFunctionsCombine-Community in Frameworks */ = {isa = PBXBuildFile; productRef = DC0D18362AD796F100E188A1 /* FirebaseFunctionsCombine-Community */; };
		DC0D18392AD796F100E188A1 /* FirebaseInAppMessaging-Beta in Frameworks */ = {isa = PBXBuildFile; productRef = DC0D18382AD796F100E188A1 /* FirebaseInAppMessaging-Beta */; };
		DC0D183B2AD796F100E188A1 /* FirebaseInAppMessagingSwift-Beta in Frameworks */ = {isa = PBXBuildFile; productRef = DC0D183A2AD796F100E188A1 /* FirebaseInAppMessagingSwift-Beta */; };
		DC0D183D2AD796F100E188A1 /* FirebaseInstallations in Frameworks */ = {isa = PBXBuildFile; productRef = DC0D183C2AD796F100E188A1 /* FirebaseInstallations */; };
		DC0D183F2AD796F100E188A1 /* FirebaseMLModelDownloader in Frameworks */ = {isa = PBXBuildFile; productRef = DC0D183E2AD796F100E188A1 /* FirebaseMLModelDownloader */; };
		DC0D18412AD796F100E188A1 /* FirebaseMessaging in Frameworks */ = {isa = PBXBuildFile; productRef = DC0D18402AD796F100E188A1 /* FirebaseMessaging */; };
		DC0D18432AD796F100E188A1 /* FirebasePerformance in Frameworks */ = {isa = PBXBuildFile; productRef = DC0D18422AD796F100E188A1 /* FirebasePerformance */; };
		DC0D18452AD796F100E188A1 /* FirebaseRemoteConfig in Frameworks */ = {isa = PBXBuildFile; productRef = DC0D18442AD796F100E188A1 /* FirebaseRemoteConfig */; };
		DC0D18472AD796F100E188A1 /* FirebaseRemoteConfigSwift in Frameworks */ = {isa = PBXBuildFile; productRef = DC0D18462AD796F100E188A1 /* FirebaseRemoteConfigSwift */; };
		DC0D18492AD796F100E188A1 /* FirebaseStorage in Frameworks */ = {isa = PBXBuildFile; productRef = DC0D18482AD796F100E188A1 /* FirebaseStorage */; };
		DC0D184B2AD796F100E188A1 /* FirebaseStorageCombine-Community in Frameworks */ = {isa = PBXBuildFile; productRef = DC0D184A2AD796F100E188A1 /* FirebaseStorageCombine-Community */; };
		DC0D184E2AD7975000E188A1 /* SnapKit in Frameworks */ = {isa = PBXBuildFile; productRef = DC0D184D2AD7975000E188A1 /* SnapKit */; };
		DC0D18512AD7981500E188A1 /* Then in Frameworks */ = {isa = PBXBuildFile; productRef = DC0D18502AD7981500E188A1 /* Then */; };
		DF1599AD2AD6C6E200AE129B /* AppDelegate.swift in Sources */ = {isa = PBXBuildFile; fileRef = DF1599AC2AD6C6E200AE129B /* AppDelegate.swift */; };
		DF1599AF2AD6C6E200AE129B /* SceneDelegate.swift in Sources */ = {isa = PBXBuildFile; fileRef = DF1599AE2AD6C6E200AE129B /* SceneDelegate.swift */; };
		DF1599B12AD6C6E200AE129B /* ViewController.swift in Sources */ = {isa = PBXBuildFile; fileRef = DF1599B02AD6C6E200AE129B /* ViewController.swift */; };
		DF1599B62AD6C6E300AE129B /* Assets.xcassets in Resources */ = {isa = PBXBuildFile; fileRef = DF1599B52AD6C6E300AE129B /* Assets.xcassets */; };
		DF1599B92AD6C6E300AE129B /* LaunchScreen.storyboard in Resources */ = {isa = PBXBuildFile; fileRef = DF1599B72AD6C6E300AE129B /* LaunchScreen.storyboard */; };
		DF1599C12AD6C7A300AE129B /* TabBarController.swift in Sources */ = {isa = PBXBuildFile; fileRef = DF1599C02AD6C7A300AE129B /* TabBarController.swift */; };
		DF1599C32AD6C86D00AE129B /* MainViewController.swift in Sources */ = {isa = PBXBuildFile; fileRef = DF1599C22AD6C86D00AE129B /* MainViewController.swift */; };
		DF1599C52AD6C89300AE129B /* SearchViewController.swift in Sources */ = {isa = PBXBuildFile; fileRef = DF1599C42AD6C89300AE129B /* SearchViewController.swift */; };
		DF1599C72AD6C8D600AE129B /* StoryViewController.swift in Sources */ = {isa = PBXBuildFile; fileRef = DF1599C62AD6C8D600AE129B /* StoryViewController.swift */; };
		DF1599C92AD6C8E400AE129B /* InfoViewController.swift in Sources */ = {isa = PBXBuildFile; fileRef = DF1599C82AD6C8E400AE129B /* InfoViewController.swift */; };
		DF1599CB2AD6CC3C00AE129B /* PostViewController.swift in Sources */ = {isa = PBXBuildFile; fileRef = DF1599CA2AD6CC3C00AE129B /* PostViewController.swift */; };
		FBA7B0AF2ADD742600F79031 /* CostomView.swift in Sources */ = {isa = PBXBuildFile; fileRef = FBA7B0AE2ADD742600F79031 /* CostomView.swift */; };
/* End PBXBuildFile section */

/* Begin PBXFileReference section */
		DC095D132AD942610082B633 /* Model.swift */ = {isa = PBXFileReference; lastKnownFileType = sourcecode.swift; path = Model.swift; sourceTree = "<group>"; };
		DC095D152AD944B50082B633 /* ogudangdang.jpeg */ = {isa = PBXFileReference; lastKnownFileType = image.jpeg; path = ogudangdang.jpeg; sourceTree = "<group>"; };
		DC095D172AD945C50082B633 /* ogudangdang_review.jpeg */ = {isa = PBXFileReference; lastKnownFileType = image.jpeg; path = ogudangdang_review.jpeg; sourceTree = "<group>"; };
		DC0D18132AD794B400E188A1 /* GoogleService-Info.plist */ = {isa = PBXFileReference; fileEncoding = 4; lastKnownFileType = text.plist.xml; path = "GoogleService-Info.plist"; sourceTree = "<group>"; };
		DF1599A92AD6C6E200AE129B /* ZZin.app */ = {isa = PBXFileReference; explicitFileType = wrapper.application; includeInIndex = 0; path = ZZin.app; sourceTree = BUILT_PRODUCTS_DIR; };
		DF1599AC2AD6C6E200AE129B /* AppDelegate.swift */ = {isa = PBXFileReference; lastKnownFileType = sourcecode.swift; path = AppDelegate.swift; sourceTree = "<group>"; };
		DF1599AE2AD6C6E200AE129B /* SceneDelegate.swift */ = {isa = PBXFileReference; lastKnownFileType = sourcecode.swift; path = SceneDelegate.swift; sourceTree = "<group>"; };
		DF1599B02AD6C6E200AE129B /* ViewController.swift */ = {isa = PBXFileReference; lastKnownFileType = sourcecode.swift; path = ViewController.swift; sourceTree = "<group>"; };
		DF1599B52AD6C6E300AE129B /* Assets.xcassets */ = {isa = PBXFileReference; lastKnownFileType = folder.assetcatalog; path = Assets.xcassets; sourceTree = "<group>"; };
		DF1599B82AD6C6E300AE129B /* Base */ = {isa = PBXFileReference; lastKnownFileType = file.storyboard; name = Base; path = Base.lproj/LaunchScreen.storyboard; sourceTree = "<group>"; };
		DF1599BA2AD6C6E300AE129B /* Info.plist */ = {isa = PBXFileReference; lastKnownFileType = text.plist.xml; path = Info.plist; sourceTree = "<group>"; };
		DF1599C02AD6C7A300AE129B /* TabBarController.swift */ = {isa = PBXFileReference; lastKnownFileType = sourcecode.swift; path = TabBarController.swift; sourceTree = "<group>"; };
		DF1599C22AD6C86D00AE129B /* MainViewController.swift */ = {isa = PBXFileReference; lastKnownFileType = sourcecode.swift; path = MainViewController.swift; sourceTree = "<group>"; };
		DF1599C42AD6C89300AE129B /* SearchViewController.swift */ = {isa = PBXFileReference; lastKnownFileType = sourcecode.swift; path = SearchViewController.swift; sourceTree = "<group>"; };
		DF1599C62AD6C8D600AE129B /* StoryViewController.swift */ = {isa = PBXFileReference; lastKnownFileType = sourcecode.swift; path = StoryViewController.swift; sourceTree = "<group>"; };
		DF1599C82AD6C8E400AE129B /* InfoViewController.swift */ = {isa = PBXFileReference; lastKnownFileType = sourcecode.swift; path = InfoViewController.swift; sourceTree = "<group>"; };
		DF1599CA2AD6CC3C00AE129B /* PostViewController.swift */ = {isa = PBXFileReference; lastKnownFileType = sourcecode.swift; path = PostViewController.swift; sourceTree = "<group>"; };
		FBA7B0AE2ADD742600F79031 /* CostomView.swift */ = {isa = PBXFileReference; lastKnownFileType = sourcecode.swift; path = CostomView.swift; sourceTree = "<group>"; };
/* End PBXFileReference section */

/* Begin PBXFrameworksBuildPhase section */
		DF1599A62AD6C6E200AE129B /* Frameworks */ = {
			isa = PBXFrameworksBuildPhase;
			buildActionMask = 2147483647;
			files = (
				DC0D18292AD796F100E188A1 /* FirebaseDatabase in Frameworks */,
				DC0D18372AD796F100E188A1 /* FirebaseFunctionsCombine-Community in Frameworks */,
				DC0D182F2AD796F100E188A1 /* FirebaseFirestore in Frameworks */,
				DC0D181B2AD796F100E188A1 /* FirebaseAnalyticsSwift in Frameworks */,
				DC0D18172AD796F100E188A1 /* FirebaseAnalytics in Frameworks */,
				DC0D18192AD796F100E188A1 /* FirebaseAnalyticsOnDeviceConversion in Frameworks */,
				DC0D183F2AD796F100E188A1 /* FirebaseMLModelDownloader in Frameworks */,
				DC0D18332AD796F100E188A1 /* FirebaseFirestoreSwift in Frameworks */,
				DC0D181F2AD796F100E188A1 /* FirebaseAppCheck in Frameworks */,
				DC0D181D2AD796F100E188A1 /* FirebaseAnalyticsWithoutAdIdSupport in Frameworks */,
				DC0D18232AD796F100E188A1 /* FirebaseAuth in Frameworks */,
				DC0D18272AD796F100E188A1 /* FirebaseCrashlytics in Frameworks */,
				DC0D18512AD7981500E188A1 /* Then in Frameworks */,
				DC0D18472AD796F100E188A1 /* FirebaseRemoteConfigSwift in Frameworks */,
				DC0D18392AD796F100E188A1 /* FirebaseInAppMessaging-Beta in Frameworks */,
				DC0D182B2AD796F100E188A1 /* FirebaseDatabaseSwift in Frameworks */,
				DC0D18352AD796F100E188A1 /* FirebaseFunctions in Frameworks */,
				DC0D184B2AD796F100E188A1 /* FirebaseStorageCombine-Community in Frameworks */,
				DC0D184E2AD7975000E188A1 /* SnapKit in Frameworks */,
				DC0D18452AD796F100E188A1 /* FirebaseRemoteConfig in Frameworks */,
				DC0D18212AD796F100E188A1 /* FirebaseAppDistribution-Beta in Frameworks */,
				DC0D18252AD796F100E188A1 /* FirebaseAuthCombine-Community in Frameworks */,
				DC0D18432AD796F100E188A1 /* FirebasePerformance in Frameworks */,
				DC0D183B2AD796F100E188A1 /* FirebaseInAppMessagingSwift-Beta in Frameworks */,
				DC0D18492AD796F100E188A1 /* FirebaseStorage in Frameworks */,
				DC0D182D2AD796F100E188A1 /* FirebaseDynamicLinks in Frameworks */,
				DC0D18312AD796F100E188A1 /* FirebaseFirestoreCombine-Community in Frameworks */,
				DC0D18412AD796F100E188A1 /* FirebaseMessaging in Frameworks */,
				DC0D183D2AD796F100E188A1 /* FirebaseInstallations in Frameworks */,
			);
			runOnlyForDeploymentPostprocessing = 0;
		};
/* End PBXFrameworksBuildPhase section */

/* Begin PBXGroup section */
		DF1599A02AD6C6E200AE129B = {
			isa = PBXGroup;
			children = (
				DF1599AB2AD6C6E200AE129B /* ZZin */,
				DF1599AA2AD6C6E200AE129B /* Products */,
			);
			sourceTree = "<group>";
		};
		DF1599AA2AD6C6E200AE129B /* Products */ = {
			isa = PBXGroup;
			children = (
				DF1599A92AD6C6E200AE129B /* ZZin.app */,
			);
			name = Products;
			sourceTree = "<group>";
		};
		DF1599AB2AD6C6E200AE129B /* ZZin */ = {
			isa = PBXGroup;
			children = (
				DF1599AC2AD6C6E200AE129B /* AppDelegate.swift */,
				DF1599AE2AD6C6E200AE129B /* SceneDelegate.swift */,
				DF1599B02AD6C6E200AE129B /* ViewController.swift */,
				DF1599C02AD6C7A300AE129B /* TabBarController.swift */,
				DF1599B52AD6C6E300AE129B /* Assets.xcassets */,
				DF1599B72AD6C6E300AE129B /* LaunchScreen.storyboard */,
				DF1599BA2AD6C6E300AE129B /* Info.plist */,
				DF1599C22AD6C86D00AE129B /* MainViewController.swift */,
				DF1599C42AD6C89300AE129B /* SearchViewController.swift */,
				DF1599C62AD6C8D600AE129B /* StoryViewController.swift */,
				DF1599C82AD6C8E400AE129B /* InfoViewController.swift */,
				DF1599CA2AD6CC3C00AE129B /* PostViewController.swift */,
				DC095D152AD944B50082B633 /* ogudangdang.jpeg */,
				DC095D172AD945C50082B633 /* ogudangdang_review.jpeg */,
				DC0D18132AD794B400E188A1 /* GoogleService-Info.plist */,
				DC095D132AD942610082B633 /* Model.swift */,
				FBA7B0AE2ADD742600F79031 /* CostomView.swift */,
			);
			path = ZZin;
			sourceTree = "<group>";
		};
/* End PBXGroup section */

/* Begin PBXNativeTarget section */
		DF1599A82AD6C6E200AE129B /* ZZin */ = {
			isa = PBXNativeTarget;
			buildConfigurationList = DF1599BD2AD6C6E300AE129B /* Build configuration list for PBXNativeTarget "ZZin" */;
			buildPhases = (
				DF1599A52AD6C6E200AE129B /* Sources */,
				DF1599A62AD6C6E200AE129B /* Frameworks */,
				DF1599A72AD6C6E200AE129B /* Resources */,
			);
			buildRules = (
			);
			dependencies = (
			);
			name = ZZin;
			packageProductDependencies = (
				DC0D18162AD796F100E188A1 /* FirebaseAnalytics */,
				DC0D18182AD796F100E188A1 /* FirebaseAnalyticsOnDeviceConversion */,
				DC0D181A2AD796F100E188A1 /* FirebaseAnalyticsSwift */,
				DC0D181C2AD796F100E188A1 /* FirebaseAnalyticsWithoutAdIdSupport */,
				DC0D181E2AD796F100E188A1 /* FirebaseAppCheck */,
				DC0D18202AD796F100E188A1 /* FirebaseAppDistribution-Beta */,
				DC0D18222AD796F100E188A1 /* FirebaseAuth */,
				DC0D18242AD796F100E188A1 /* FirebaseAuthCombine-Community */,
				DC0D18262AD796F100E188A1 /* FirebaseCrashlytics */,
				DC0D18282AD796F100E188A1 /* FirebaseDatabase */,
				DC0D182A2AD796F100E188A1 /* FirebaseDatabaseSwift */,
				DC0D182C2AD796F100E188A1 /* FirebaseDynamicLinks */,
				DC0D182E2AD796F100E188A1 /* FirebaseFirestore */,
				DC0D18302AD796F100E188A1 /* FirebaseFirestoreCombine-Community */,
				DC0D18322AD796F100E188A1 /* FirebaseFirestoreSwift */,
				DC0D18342AD796F100E188A1 /* FirebaseFunctions */,
				DC0D18362AD796F100E188A1 /* FirebaseFunctionsCombine-Community */,
				DC0D18382AD796F100E188A1 /* FirebaseInAppMessaging-Beta */,
				DC0D183A2AD796F100E188A1 /* FirebaseInAppMessagingSwift-Beta */,
				DC0D183C2AD796F100E188A1 /* FirebaseInstallations */,
				DC0D183E2AD796F100E188A1 /* FirebaseMLModelDownloader */,
				DC0D18402AD796F100E188A1 /* FirebaseMessaging */,
				DC0D18422AD796F100E188A1 /* FirebasePerformance */,
				DC0D18442AD796F100E188A1 /* FirebaseRemoteConfig */,
				DC0D18462AD796F100E188A1 /* FirebaseRemoteConfigSwift */,
				DC0D18482AD796F100E188A1 /* FirebaseStorage */,
				DC0D184A2AD796F100E188A1 /* FirebaseStorageCombine-Community */,
				DC0D184D2AD7975000E188A1 /* SnapKit */,
				DC0D18502AD7981500E188A1 /* Then */,
			);
			productName = ZZin;
			productReference = DF1599A92AD6C6E200AE129B /* ZZin.app */;
			productType = "com.apple.product-type.application";
		};
/* End PBXNativeTarget section */

/* Begin PBXProject section */
		DF1599A12AD6C6E200AE129B /* Project object */ = {
			isa = PBXProject;
			attributes = {
				BuildIndependentTargetsInParallel = 1;
				LastSwiftUpdateCheck = 1500;
				LastUpgradeCheck = 1500;
				TargetAttributes = {
					DF1599A82AD6C6E200AE129B = {
						CreatedOnToolsVersion = 15.0;
					};
				};
			};
			buildConfigurationList = DF1599A42AD6C6E200AE129B /* Build configuration list for PBXProject "ZZin" */;
			compatibilityVersion = "Xcode 14.0";
			developmentRegion = en;
			hasScannedForEncodings = 0;
			knownRegions = (
				en,
				Base,
			);
			mainGroup = DF1599A02AD6C6E200AE129B;
			packageReferences = (
				DC0D18152AD796F100E188A1 /* XCRemoteSwiftPackageReference "firebase-ios-sdk" */,
				DC0D184C2AD7975000E188A1 /* XCRemoteSwiftPackageReference "SnapKit" */,
				DC0D184F2AD7981500E188A1 /* XCRemoteSwiftPackageReference "Then" */,
			);
			productRefGroup = DF1599AA2AD6C6E200AE129B /* Products */;
			projectDirPath = "";
			projectRoot = "";
			targets = (
				DF1599A82AD6C6E200AE129B /* ZZin */,
			);
		};
/* End PBXProject section */

/* Begin PBXResourcesBuildPhase section */
		DF1599A72AD6C6E200AE129B /* Resources */ = {
			isa = PBXResourcesBuildPhase;
			buildActionMask = 2147483647;
			files = (
				DF1599B92AD6C6E300AE129B /* LaunchScreen.storyboard in Resources */,
				DC095D182AD945C50082B633 /* ogudangdang_review.jpeg in Resources */,
				DF1599B62AD6C6E300AE129B /* Assets.xcassets in Resources */,
				DC0D18142AD794B400E188A1 /* GoogleService-Info.plist in Resources */,
				DC095D162AD944B50082B633 /* ogudangdang.jpeg in Resources */,
			);
			runOnlyForDeploymentPostprocessing = 0;
		};
/* End PBXResourcesBuildPhase section */

/* Begin PBXSourcesBuildPhase section */
		DF1599A52AD6C6E200AE129B /* Sources */ = {
			isa = PBXSourcesBuildPhase;
			buildActionMask = 2147483647;
			files = (
				DF1599CB2AD6CC3C00AE129B /* PostViewController.swift in Sources */,
				DF1599C52AD6C89300AE129B /* SearchViewController.swift in Sources */,
				DF1599B12AD6C6E200AE129B /* ViewController.swift in Sources */,
				DF1599C12AD6C7A300AE129B /* TabBarController.swift in Sources */,
				DF1599AD2AD6C6E200AE129B /* AppDelegate.swift in Sources */,
				DC095D142AD942610082B633 /* Model.swift in Sources */,
				DF1599AF2AD6C6E200AE129B /* SceneDelegate.swift in Sources */,
				DF1599C72AD6C8D600AE129B /* StoryViewController.swift in Sources */,
				DF1599C92AD6C8E400AE129B /* InfoViewController.swift in Sources */,
				FBA7B0AF2ADD742600F79031 /* CostomView.swift in Sources */,
				DF1599C32AD6C86D00AE129B /* MainViewController.swift in Sources */,
			);
			runOnlyForDeploymentPostprocessing = 0;
		};
/* End PBXSourcesBuildPhase section */

/* Begin PBXVariantGroup section */
		DF1599B72AD6C6E300AE129B /* LaunchScreen.storyboard */ = {
			isa = PBXVariantGroup;
			children = (
				DF1599B82AD6C6E300AE129B /* Base */,
			);
			name = LaunchScreen.storyboard;
			sourceTree = "<group>";
		};
/* End PBXVariantGroup section */

/* Begin XCBuildConfiguration section */
		DF1599BB2AD6C6E300AE129B /* Debug */ = {
			isa = XCBuildConfiguration;
			buildSettings = {
				ALWAYS_SEARCH_USER_PATHS = NO;
				ASSETCATALOG_COMPILER_GENERATE_SWIFT_ASSET_SYMBOL_EXTENSIONS = YES;
				CLANG_ANALYZER_NONNULL = YES;
				CLANG_ANALYZER_NUMBER_OBJECT_CONVERSION = YES_AGGRESSIVE;
				CLANG_CXX_LANGUAGE_STANDARD = "gnu++20";
				CLANG_ENABLE_MODULES = YES;
				CLANG_ENABLE_OBJC_ARC = YES;
				CLANG_ENABLE_OBJC_WEAK = YES;
				CLANG_WARN_BLOCK_CAPTURE_AUTORELEASING = YES;
				CLANG_WARN_BOOL_CONVERSION = YES;
				CLANG_WARN_COMMA = YES;
				CLANG_WARN_CONSTANT_CONVERSION = YES;
				CLANG_WARN_DEPRECATED_OBJC_IMPLEMENTATIONS = YES;
				CLANG_WARN_DIRECT_OBJC_ISA_USAGE = YES_ERROR;
				CLANG_WARN_DOCUMENTATION_COMMENTS = YES;
				CLANG_WARN_EMPTY_BODY = YES;
				CLANG_WARN_ENUM_CONVERSION = YES;
				CLANG_WARN_INFINITE_RECURSION = YES;
				CLANG_WARN_INT_CONVERSION = YES;
				CLANG_WARN_NON_LITERAL_NULL_CONVERSION = YES;
				CLANG_WARN_OBJC_IMPLICIT_RETAIN_SELF = YES;
				CLANG_WARN_OBJC_LITERAL_CONVERSION = YES;
				CLANG_WARN_OBJC_ROOT_CLASS = YES_ERROR;
				CLANG_WARN_QUOTED_INCLUDE_IN_FRAMEWORK_HEADER = YES;
				CLANG_WARN_RANGE_LOOP_ANALYSIS = YES;
				CLANG_WARN_STRICT_PROTOTYPES = YES;
				CLANG_WARN_SUSPICIOUS_MOVE = YES;
				CLANG_WARN_UNGUARDED_AVAILABILITY = YES_AGGRESSIVE;
				CLANG_WARN_UNREACHABLE_CODE = YES;
				CLANG_WARN__DUPLICATE_METHOD_MATCH = YES;
				COPY_PHASE_STRIP = NO;
				DEBUG_INFORMATION_FORMAT = dwarf;
				ENABLE_STRICT_OBJC_MSGSEND = YES;
				ENABLE_TESTABILITY = YES;
				ENABLE_USER_SCRIPT_SANDBOXING = YES;
				GCC_C_LANGUAGE_STANDARD = gnu17;
				GCC_DYNAMIC_NO_PIC = NO;
				GCC_NO_COMMON_BLOCKS = YES;
				GCC_OPTIMIZATION_LEVEL = 0;
				GCC_PREPROCESSOR_DEFINITIONS = (
					"DEBUG=1",
					"$(inherited)",
				);
				GCC_WARN_64_TO_32_BIT_CONVERSION = YES;
				GCC_WARN_ABOUT_RETURN_TYPE = YES_ERROR;
				GCC_WARN_UNDECLARED_SELECTOR = YES;
				GCC_WARN_UNINITIALIZED_AUTOS = YES_AGGRESSIVE;
				GCC_WARN_UNUSED_FUNCTION = YES;
				GCC_WARN_UNUSED_VARIABLE = YES;
				IPHONEOS_DEPLOYMENT_TARGET = 17.0;
				LOCALIZATION_PREFERS_STRING_CATALOGS = YES;
				MTL_ENABLE_DEBUG_INFO = INCLUDE_SOURCE;
				MTL_FAST_MATH = YES;
				ONLY_ACTIVE_ARCH = YES;
				SDKROOT = iphoneos;
				SWIFT_ACTIVE_COMPILATION_CONDITIONS = "DEBUG $(inherited)";
				SWIFT_OPTIMIZATION_LEVEL = "-Onone";
			};
			name = Debug;
		};
		DF1599BC2AD6C6E300AE129B /* Release */ = {
			isa = XCBuildConfiguration;
			buildSettings = {
				ALWAYS_SEARCH_USER_PATHS = NO;
				ASSETCATALOG_COMPILER_GENERATE_SWIFT_ASSET_SYMBOL_EXTENSIONS = YES;
				CLANG_ANALYZER_NONNULL = YES;
				CLANG_ANALYZER_NUMBER_OBJECT_CONVERSION = YES_AGGRESSIVE;
				CLANG_CXX_LANGUAGE_STANDARD = "gnu++20";
				CLANG_ENABLE_MODULES = YES;
				CLANG_ENABLE_OBJC_ARC = YES;
				CLANG_ENABLE_OBJC_WEAK = YES;
				CLANG_WARN_BLOCK_CAPTURE_AUTORELEASING = YES;
				CLANG_WARN_BOOL_CONVERSION = YES;
				CLANG_WARN_COMMA = YES;
				CLANG_WARN_CONSTANT_CONVERSION = YES;
				CLANG_WARN_DEPRECATED_OBJC_IMPLEMENTATIONS = YES;
				CLANG_WARN_DIRECT_OBJC_ISA_USAGE = YES_ERROR;
				CLANG_WARN_DOCUMENTATION_COMMENTS = YES;
				CLANG_WARN_EMPTY_BODY = YES;
				CLANG_WARN_ENUM_CONVERSION = YES;
				CLANG_WARN_INFINITE_RECURSION = YES;
				CLANG_WARN_INT_CONVERSION = YES;
				CLANG_WARN_NON_LITERAL_NULL_CONVERSION = YES;
				CLANG_WARN_OBJC_IMPLICIT_RETAIN_SELF = YES;
				CLANG_WARN_OBJC_LITERAL_CONVERSION = YES;
				CLANG_WARN_OBJC_ROOT_CLASS = YES_ERROR;
				CLANG_WARN_QUOTED_INCLUDE_IN_FRAMEWORK_HEADER = YES;
				CLANG_WARN_RANGE_LOOP_ANALYSIS = YES;
				CLANG_WARN_STRICT_PROTOTYPES = YES;
				CLANG_WARN_SUSPICIOUS_MOVE = YES;
				CLANG_WARN_UNGUARDED_AVAILABILITY = YES_AGGRESSIVE;
				CLANG_WARN_UNREACHABLE_CODE = YES;
				CLANG_WARN__DUPLICATE_METHOD_MATCH = YES;
				COPY_PHASE_STRIP = NO;
				DEBUG_INFORMATION_FORMAT = "dwarf-with-dsym";
				ENABLE_NS_ASSERTIONS = NO;
				ENABLE_STRICT_OBJC_MSGSEND = YES;
				ENABLE_USER_SCRIPT_SANDBOXING = YES;
				GCC_C_LANGUAGE_STANDARD = gnu17;
				GCC_NO_COMMON_BLOCKS = YES;
				GCC_WARN_64_TO_32_BIT_CONVERSION = YES;
				GCC_WARN_ABOUT_RETURN_TYPE = YES_ERROR;
				GCC_WARN_UNDECLARED_SELECTOR = YES;
				GCC_WARN_UNINITIALIZED_AUTOS = YES_AGGRESSIVE;
				GCC_WARN_UNUSED_FUNCTION = YES;
				GCC_WARN_UNUSED_VARIABLE = YES;
				IPHONEOS_DEPLOYMENT_TARGET = 17.0;
				LOCALIZATION_PREFERS_STRING_CATALOGS = YES;
				MTL_ENABLE_DEBUG_INFO = NO;
				MTL_FAST_MATH = YES;
				SDKROOT = iphoneos;
				SWIFT_COMPILATION_MODE = wholemodule;
				VALIDATE_PRODUCT = YES;
			};
			name = Release;
		};
		DF1599BE2AD6C6E300AE129B /* Debug */ = {
			isa = XCBuildConfiguration;
			buildSettings = {
				ASSETCATALOG_COMPILER_APPICON_NAME = AppIcon;
				ASSETCATALOG_COMPILER_GLOBAL_ACCENT_COLOR_NAME = AccentColor;
				CODE_SIGN_STYLE = Automatic;
				CURRENT_PROJECT_VERSION = 1;
				GENERATE_INFOPLIST_FILE = YES;
				INFOPLIST_FILE = ZZin/Info.plist;
				INFOPLIST_KEY_UIApplicationSupportsIndirectInputEvents = YES;
				INFOPLIST_KEY_UILaunchStoryboardName = LaunchScreen;
				INFOPLIST_KEY_UISupportedInterfaceOrientations_iPad = "UIInterfaceOrientationPortrait UIInterfaceOrientationPortraitUpsideDown UIInterfaceOrientationLandscapeLeft UIInterfaceOrientationLandscapeRight";
				INFOPLIST_KEY_UISupportedInterfaceOrientations_iPhone = "UIInterfaceOrientationPortrait UIInterfaceOrientationLandscapeLeft UIInterfaceOrientationLandscapeRight";
				LD_RUNPATH_SEARCH_PATHS = (
					"$(inherited)",
					"@executable_path/Frameworks",
				);
				MARKETING_VERSION = 1.0;
				PRODUCT_BUNDLE_IDENTIFIER = com.ddobaegi.ZZin;
				PRODUCT_NAME = "$(TARGET_NAME)";
				SWIFT_EMIT_LOC_STRINGS = YES;
				SWIFT_VERSION = 5.0;
				TARGETED_DEVICE_FAMILY = "1,2";
			};
			name = Debug;
		};
		DF1599BF2AD6C6E300AE129B /* Release */ = {
			isa = XCBuildConfiguration;
			buildSettings = {
				ASSETCATALOG_COMPILER_APPICON_NAME = AppIcon;
				ASSETCATALOG_COMPILER_GLOBAL_ACCENT_COLOR_NAME = AccentColor;
				CODE_SIGN_STYLE = Automatic;
				CURRENT_PROJECT_VERSION = 1;
				GENERATE_INFOPLIST_FILE = YES;
				INFOPLIST_FILE = ZZin/Info.plist;
				INFOPLIST_KEY_UIApplicationSupportsIndirectInputEvents = YES;
				INFOPLIST_KEY_UILaunchStoryboardName = LaunchScreen;
				INFOPLIST_KEY_UISupportedInterfaceOrientations_iPad = "UIInterfaceOrientationPortrait UIInterfaceOrientationPortraitUpsideDown UIInterfaceOrientationLandscapeLeft UIInterfaceOrientationLandscapeRight";
				INFOPLIST_KEY_UISupportedInterfaceOrientations_iPhone = "UIInterfaceOrientationPortrait UIInterfaceOrientationLandscapeLeft UIInterfaceOrientationLandscapeRight";
				LD_RUNPATH_SEARCH_PATHS = (
					"$(inherited)",
					"@executable_path/Frameworks",
				);
				MARKETING_VERSION = 1.0;
				PRODUCT_BUNDLE_IDENTIFIER = com.ddobaegi.ZZin;
				PRODUCT_NAME = "$(TARGET_NAME)";
				SWIFT_EMIT_LOC_STRINGS = YES;
				SWIFT_VERSION = 5.0;
				TARGETED_DEVICE_FAMILY = "1,2";
			};
			name = Release;
		};
/* End XCBuildConfiguration section */

/* Begin XCConfigurationList section */
		DF1599A42AD6C6E200AE129B /* Build configuration list for PBXProject "ZZin" */ = {
			isa = XCConfigurationList;
			buildConfigurations = (
				DF1599BB2AD6C6E300AE129B /* Debug */,
				DF1599BC2AD6C6E300AE129B /* Release */,
			);
			defaultConfigurationIsVisible = 0;
			defaultConfigurationName = Release;
		};
		DF1599BD2AD6C6E300AE129B /* Build configuration list for PBXNativeTarget "ZZin" */ = {
			isa = XCConfigurationList;
			buildConfigurations = (
				DF1599BE2AD6C6E300AE129B /* Debug */,
				DF1599BF2AD6C6E300AE129B /* Release */,
			);
			defaultConfigurationIsVisible = 0;
			defaultConfigurationName = Release;
		};
/* End XCConfigurationList section */

/* Begin XCRemoteSwiftPackageReference section */
		DC0D18152AD796F100E188A1 /* XCRemoteSwiftPackageReference "firebase-ios-sdk" */ = {
			isa = XCRemoteSwiftPackageReference;
			repositoryURL = "https://github.com/firebase/firebase-ios-sdk";
			requirement = {
				kind = upToNextMajorVersion;
				minimumVersion = 10.16.0;
			};
		};
		DC0D184C2AD7975000E188A1 /* XCRemoteSwiftPackageReference "SnapKit" */ = {
			isa = XCRemoteSwiftPackageReference;
			repositoryURL = "https://github.com/SnapKit/SnapKit.git";
			requirement = {
				kind = upToNextMajorVersion;
				minimumVersion = 5.6.0;
			};
		};
		DC0D184F2AD7981500E188A1 /* XCRemoteSwiftPackageReference "Then" */ = {
			isa = XCRemoteSwiftPackageReference;
			repositoryURL = "https://github.com/devxoul/Then.git";
			requirement = {
				kind = upToNextMajorVersion;
				minimumVersion = 3.0.0;
			};
		};
/* End XCRemoteSwiftPackageReference section */

/* Begin XCSwiftPackageProductDependency section */
		DC0D18162AD796F100E188A1 /* FirebaseAnalytics */ = {
			isa = XCSwiftPackageProductDependency;
			package = DC0D18152AD796F100E188A1 /* XCRemoteSwiftPackageReference "firebase-ios-sdk" */;
			productName = FirebaseAnalytics;
		};
		DC0D18182AD796F100E188A1 /* FirebaseAnalyticsOnDeviceConversion */ = {
			isa = XCSwiftPackageProductDependency;
			package = DC0D18152AD796F100E188A1 /* XCRemoteSwiftPackageReference "firebase-ios-sdk" */;
			productName = FirebaseAnalyticsOnDeviceConversion;
		};
		DC0D181A2AD796F100E188A1 /* FirebaseAnalyticsSwift */ = {
			isa = XCSwiftPackageProductDependency;
			package = DC0D18152AD796F100E188A1 /* XCRemoteSwiftPackageReference "firebase-ios-sdk" */;
			productName = FirebaseAnalyticsSwift;
		};
		DC0D181C2AD796F100E188A1 /* FirebaseAnalyticsWithoutAdIdSupport */ = {
			isa = XCSwiftPackageProductDependency;
			package = DC0D18152AD796F100E188A1 /* XCRemoteSwiftPackageReference "firebase-ios-sdk" */;
			productName = FirebaseAnalyticsWithoutAdIdSupport;
		};
		DC0D181E2AD796F100E188A1 /* FirebaseAppCheck */ = {
			isa = XCSwiftPackageProductDependency;
			package = DC0D18152AD796F100E188A1 /* XCRemoteSwiftPackageReference "firebase-ios-sdk" */;
			productName = FirebaseAppCheck;
		};
		DC0D18202AD796F100E188A1 /* FirebaseAppDistribution-Beta */ = {
			isa = XCSwiftPackageProductDependency;
			package = DC0D18152AD796F100E188A1 /* XCRemoteSwiftPackageReference "firebase-ios-sdk" */;
			productName = "FirebaseAppDistribution-Beta";
		};
		DC0D18222AD796F100E188A1 /* FirebaseAuth */ = {
			isa = XCSwiftPackageProductDependency;
			package = DC0D18152AD796F100E188A1 /* XCRemoteSwiftPackageReference "firebase-ios-sdk" */;
			productName = FirebaseAuth;
		};
		DC0D18242AD796F100E188A1 /* FirebaseAuthCombine-Community */ = {
			isa = XCSwiftPackageProductDependency;
			package = DC0D18152AD796F100E188A1 /* XCRemoteSwiftPackageReference "firebase-ios-sdk" */;
			productName = "FirebaseAuthCombine-Community";
		};
		DC0D18262AD796F100E188A1 /* FirebaseCrashlytics */ = {
			isa = XCSwiftPackageProductDependency;
			package = DC0D18152AD796F100E188A1 /* XCRemoteSwiftPackageReference "firebase-ios-sdk" */;
			productName = FirebaseCrashlytics;
		};
		DC0D18282AD796F100E188A1 /* FirebaseDatabase */ = {
			isa = XCSwiftPackageProductDependency;
			package = DC0D18152AD796F100E188A1 /* XCRemoteSwiftPackageReference "firebase-ios-sdk" */;
			productName = FirebaseDatabase;
		};
		DC0D182A2AD796F100E188A1 /* FirebaseDatabaseSwift */ = {
			isa = XCSwiftPackageProductDependency;
			package = DC0D18152AD796F100E188A1 /* XCRemoteSwiftPackageReference "firebase-ios-sdk" */;
			productName = FirebaseDatabaseSwift;
		};
		DC0D182C2AD796F100E188A1 /* FirebaseDynamicLinks */ = {
			isa = XCSwiftPackageProductDependency;
			package = DC0D18152AD796F100E188A1 /* XCRemoteSwiftPackageReference "firebase-ios-sdk" */;
			productName = FirebaseDynamicLinks;
		};
		DC0D182E2AD796F100E188A1 /* FirebaseFirestore */ = {
			isa = XCSwiftPackageProductDependency;
			package = DC0D18152AD796F100E188A1 /* XCRemoteSwiftPackageReference "firebase-ios-sdk" */;
			productName = FirebaseFirestore;
		};
		DC0D18302AD796F100E188A1 /* FirebaseFirestoreCombine-Community */ = {
			isa = XCSwiftPackageProductDependency;
			package = DC0D18152AD796F100E188A1 /* XCRemoteSwiftPackageReference "firebase-ios-sdk" */;
			productName = "FirebaseFirestoreCombine-Community";
		};
		DC0D18322AD796F100E188A1 /* FirebaseFirestoreSwift */ = {
			isa = XCSwiftPackageProductDependency;
			package = DC0D18152AD796F100E188A1 /* XCRemoteSwiftPackageReference "firebase-ios-sdk" */;
			productName = FirebaseFirestoreSwift;
		};
		DC0D18342AD796F100E188A1 /* FirebaseFunctions */ = {
			isa = XCSwiftPackageProductDependency;
			package = DC0D18152AD796F100E188A1 /* XCRemoteSwiftPackageReference "firebase-ios-sdk" */;
			productName = FirebaseFunctions;
		};
		DC0D18362AD796F100E188A1 /* FirebaseFunctionsCombine-Community */ = {
			isa = XCSwiftPackageProductDependency;
			package = DC0D18152AD796F100E188A1 /* XCRemoteSwiftPackageReference "firebase-ios-sdk" */;
			productName = "FirebaseFunctionsCombine-Community";
		};
		DC0D18382AD796F100E188A1 /* FirebaseInAppMessaging-Beta */ = {
			isa = XCSwiftPackageProductDependency;
			package = DC0D18152AD796F100E188A1 /* XCRemoteSwiftPackageReference "firebase-ios-sdk" */;
			productName = "FirebaseInAppMessaging-Beta";
		};
		DC0D183A2AD796F100E188A1 /* FirebaseInAppMessagingSwift-Beta */ = {
			isa = XCSwiftPackageProductDependency;
			package = DC0D18152AD796F100E188A1 /* XCRemoteSwiftPackageReference "firebase-ios-sdk" */;
			productName = "FirebaseInAppMessagingSwift-Beta";
		};
		DC0D183C2AD796F100E188A1 /* FirebaseInstallations */ = {
			isa = XCSwiftPackageProductDependency;
			package = DC0D18152AD796F100E188A1 /* XCRemoteSwiftPackageReference "firebase-ios-sdk" */;
			productName = FirebaseInstallations;
		};
		DC0D183E2AD796F100E188A1 /* FirebaseMLModelDownloader */ = {
			isa = XCSwiftPackageProductDependency;
			package = DC0D18152AD796F100E188A1 /* XCRemoteSwiftPackageReference "firebase-ios-sdk" */;
			productName = FirebaseMLModelDownloader;
		};
		DC0D18402AD796F100E188A1 /* FirebaseMessaging */ = {
			isa = XCSwiftPackageProductDependency;
			package = DC0D18152AD796F100E188A1 /* XCRemoteSwiftPackageReference "firebase-ios-sdk" */;
			productName = FirebaseMessaging;
		};
		DC0D18422AD796F100E188A1 /* FirebasePerformance */ = {
			isa = XCSwiftPackageProductDependency;
			package = DC0D18152AD796F100E188A1 /* XCRemoteSwiftPackageReference "firebase-ios-sdk" */;
			productName = FirebasePerformance;
		};
		DC0D18442AD796F100E188A1 /* FirebaseRemoteConfig */ = {
			isa = XCSwiftPackageProductDependency;
			package = DC0D18152AD796F100E188A1 /* XCRemoteSwiftPackageReference "firebase-ios-sdk" */;
			productName = FirebaseRemoteConfig;
		};
		DC0D18462AD796F100E188A1 /* FirebaseRemoteConfigSwift */ = {
			isa = XCSwiftPackageProductDependency;
			package = DC0D18152AD796F100E188A1 /* XCRemoteSwiftPackageReference "firebase-ios-sdk" */;
			productName = FirebaseRemoteConfigSwift;
		};
		DC0D18482AD796F100E188A1 /* FirebaseStorage */ = {
			isa = XCSwiftPackageProductDependency;
			package = DC0D18152AD796F100E188A1 /* XCRemoteSwiftPackageReference "firebase-ios-sdk" */;
			productName = FirebaseStorage;
		};
		DC0D184A2AD796F100E188A1 /* FirebaseStorageCombine-Community */ = {
			isa = XCSwiftPackageProductDependency;
			package = DC0D18152AD796F100E188A1 /* XCRemoteSwiftPackageReference "firebase-ios-sdk" */;
			productName = "FirebaseStorageCombine-Community";
		};
		DC0D184D2AD7975000E188A1 /* SnapKit */ = {
			isa = XCSwiftPackageProductDependency;
			package = DC0D184C2AD7975000E188A1 /* XCRemoteSwiftPackageReference "SnapKit" */;
			productName = SnapKit;
		};
		DC0D18502AD7981500E188A1 /* Then */ = {
			isa = XCSwiftPackageProductDependency;
			package = DC0D184F2AD7981500E188A1 /* XCRemoteSwiftPackageReference "Then" */;
			productName = Then;
		};
/* End XCSwiftPackageProductDependency section */
	};
	rootObject = DF1599A12AD6C6E200AE129B /* Project object */;
}
